// !$*UTF8*$!
{
	archiveVersion = 1;
	classes = {
	};
	objectVersion = 46;
	objects = {

/* Begin PBXBuildFile section */
		200328D3161722E200816758 /* Default-568h@2x.png in Resources */ = {isa = PBXBuildFile; fileRef = 200328D2161722E200816758 /* Default-568h@2x.png */; };
		200450CB157E0A6E00708E03 /* OperaViewController.m in Sources */ = {isa = PBXBuildFile; fileRef = 200450CA157E0A6E00708E03 /* OperaViewController.m */; };
		200450CF157E0C9100708E03 /* ArtWork.m in Sources */ = {isa = PBXBuildFile; fileRef = 200450CE157E0C9100708E03 /* ArtWork.m */; };
		200E136F149F88B300780689 /* Mood.m in Sources */ = {isa = PBXBuildFile; fileRef = 200E136E149F88B300780689 /* Mood.m */; };
		2021FCE8164A9DD900DEA17A /* NSString+Date.m in Sources */ = {isa = PBXBuildFile; fileRef = 2021FCE7164A9DD900DEA17A /* NSString+Date.m */; };
		202208C9149A56D200686C86 /* libz.dylib in Frameworks */ = {isa = PBXBuildFile; fileRef = 202208C8149A56D200686C86 /* libz.dylib */; };
		202B8BC61602269E008CF5EE /* ProfileViewController.m in Sources */ = {isa = PBXBuildFile; fileRef = 202B8BC51602269E008CF5EE /* ProfileViewController.m */; };
		202B8BC816023816008CF5EE /* select-location.png in Resources */ = {isa = PBXBuildFile; fileRef = 202B8BC716023815008CF5EE /* select-location.png */; };
		20304B3615F9EE920079FF13 /* LoginViewController.m in Sources */ = {isa = PBXBuildFile; fileRef = 20304B3515F9EE920079FF13 /* LoginViewController.m */; };
		2040F04116354A7B000DD7AF /* NSObject+MGEvents.m in Sources */ = {isa = PBXBuildFile; fileRef = 2040F02816354A7B000DD7AF /* NSObject+MGEvents.m */; };
		2040F04216354A7B000DD7AF /* UIControl+MGEvents.m in Sources */ = {isa = PBXBuildFile; fileRef = 2040F02A16354A7B000DD7AF /* UIControl+MGEvents.m */; };
		2040F04316354A7B000DD7AF /* UIResponder+FirstResponder.m in Sources */ = {isa = PBXBuildFile; fileRef = 2040F02C16354A7B000DD7AF /* UIResponder+FirstResponder.m */; };
		2040F04416354A7B000DD7AF /* UIView+MGEasyFrame.m in Sources */ = {isa = PBXBuildFile; fileRef = 2040F02E16354A7B000DD7AF /* UIView+MGEasyFrame.m */; };
		2040F04516354A7B000DD7AF /* MGBlockWrapper.m in Sources */ = {isa = PBXBuildFile; fileRef = 2040F03116354A7B000DD7AF /* MGBlockWrapper.m */; };
		2040F04616354A7B000DD7AF /* MGBox.m in Sources */ = {isa = PBXBuildFile; fileRef = 2040F03316354A7B000DD7AF /* MGBox.m */; };
		2040F04716354A7B000DD7AF /* MGButton.m in Sources */ = {isa = PBXBuildFile; fileRef = 2040F03516354A7B000DD7AF /* MGButton.m */; };
		2040F04816354A7B000DD7AF /* MGLayoutManager.m in Sources */ = {isa = PBXBuildFile; fileRef = 2040F03816354A7B000DD7AF /* MGLayoutManager.m */; };
		2040F04916354A7B000DD7AF /* MGLine.m in Sources */ = {isa = PBXBuildFile; fileRef = 2040F03A16354A7B000DD7AF /* MGLine.m */; };
		2040F04A16354A7B000DD7AF /* MGScrollView.m in Sources */ = {isa = PBXBuildFile; fileRef = 2040F03C16354A7B000DD7AF /* MGScrollView.m */; };
		2040F04B16354A7B000DD7AF /* MGTableBox.m in Sources */ = {isa = PBXBuildFile; fileRef = 2040F03E16354A7B000DD7AF /* MGTableBox.m */; };
		2040F04C16354A7B000DD7AF /* MGTableBoxStyled.m in Sources */ = {isa = PBXBuildFile; fileRef = 2040F04016354A7B000DD7AF /* MGTableBoxStyled.m */; };
		2040F04F16354D3F000DD7AF /* PhotoBox.m in Sources */ = {isa = PBXBuildFile; fileRef = 2040F04E16354D3F000DD7AF /* PhotoBox.m */; };
		2040F08016382146000DD7AF /* AFHTTPClient.m in Sources */ = {isa = PBXBuildFile; fileRef = 2040F05216382146000DD7AF /* AFHTTPClient.m */; };
		2040F08116382146000DD7AF /* AFHTTPRequestOperation.m in Sources */ = {isa = PBXBuildFile; fileRef = 2040F05416382146000DD7AF /* AFHTTPRequestOperation.m */; };
		2040F08216382146000DD7AF /* AFImageRequestOperation.m in Sources */ = {isa = PBXBuildFile; fileRef = 2040F05616382146000DD7AF /* AFImageRequestOperation.m */; };
		2040F08316382146000DD7AF /* AFJSONRequestOperation.m in Sources */ = {isa = PBXBuildFile; fileRef = 2040F05816382146000DD7AF /* AFJSONRequestOperation.m */; };
		2040F08416382146000DD7AF /* AFJSONUtilities.m in Sources */ = {isa = PBXBuildFile; fileRef = 2040F05A16382146000DD7AF /* AFJSONUtilities.m */; };
		2040F08516382146000DD7AF /* AFNetworkActivityIndicatorManager.m in Sources */ = {isa = PBXBuildFile; fileRef = 2040F05C16382146000DD7AF /* AFNetworkActivityIndicatorManager.m */; };
		2040F08616382146000DD7AF /* AFPropertyListRequestOperation.m in Sources */ = {isa = PBXBuildFile; fileRef = 2040F05F16382146000DD7AF /* AFPropertyListRequestOperation.m */; };
		2040F08716382146000DD7AF /* AFURLConnectionOperation.m in Sources */ = {isa = PBXBuildFile; fileRef = 2040F06116382146000DD7AF /* AFURLConnectionOperation.m */; };
		2040F08816382146000DD7AF /* AFXMLRequestOperation.m in Sources */ = {isa = PBXBuildFile; fileRef = 2040F06316382146000DD7AF /* AFXMLRequestOperation.m */; };
		2040F08916382146000DD7AF /* NSObject+SBJson.m in Sources */ = {isa = PBXBuildFile; fileRef = 2040F06616382146000DD7AF /* NSObject+SBJson.m */; };
		2040F08A16382146000DD7AF /* SBJsonParser.m in Sources */ = {isa = PBXBuildFile; fileRef = 2040F06916382146000DD7AF /* SBJsonParser.m */; };
		2040F08B16382146000DD7AF /* SBJsonStreamParser.m in Sources */ = {isa = PBXBuildFile; fileRef = 2040F06B16382146000DD7AF /* SBJsonStreamParser.m */; };
		2040F08C16382146000DD7AF /* SBJsonStreamParserAccumulator.m in Sources */ = {isa = PBXBuildFile; fileRef = 2040F06D16382146000DD7AF /* SBJsonStreamParserAccumulator.m */; };
		2040F08D16382146000DD7AF /* SBJsonStreamParserAdapter.m in Sources */ = {isa = PBXBuildFile; fileRef = 2040F06F16382146000DD7AF /* SBJsonStreamParserAdapter.m */; };
		2040F08E16382146000DD7AF /* SBJsonStreamParserState.m in Sources */ = {isa = PBXBuildFile; fileRef = 2040F07116382146000DD7AF /* SBJsonStreamParserState.m */; };
		2040F08F16382146000DD7AF /* SBJsonStreamWriter.m in Sources */ = {isa = PBXBuildFile; fileRef = 2040F07316382146000DD7AF /* SBJsonStreamWriter.m */; };
		2040F09016382146000DD7AF /* SBJsonStreamWriterAccumulator.m in Sources */ = {isa = PBXBuildFile; fileRef = 2040F07516382146000DD7AF /* SBJsonStreamWriterAccumulator.m */; };
		2040F09116382146000DD7AF /* SBJsonStreamWriterState.m in Sources */ = {isa = PBXBuildFile; fileRef = 2040F07716382146000DD7AF /* SBJsonStreamWriterState.m */; };
		2040F09216382146000DD7AF /* SBJsonTokeniser.m in Sources */ = {isa = PBXBuildFile; fileRef = 2040F07916382146000DD7AF /* SBJsonTokeniser.m */; };
		2040F09316382146000DD7AF /* SBJsonUTF8Stream.m in Sources */ = {isa = PBXBuildFile; fileRef = 2040F07B16382146000DD7AF /* SBJsonUTF8Stream.m */; };
		2040F09416382146000DD7AF /* SBJsonWriter.m in Sources */ = {isa = PBXBuildFile; fileRef = 2040F07D16382146000DD7AF /* SBJsonWriter.m */; };
		2040F09516382146000DD7AF /* UIImageView+AFNetworking.m in Sources */ = {isa = PBXBuildFile; fileRef = 2040F07F16382146000DD7AF /* UIImageView+AFNetworking.m */; };
		2043878A161991D600A1A7B3 /* Accounts.framework in Frameworks */ = {isa = PBXBuildFile; fileRef = 20438789161991D600A1A7B3 /* Accounts.framework */; settings = {ATTRIBUTES = (Weak, ); }; };
		2043878D161991DB00A1A7B3 /* Social.framework in Frameworks */ = {isa = PBXBuildFile; fileRef = 2043878C161991DB00A1A7B3 /* Social.framework */; settings = {ATTRIBUTES = (Weak, ); }; };
		2043878F161991E100A1A7B3 /* AdSupport.framework in Frameworks */ = {isa = PBXBuildFile; fileRef = 2043878E161991E100A1A7B3 /* AdSupport.framework */; settings = {ATTRIBUTES = (Weak, ); }; };
		204387911619922000A1A7B3 /* FacebookSDK.framework in Frameworks */ = {isa = PBXBuildFile; fileRef = 204387901619922000A1A7B3 /* FacebookSDK.framework */; };
		204387931619922C00A1A7B3 /* FacebookSDKResources.bundle in Resources */ = {isa = PBXBuildFile; fileRef = 204387921619922C00A1A7B3 /* FacebookSDKResources.bundle */; };
		2054947915B5A7F700B781DD /* API.m in Sources */ = {isa = PBXBuildFile; fileRef = 2054947615B59F8900B781DD /* API.m */; };
		2054948315B5A8F600B781DD /* UIImage+Resize.m in Sources */ = {isa = PBXBuildFile; fileRef = 2054947C15B5A8F600B781DD /* UIImage+Resize.m */; };
		2054948415B5A8F600B781DD /* UIImage+Alpha.m in Sources */ = {isa = PBXBuildFile; fileRef = 2054947F15B5A8F600B781DD /* UIImage+Alpha.m */; };
		2054948515B5A8F600B781DD /* UIImage+RoundedCorner.m in Sources */ = {isa = PBXBuildFile; fileRef = 2054948015B5A8F600B781DD /* UIImage+RoundedCorner.m */; };
		2054948615B5A8F600B781DD /* UIAlertView+error.m in Sources */ = {isa = PBXBuildFile; fileRef = 2054948115B5A8F600B781DD /* UIAlertView+error.m */; };
		2058DC0514975AF200E3B0B1 /* UIKit.framework in Frameworks */ = {isa = PBXBuildFile; fileRef = 2058DC0414975AF200E3B0B1 /* UIKit.framework */; };
		2058DC0714975AF200E3B0B1 /* Foundation.framework in Frameworks */ = {isa = PBXBuildFile; fileRef = 2058DC0614975AF200E3B0B1 /* Foundation.framework */; };
		2058DC0914975AF200E3B0B1 /* CoreGraphics.framework in Frameworks */ = {isa = PBXBuildFile; fileRef = 2058DC0814975AF200E3B0B1 /* CoreGraphics.framework */; };
		2058DC0F14975AF200E3B0B1 /* InfoPlist.strings in Resources */ = {isa = PBXBuildFile; fileRef = 2058DC0D14975AF200E3B0B1 /* InfoPlist.strings */; };
		2058DC1114975AF200E3B0B1 /* main.m in Sources */ = {isa = PBXBuildFile; fileRef = 2058DC1014975AF200E3B0B1 /* main.m */; };
		2058DC1514975AF300E3B0B1 /* AppDelegate.m in Sources */ = {isa = PBXBuildFile; fileRef = 2058DC1414975AF300E3B0B1 /* AppDelegate.m */; };
		2058DC1814975AF300E3B0B1 /* MainStoryboard_iPhone.storyboard in Resources */ = {isa = PBXBuildFile; fileRef = 2058DC1614975AF300E3B0B1 /* MainStoryboard_iPhone.storyboard */; };
		2058DC2014975AF300E3B0B1 /* first.png in Resources */ = {isa = PBXBuildFile; fileRef = 2058DC1F14975AF300E3B0B1 /* first.png */; };
		2058DC2214975AF300E3B0B1 /* first@2x.png in Resources */ = {isa = PBXBuildFile; fileRef = 2058DC2114975AF300E3B0B1 /* first@2x.png */; };
		2058DC2714975AF300E3B0B1 /* second.png in Resources */ = {isa = PBXBuildFile; fileRef = 2058DC2614975AF300E3B0B1 /* second.png */; };
		2058DC2914975AF300E3B0B1 /* second@2x.png in Resources */ = {isa = PBXBuildFile; fileRef = 2058DC2814975AF300E3B0B1 /* second@2x.png */; };
		2058DC3114975AF300E3B0B1 /* SenTestingKit.framework in Frameworks */ = {isa = PBXBuildFile; fileRef = 2058DC3014975AF300E3B0B1 /* SenTestingKit.framework */; };
		2058DC3214975AF300E3B0B1 /* UIKit.framework in Frameworks */ = {isa = PBXBuildFile; fileRef = 2058DC0414975AF200E3B0B1 /* UIKit.framework */; };
		2058DC3314975AF300E3B0B1 /* Foundation.framework in Frameworks */ = {isa = PBXBuildFile; fileRef = 2058DC0614975AF200E3B0B1 /* Foundation.framework */; };
		2058DC3B14975AF300E3B0B1 /* InfoPlist.strings in Resources */ = {isa = PBXBuildFile; fileRef = 2058DC3914975AF300E3B0B1 /* InfoPlist.strings */; };
		2058DC3E14975AF300E3B0B1 /* SocialMuseumTests.m in Sources */ = {isa = PBXBuildFile; fileRef = 2058DC3D14975AF300E3B0B1 /* SocialMuseumTests.m */; };
		205D9106162ACBE500F65CF0 /* consigli.png in Resources */ = {isa = PBXBuildFile; fileRef = 205D9105162ACBE500F65CF0 /* consigli.png */; };
		206763E815C98BB400447E72 /* PullToRefreshView.m in Sources */ = {isa = PBXBuildFile; fileRef = 206763E715C98BB300447E72 /* PullToRefreshView.m */; };
		207EE7F415C03E440085F153 /* location@2x.png in Resources */ = {isa = PBXBuildFile; fileRef = 207EE7F315C03E440085F153 /* location@2x.png */; };
		207EE7F715C03F020085F153 /* location.png in Resources */ = {isa = PBXBuildFile; fileRef = 207EE7F615C03F020085F153 /* location.png */; };
		208D888815B6BBC90018BE2F /* placeholder.png in Resources */ = {isa = PBXBuildFile; fileRef = 208D888715B6BBC90018BE2F /* placeholder.png */; };
		208D888B15B6BE280018BE2F /* StreamScreen.m in Sources */ = {isa = PBXBuildFile; fileRef = 208D888A15B6BE280018BE2F /* StreamScreen.m */; };
		208D888E15B6C09D0018BE2F /* PhotoView.m in Sources */ = {isa = PBXBuildFile; fileRef = 208D888D15B6C09D0018BE2F /* PhotoView.m */; };
		208D889115B6C0C00018BE2F /* StreamPhotoScreen.m in Sources */ = {isa = PBXBuildFile; fileRef = 208D889015B6C0BF0018BE2F /* StreamPhotoScreen.m */; };
		208D889715B6C0D90018BE2F /* PhotoScreen.m in Sources */ = {isa = PBXBuildFile; fileRef = 208D889515B6C0D90018BE2F /* PhotoScreen.m */; };
		208D889915B6C0FE0018BE2F /* CoreImage.framework in Frameworks */ = {isa = PBXBuildFile; fileRef = 208D889815B6C0FE0018BE2F /* CoreImage.framework */; };
		208EEDDB15C13B96000F5E76 /* ChunkViewController.m in Sources */ = {isa = PBXBuildFile; fileRef = 208EEDDA15C13B96000F5E76 /* ChunkViewController.m */; };
		208FC33D1610713C00418BB8 /* placeholder2.png in Resources */ = {isa = PBXBuildFile; fileRef = 208FC33C1610713C00418BB8 /* placeholder2.png */; };
		20BD117D14A0A7C200B0F775 /* 1Star.png in Resources */ = {isa = PBXBuildFile; fileRef = 20BD116514A0A7C200B0F775 /* 1Star.png */; };
		20BD117E14A0A7C200B0F775 /* 1Star@2x.png in Resources */ = {isa = PBXBuildFile; fileRef = 20BD116614A0A7C200B0F775 /* 1Star@2x.png */; };
		20BD117F14A0A7C200B0F775 /* 1StarSmall.png in Resources */ = {isa = PBXBuildFile; fileRef = 20BD116714A0A7C200B0F775 /* 1StarSmall.png */; };
		20BD118014A0A7C200B0F775 /* 1StarSmall@2x.png in Resources */ = {isa = PBXBuildFile; fileRef = 20BD116814A0A7C200B0F775 /* 1StarSmall@2x.png */; };
		20BD118114A0A7C200B0F775 /* 2Stars.png in Resources */ = {isa = PBXBuildFile; fileRef = 20BD116914A0A7C200B0F775 /* 2Stars.png */; };
		20BD118214A0A7C200B0F775 /* 2Stars@2x.png in Resources */ = {isa = PBXBuildFile; fileRef = 20BD116A14A0A7C200B0F775 /* 2Stars@2x.png */; };
		20BD118314A0A7C200B0F775 /* 2StarsSmall.png in Resources */ = {isa = PBXBuildFile; fileRef = 20BD116B14A0A7C200B0F775 /* 2StarsSmall.png */; };
		20BD118414A0A7C200B0F775 /* 2StarsSmall@2x.png in Resources */ = {isa = PBXBuildFile; fileRef = 20BD116C14A0A7C200B0F775 /* 2StarsSmall@2x.png */; };
		20BD118514A0A7C200B0F775 /* 3Stars.png in Resources */ = {isa = PBXBuildFile; fileRef = 20BD116D14A0A7C200B0F775 /* 3Stars.png */; };
		20BD118614A0A7C200B0F775 /* 3Stars@2x.png in Resources */ = {isa = PBXBuildFile; fileRef = 20BD116E14A0A7C200B0F775 /* 3Stars@2x.png */; };
		20BD118714A0A7C200B0F775 /* 3StarsSmall.png in Resources */ = {isa = PBXBuildFile; fileRef = 20BD116F14A0A7C200B0F775 /* 3StarsSmall.png */; };
		20BD118814A0A7C200B0F775 /* 3StarsSmall@2x.png in Resources */ = {isa = PBXBuildFile; fileRef = 20BD117014A0A7C200B0F775 /* 3StarsSmall@2x.png */; };
		20BD118914A0A7C200B0F775 /* 4Stars.png in Resources */ = {isa = PBXBuildFile; fileRef = 20BD117114A0A7C200B0F775 /* 4Stars.png */; };
		20BD118A14A0A7C200B0F775 /* 4Stars@2x.png in Resources */ = {isa = PBXBuildFile; fileRef = 20BD117214A0A7C200B0F775 /* 4Stars@2x.png */; };
		20BD118B14A0A7C200B0F775 /* 4StarsSmall.png in Resources */ = {isa = PBXBuildFile; fileRef = 20BD117314A0A7C200B0F775 /* 4StarsSmall.png */; };
		20BD118C14A0A7C200B0F775 /* 4StarsSmall@2x.png in Resources */ = {isa = PBXBuildFile; fileRef = 20BD117414A0A7C200B0F775 /* 4StarsSmall@2x.png */; };
		20BD118D14A0A7C200B0F775 /* 5Stars.png in Resources */ = {isa = PBXBuildFile; fileRef = 20BD117514A0A7C200B0F775 /* 5Stars.png */; };
		20BD118E14A0A7C200B0F775 /* 5Stars@2x.png in Resources */ = {isa = PBXBuildFile; fileRef = 20BD117614A0A7C200B0F775 /* 5Stars@2x.png */; };
		20BD118F14A0A7C200B0F775 /* 5StarsSmall.png in Resources */ = {isa = PBXBuildFile; fileRef = 20BD117714A0A7C200B0F775 /* 5StarsSmall.png */; };
		20BD119014A0A7C200B0F775 /* 5StarsSmall@2x.png in Resources */ = {isa = PBXBuildFile; fileRef = 20BD117814A0A7C200B0F775 /* 5StarsSmall@2x.png */; };
		20BD119114A0A7C200B0F775 /* Gestures.png in Resources */ = {isa = PBXBuildFile; fileRef = 20BD117914A0A7C200B0F775 /* Gestures.png */; };
		20BD119214A0A7C200B0F775 /* Gestures@2x.png in Resources */ = {isa = PBXBuildFile; fileRef = 20BD117A14A0A7C200B0F775 /* Gestures@2x.png */; };
		20BD119314A0A7C200B0F775 /* Players.png in Resources */ = {isa = PBXBuildFile; fileRef = 20BD117B14A0A7C200B0F775 /* Players.png */; };
		20BD119414A0A7C200B0F775 /* Players@2x.png in Resources */ = {isa = PBXBuildFile; fileRef = 20BD117C14A0A7C200B0F775 /* Players@2x.png */; };
		20BD119714A0A83900B0F775 /* MoodCell.m in Sources */ = {isa = PBXBuildFile; fileRef = 20BD119614A0A83900B0F775 /* MoodCell.m */; };
		20C850711557D4A60065FB75 /* MapKit.framework in Frameworks */ = {isa = PBXBuildFile; fileRef = 20C850701557D4A60065FB75 /* MapKit.framework */; };
		20C850741557D67F0065FB75 /* LocationViewController.m in Sources */ = {isa = PBXBuildFile; fileRef = 20C850731557D67F0065FB75 /* LocationViewController.m */; };
		20C850791557E00E0065FB75 /* SMAnnotation.m in Sources */ = {isa = PBXBuildFile; fileRef = 20C850781557E00E0065FB75 /* SMAnnotation.m */; };
		20E120A4149F8B3400AFEADC /* MoodViewController.m in Sources */ = {isa = PBXBuildFile; fileRef = 20E120A3149F8B3400AFEADC /* MoodViewController.m */; };
		20E1DC6516516D4A005E3D02 /* texture.jpg in Resources */ = {isa = PBXBuildFile; fileRef = 20E1DC6416516D4A005E3D02 /* texture.jpg */; };
		20E6A581156CD76900D4F202 /* MBProgressHUD.m in Sources */ = {isa = PBXBuildFile; fileRef = 20E6A580156CD76900D4F202 /* MBProgressHUD.m */; settings = {COMPILER_FLAGS = "-fno-objc-arc"; }; };
		20E6A583156CD7A700D4F202 /* CFNetwork.framework in Frameworks */ = {isa = PBXBuildFile; fileRef = 20E6A582156CD7A700D4F202 /* CFNetwork.framework */; };
		20E6A585156CD7B600D4F202 /* SystemConfiguration.framework in Frameworks */ = {isa = PBXBuildFile; fileRef = 20E6A584156CD7B600D4F202 /* SystemConfiguration.framework */; };
		20E6A587156CD7C200D4F202 /* MobileCoreServices.framework in Frameworks */ = {isa = PBXBuildFile; fileRef = 20E6A586156CD7C200D4F202 /* MobileCoreServices.framework */; };
		20E7D4A214979D0B00F68D1D /* QuartzCore.framework in Frameworks */ = {isa = PBXBuildFile; fileRef = 20E7D4A014979CF900F68D1D /* QuartzCore.framework */; };
		20F3A559159B3BAE00A296F4 /* UpdateViewController.m in Sources */ = {isa = PBXBuildFile; fileRef = 20F3A558159B3BAE00A296F4 /* UpdateViewController.m */; };
		20F3A564159B516100A296F4 /* AddCommentViewController.m in Sources */ = {isa = PBXBuildFile; fileRef = 20F3A563159B516100A296F4 /* AddCommentViewController.m */; };
/* End PBXBuildFile section */

/* Begin PBXContainerItemProxy section */
		2058DC3414975AF300E3B0B1 /* PBXContainerItemProxy */ = {
			isa = PBXContainerItemProxy;
			containerPortal = 2058DBF714975AF200E3B0B1 /* Project object */;
			proxyType = 1;
			remoteGlobalIDString = 2058DBFF14975AF200E3B0B1;
			remoteInfo = SocialMuseum;
		};
/* End PBXContainerItemProxy section */

/* Begin PBXFileReference section */
		200328D2161722E200816758 /* Default-568h@2x.png */ = {isa = PBXFileReference; lastKnownFileType = image.png; path = "Default-568h@2x.png"; sourceTree = "<group>"; };
		200450C9157E0A6D00708E03 /* OperaViewController.h */ = {isa = PBXFileReference; fileEncoding = 4; lastKnownFileType = sourcecode.c.h; path = OperaViewController.h; sourceTree = "<group>"; };
		200450CA157E0A6E00708E03 /* OperaViewController.m */ = {isa = PBXFileReference; fileEncoding = 4; lastKnownFileType = sourcecode.c.objc; path = OperaViewController.m; sourceTree = "<group>"; };
		200450CD157E0C9100708E03 /* ArtWork.h */ = {isa = PBXFileReference; fileEncoding = 4; lastKnownFileType = sourcecode.c.h; path = ArtWork.h; sourceTree = "<group>"; };
		200450CE157E0C9100708E03 /* ArtWork.m */ = {isa = PBXFileReference; fileEncoding = 4; lastKnownFileType = sourcecode.c.objc; path = ArtWork.m; sourceTree = "<group>"; };
		200E136D149F88B300780689 /* Mood.h */ = {isa = PBXFileReference; fileEncoding = 4; lastKnownFileType = sourcecode.c.h; path = Mood.h; sourceTree = "<group>"; };
		200E136E149F88B300780689 /* Mood.m */ = {isa = PBXFileReference; fileEncoding = 4; lastKnownFileType = sourcecode.c.objc; path = Mood.m; sourceTree = "<group>"; };
		2021FCE6164A9DD900DEA17A /* NSString+Date.h */ = {isa = PBXFileReference; fileEncoding = 4; lastKnownFileType = sourcecode.c.h; path = "NSString+Date.h"; sourceTree = "<group>"; };
		2021FCE7164A9DD900DEA17A /* NSString+Date.m */ = {isa = PBXFileReference; fileEncoding = 4; lastKnownFileType = sourcecode.c.objc; path = "NSString+Date.m"; sourceTree = "<group>"; };
		202208C8149A56D200686C86 /* libz.dylib */ = {isa = PBXFileReference; lastKnownFileType = "compiled.mach-o.dylib"; name = libz.dylib; path = usr/lib/libz.dylib; sourceTree = SDKROOT; };
		202B8BC41602269E008CF5EE /* ProfileViewController.h */ = {isa = PBXFileReference; fileEncoding = 4; lastKnownFileType = sourcecode.c.h; path = ProfileViewController.h; sourceTree = "<group>"; };
		202B8BC51602269E008CF5EE /* ProfileViewController.m */ = {isa = PBXFileReference; fileEncoding = 4; lastKnownFileType = sourcecode.c.objc; path = ProfileViewController.m; sourceTree = "<group>"; };
		202B8BC716023815008CF5EE /* select-location.png */ = {isa = PBXFileReference; lastKnownFileType = image.png; path = "select-location.png"; sourceTree = "<group>"; };
		20304B3415F9EE920079FF13 /* LoginViewController.h */ = {isa = PBXFileReference; fileEncoding = 4; lastKnownFileType = sourcecode.c.h; path = LoginViewController.h; sourceTree = "<group>"; };
		20304B3515F9EE920079FF13 /* LoginViewController.m */ = {isa = PBXFileReference; fileEncoding = 4; lastKnownFileType = sourcecode.c.objc; path = LoginViewController.m; sourceTree = "<group>"; };
		2040F02716354A7B000DD7AF /* NSObject+MGEvents.h */ = {isa = PBXFileReference; fileEncoding = 4; lastKnownFileType = sourcecode.c.h; path = "NSObject+MGEvents.h"; sourceTree = "<group>"; };
		2040F02816354A7B000DD7AF /* NSObject+MGEvents.m */ = {isa = PBXFileReference; fileEncoding = 4; lastKnownFileType = sourcecode.c.objc; path = "NSObject+MGEvents.m"; sourceTree = "<group>"; };
		2040F02916354A7B000DD7AF /* UIControl+MGEvents.h */ = {isa = PBXFileReference; fileEncoding = 4; lastKnownFileType = sourcecode.c.h; path = "UIControl+MGEvents.h"; sourceTree = "<group>"; };
		2040F02A16354A7B000DD7AF /* UIControl+MGEvents.m */ = {isa = PBXFileReference; fileEncoding = 4; lastKnownFileType = sourcecode.c.objc; path = "UIControl+MGEvents.m"; sourceTree = "<group>"; };
		2040F02B16354A7B000DD7AF /* UIResponder+FirstResponder.h */ = {isa = PBXFileReference; fileEncoding = 4; lastKnownFileType = sourcecode.c.h; path = "UIResponder+FirstResponder.h"; sourceTree = "<group>"; };
		2040F02C16354A7B000DD7AF /* UIResponder+FirstResponder.m */ = {isa = PBXFileReference; fileEncoding = 4; lastKnownFileType = sourcecode.c.objc; path = "UIResponder+FirstResponder.m"; sourceTree = "<group>"; };
		2040F02D16354A7B000DD7AF /* UIView+MGEasyFrame.h */ = {isa = PBXFileReference; fileEncoding = 4; lastKnownFileType = sourcecode.c.h; path = "UIView+MGEasyFrame.h"; sourceTree = "<group>"; };
		2040F02E16354A7B000DD7AF /* UIView+MGEasyFrame.m */ = {isa = PBXFileReference; fileEncoding = 4; lastKnownFileType = sourcecode.c.objc; path = "UIView+MGEasyFrame.m"; sourceTree = "<group>"; };
		2040F02F16354A7B000DD7AF /* MGBase.h */ = {isa = PBXFileReference; fileEncoding = 4; lastKnownFileType = sourcecode.c.h; path = MGBase.h; sourceTree = "<group>"; };
		2040F03016354A7B000DD7AF /* MGBlockWrapper.h */ = {isa = PBXFileReference; fileEncoding = 4; lastKnownFileType = sourcecode.c.h; path = MGBlockWrapper.h; sourceTree = "<group>"; };
		2040F03116354A7B000DD7AF /* MGBlockWrapper.m */ = {isa = PBXFileReference; fileEncoding = 4; lastKnownFileType = sourcecode.c.objc; path = MGBlockWrapper.m; sourceTree = "<group>"; };
		2040F03216354A7B000DD7AF /* MGBox.h */ = {isa = PBXFileReference; fileEncoding = 4; lastKnownFileType = sourcecode.c.h; path = MGBox.h; sourceTree = "<group>"; };
		2040F03316354A7B000DD7AF /* MGBox.m */ = {isa = PBXFileReference; fileEncoding = 4; lastKnownFileType = sourcecode.c.objc; path = MGBox.m; sourceTree = "<group>"; };
		2040F03416354A7B000DD7AF /* MGButton.h */ = {isa = PBXFileReference; fileEncoding = 4; lastKnownFileType = sourcecode.c.h; path = MGButton.h; sourceTree = "<group>"; };
		2040F03516354A7B000DD7AF /* MGButton.m */ = {isa = PBXFileReference; fileEncoding = 4; lastKnownFileType = sourcecode.c.objc; path = MGButton.m; sourceTree = "<group>"; };
		2040F03616354A7B000DD7AF /* MGLayoutBox.h */ = {isa = PBXFileReference; fileEncoding = 4; lastKnownFileType = sourcecode.c.h; path = MGLayoutBox.h; sourceTree = "<group>"; };
		2040F03716354A7B000DD7AF /* MGLayoutManager.h */ = {isa = PBXFileReference; fileEncoding = 4; lastKnownFileType = sourcecode.c.h; path = MGLayoutManager.h; sourceTree = "<group>"; };
		2040F03816354A7B000DD7AF /* MGLayoutManager.m */ = {isa = PBXFileReference; fileEncoding = 4; lastKnownFileType = sourcecode.c.objc; path = MGLayoutManager.m; sourceTree = "<group>"; };
		2040F03916354A7B000DD7AF /* MGLine.h */ = {isa = PBXFileReference; fileEncoding = 4; lastKnownFileType = sourcecode.c.h; path = MGLine.h; sourceTree = "<group>"; };
		2040F03A16354A7B000DD7AF /* MGLine.m */ = {isa = PBXFileReference; fileEncoding = 4; lastKnownFileType = sourcecode.c.objc; path = MGLine.m; sourceTree = "<group>"; };
		2040F03B16354A7B000DD7AF /* MGScrollView.h */ = {isa = PBXFileReference; fileEncoding = 4; lastKnownFileType = sourcecode.c.h; path = MGScrollView.h; sourceTree = "<group>"; };
		2040F03C16354A7B000DD7AF /* MGScrollView.m */ = {isa = PBXFileReference; fileEncoding = 4; lastKnownFileType = sourcecode.c.objc; path = MGScrollView.m; sourceTree = "<group>"; };
		2040F03D16354A7B000DD7AF /* MGTableBox.h */ = {isa = PBXFileReference; fileEncoding = 4; lastKnownFileType = sourcecode.c.h; path = MGTableBox.h; sourceTree = "<group>"; };
		2040F03E16354A7B000DD7AF /* MGTableBox.m */ = {isa = PBXFileReference; fileEncoding = 4; lastKnownFileType = sourcecode.c.objc; path = MGTableBox.m; sourceTree = "<group>"; };
		2040F03F16354A7B000DD7AF /* MGTableBoxStyled.h */ = {isa = PBXFileReference; fileEncoding = 4; lastKnownFileType = sourcecode.c.h; path = MGTableBoxStyled.h; sourceTree = "<group>"; };
		2040F04016354A7B000DD7AF /* MGTableBoxStyled.m */ = {isa = PBXFileReference; fileEncoding = 4; lastKnownFileType = sourcecode.c.objc; path = MGTableBoxStyled.m; sourceTree = "<group>"; };
		2040F04D16354D3F000DD7AF /* PhotoBox.h */ = {isa = PBXFileReference; fileEncoding = 4; lastKnownFileType = sourcecode.c.h; path = PhotoBox.h; sourceTree = "<group>"; };
		2040F04E16354D3F000DD7AF /* PhotoBox.m */ = {isa = PBXFileReference; fileEncoding = 4; lastKnownFileType = sourcecode.c.objc; path = PhotoBox.m; sourceTree = "<group>"; };
		2040F05116382146000DD7AF /* AFHTTPClient.h */ = {isa = PBXFileReference; fileEncoding = 4; lastKnownFileType = sourcecode.c.h; path = AFHTTPClient.h; sourceTree = "<group>"; };
		2040F05216382146000DD7AF /* AFHTTPClient.m */ = {isa = PBXFileReference; fileEncoding = 4; lastKnownFileType = sourcecode.c.objc; path = AFHTTPClient.m; sourceTree = "<group>"; };
		2040F05316382146000DD7AF /* AFHTTPRequestOperation.h */ = {isa = PBXFileReference; fileEncoding = 4; lastKnownFileType = sourcecode.c.h; path = AFHTTPRequestOperation.h; sourceTree = "<group>"; };
		2040F05416382146000DD7AF /* AFHTTPRequestOperation.m */ = {isa = PBXFileReference; fileEncoding = 4; lastKnownFileType = sourcecode.c.objc; path = AFHTTPRequestOperation.m; sourceTree = "<group>"; };
		2040F05516382146000DD7AF /* AFImageRequestOperation.h */ = {isa = PBXFileReference; fileEncoding = 4; lastKnownFileType = sourcecode.c.h; path = AFImageRequestOperation.h; sourceTree = "<group>"; };
		2040F05616382146000DD7AF /* AFImageRequestOperation.m */ = {isa = PBXFileReference; fileEncoding = 4; lastKnownFileType = sourcecode.c.objc; path = AFImageRequestOperation.m; sourceTree = "<group>"; };
		2040F05716382146000DD7AF /* AFJSONRequestOperation.h */ = {isa = PBXFileReference; fileEncoding = 4; lastKnownFileType = sourcecode.c.h; path = AFJSONRequestOperation.h; sourceTree = "<group>"; };
		2040F05816382146000DD7AF /* AFJSONRequestOperation.m */ = {isa = PBXFileReference; fileEncoding = 4; lastKnownFileType = sourcecode.c.objc; path = AFJSONRequestOperation.m; sourceTree = "<group>"; };
		2040F05916382146000DD7AF /* AFJSONUtilities.h */ = {isa = PBXFileReference; fileEncoding = 4; lastKnownFileType = sourcecode.c.h; path = AFJSONUtilities.h; sourceTree = "<group>"; };
		2040F05A16382146000DD7AF /* AFJSONUtilities.m */ = {isa = PBXFileReference; fileEncoding = 4; lastKnownFileType = sourcecode.c.objc; path = AFJSONUtilities.m; sourceTree = "<group>"; };
		2040F05B16382146000DD7AF /* AFNetworkActivityIndicatorManager.h */ = {isa = PBXFileReference; fileEncoding = 4; lastKnownFileType = sourcecode.c.h; path = AFNetworkActivityIndicatorManager.h; sourceTree = "<group>"; };
		2040F05C16382146000DD7AF /* AFNetworkActivityIndicatorManager.m */ = {isa = PBXFileReference; fileEncoding = 4; lastKnownFileType = sourcecode.c.objc; path = AFNetworkActivityIndicatorManager.m; sourceTree = "<group>"; };
		2040F05D16382146000DD7AF /* AFNetworking.h */ = {isa = PBXFileReference; fileEncoding = 4; lastKnownFileType = sourcecode.c.h; path = AFNetworking.h; sourceTree = "<group>"; };
		2040F05E16382146000DD7AF /* AFPropertyListRequestOperation.h */ = {isa = PBXFileReference; fileEncoding = 4; lastKnownFileType = sourcecode.c.h; path = AFPropertyListRequestOperation.h; sourceTree = "<group>"; };
		2040F05F16382146000DD7AF /* AFPropertyListRequestOperation.m */ = {isa = PBXFileReference; fileEncoding = 4; lastKnownFileType = sourcecode.c.objc; path = AFPropertyListRequestOperation.m; sourceTree = "<group>"; };
		2040F06016382146000DD7AF /* AFURLConnectionOperation.h */ = {isa = PBXFileReference; fileEncoding = 4; lastKnownFileType = sourcecode.c.h; path = AFURLConnectionOperation.h; sourceTree = "<group>"; };
		2040F06116382146000DD7AF /* AFURLConnectionOperation.m */ = {isa = PBXFileReference; fileEncoding = 4; lastKnownFileType = sourcecode.c.objc; path = AFURLConnectionOperation.m; sourceTree = "<group>"; };
		2040F06216382146000DD7AF /* AFXMLRequestOperation.h */ = {isa = PBXFileReference; fileEncoding = 4; lastKnownFileType = sourcecode.c.h; path = AFXMLRequestOperation.h; sourceTree = "<group>"; };
		2040F06316382146000DD7AF /* AFXMLRequestOperation.m */ = {isa = PBXFileReference; fileEncoding = 4; lastKnownFileType = sourcecode.c.objc; path = AFXMLRequestOperation.m; sourceTree = "<group>"; };
		2040F06516382146000DD7AF /* NSObject+SBJson.h */ = {isa = PBXFileReference; fileEncoding = 4; lastKnownFileType = sourcecode.c.h; path = "NSObject+SBJson.h"; sourceTree = "<group>"; };
		2040F06616382146000DD7AF /* NSObject+SBJson.m */ = {isa = PBXFileReference; fileEncoding = 4; lastKnownFileType = sourcecode.c.objc; path = "NSObject+SBJson.m"; sourceTree = "<group>"; };
		2040F06716382146000DD7AF /* SBJson.h */ = {isa = PBXFileReference; fileEncoding = 4; lastKnownFileType = sourcecode.c.h; path = SBJson.h; sourceTree = "<group>"; };
		2040F06816382146000DD7AF /* SBJsonParser.h */ = {isa = PBXFileReference; fileEncoding = 4; lastKnownFileType = sourcecode.c.h; path = SBJsonParser.h; sourceTree = "<group>"; };
		2040F06916382146000DD7AF /* SBJsonParser.m */ = {isa = PBXFileReference; fileEncoding = 4; lastKnownFileType = sourcecode.c.objc; path = SBJsonParser.m; sourceTree = "<group>"; };
		2040F06A16382146000DD7AF /* SBJsonStreamParser.h */ = {isa = PBXFileReference; fileEncoding = 4; lastKnownFileType = sourcecode.c.h; path = SBJsonStreamParser.h; sourceTree = "<group>"; };
		2040F06B16382146000DD7AF /* SBJsonStreamParser.m */ = {isa = PBXFileReference; fileEncoding = 4; lastKnownFileType = sourcecode.c.objc; path = SBJsonStreamParser.m; sourceTree = "<group>"; };
		2040F06C16382146000DD7AF /* SBJsonStreamParserAccumulator.h */ = {isa = PBXFileReference; fileEncoding = 4; lastKnownFileType = sourcecode.c.h; path = SBJsonStreamParserAccumulator.h; sourceTree = "<group>"; };
		2040F06D16382146000DD7AF /* SBJsonStreamParserAccumulator.m */ = {isa = PBXFileReference; fileEncoding = 4; lastKnownFileType = sourcecode.c.objc; path = SBJsonStreamParserAccumulator.m; sourceTree = "<group>"; };
		2040F06E16382146000DD7AF /* SBJsonStreamParserAdapter.h */ = {isa = PBXFileReference; fileEncoding = 4; lastKnownFileType = sourcecode.c.h; path = SBJsonStreamParserAdapter.h; sourceTree = "<group>"; };
		2040F06F16382146000DD7AF /* SBJsonStreamParserAdapter.m */ = {isa = PBXFileReference; fileEncoding = 4; lastKnownFileType = sourcecode.c.objc; path = SBJsonStreamParserAdapter.m; sourceTree = "<group>"; };
		2040F07016382146000DD7AF /* SBJsonStreamParserState.h */ = {isa = PBXFileReference; fileEncoding = 4; lastKnownFileType = sourcecode.c.h; path = SBJsonStreamParserState.h; sourceTree = "<group>"; };
		2040F07116382146000DD7AF /* SBJsonStreamParserState.m */ = {isa = PBXFileReference; fileEncoding = 4; lastKnownFileType = sourcecode.c.objc; path = SBJsonStreamParserState.m; sourceTree = "<group>"; };
		2040F07216382146000DD7AF /* SBJsonStreamWriter.h */ = {isa = PBXFileReference; fileEncoding = 4; lastKnownFileType = sourcecode.c.h; path = SBJsonStreamWriter.h; sourceTree = "<group>"; };
		2040F07316382146000DD7AF /* SBJsonStreamWriter.m */ = {isa = PBXFileReference; fileEncoding = 4; lastKnownFileType = sourcecode.c.objc; path = SBJsonStreamWriter.m; sourceTree = "<group>"; };
		2040F07416382146000DD7AF /* SBJsonStreamWriterAccumulator.h */ = {isa = PBXFileReference; fileEncoding = 4; lastKnownFileType = sourcecode.c.h; path = SBJsonStreamWriterAccumulator.h; sourceTree = "<group>"; };
		2040F07516382146000DD7AF /* SBJsonStreamWriterAccumulator.m */ = {isa = PBXFileReference; fileEncoding = 4; lastKnownFileType = sourcecode.c.objc; path = SBJsonStreamWriterAccumulator.m; sourceTree = "<group>"; };
		2040F07616382146000DD7AF /* SBJsonStreamWriterState.h */ = {isa = PBXFileReference; fileEncoding = 4; lastKnownFileType = sourcecode.c.h; path = SBJsonStreamWriterState.h; sourceTree = "<group>"; };
		2040F07716382146000DD7AF /* SBJsonStreamWriterState.m */ = {isa = PBXFileReference; fileEncoding = 4; lastKnownFileType = sourcecode.c.objc; path = SBJsonStreamWriterState.m; sourceTree = "<group>"; };
		2040F07816382146000DD7AF /* SBJsonTokeniser.h */ = {isa = PBXFileReference; fileEncoding = 4; lastKnownFileType = sourcecode.c.h; path = SBJsonTokeniser.h; sourceTree = "<group>"; };
		2040F07916382146000DD7AF /* SBJsonTokeniser.m */ = {isa = PBXFileReference; fileEncoding = 4; lastKnownFileType = sourcecode.c.objc; path = SBJsonTokeniser.m; sourceTree = "<group>"; };
		2040F07A16382146000DD7AF /* SBJsonUTF8Stream.h */ = {isa = PBXFileReference; fileEncoding = 4; lastKnownFileType = sourcecode.c.h; path = SBJsonUTF8Stream.h; sourceTree = "<group>"; };
		2040F07B16382146000DD7AF /* SBJsonUTF8Stream.m */ = {isa = PBXFileReference; fileEncoding = 4; lastKnownFileType = sourcecode.c.objc; path = SBJsonUTF8Stream.m; sourceTree = "<group>"; };
		2040F07C16382146000DD7AF /* SBJsonWriter.h */ = {isa = PBXFileReference; fileEncoding = 4; lastKnownFileType = sourcecode.c.h; path = SBJsonWriter.h; sourceTree = "<group>"; };
		2040F07D16382146000DD7AF /* SBJsonWriter.m */ = {isa = PBXFileReference; fileEncoding = 4; lastKnownFileType = sourcecode.c.objc; path = SBJsonWriter.m; sourceTree = "<group>"; };
		2040F07E16382146000DD7AF /* UIImageView+AFNetworking.h */ = {isa = PBXFileReference; fileEncoding = 4; lastKnownFileType = sourcecode.c.h; path = "UIImageView+AFNetworking.h"; sourceTree = "<group>"; };
		2040F07F16382146000DD7AF /* UIImageView+AFNetworking.m */ = {isa = PBXFileReference; fileEncoding = 4; lastKnownFileType = sourcecode.c.objc; path = "UIImageView+AFNetworking.m"; sourceTree = "<group>"; };
		20438789161991D600A1A7B3 /* Accounts.framework */ = {isa = PBXFileReference; lastKnownFileType = wrapper.framework; name = Accounts.framework; path = System/Library/Frameworks/Accounts.framework; sourceTree = SDKROOT; };
		2043878C161991DB00A1A7B3 /* Social.framework */ = {isa = PBXFileReference; lastKnownFileType = wrapper.framework; name = Social.framework; path = System/Library/Frameworks/Social.framework; sourceTree = SDKROOT; };
		2043878E161991E100A1A7B3 /* AdSupport.framework */ = {isa = PBXFileReference; lastKnownFileType = wrapper.framework; name = AdSupport.framework; path = System/Library/Frameworks/AdSupport.framework; sourceTree = SDKROOT; };
		204387901619922000A1A7B3 /* FacebookSDK.framework */ = {isa = PBXFileReference; lastKnownFileType = wrapper.framework; name = FacebookSDK.framework; path = ../../../../Documents/FacebookSDK/FacebookSDK.framework; sourceTree = "<group>"; };
		204387921619922C00A1A7B3 /* FacebookSDKResources.bundle */ = {isa = PBXFileReference; lastKnownFileType = "wrapper.plug-in"; name = FacebookSDKResources.bundle; path = ../../../../Documents/FacebookSDK/FacebookSDK.framework/Versions/A/Resources/FacebookSDKResources.bundle; sourceTree = "<group>"; };
		2054947615B59F8900B781DD /* API.m */ = {isa = PBXFileReference; fileEncoding = 4; lastKnownFileType = sourcecode.c.objc; path = API.m; sourceTree = "<group>"; };
		2054947715B59F8900B781DD /* API.h */ = {isa = PBXFileReference; fileEncoding = 4; lastKnownFileType = sourcecode.c.h; path = API.h; sourceTree = "<group>"; };
		2054947B15B5A8F600B781DD /* UIImage+Alpha.h */ = {isa = PBXFileReference; fileEncoding = 4; lastKnownFileType = sourcecode.c.h; path = "UIImage+Alpha.h"; sourceTree = "<group>"; };
		2054947C15B5A8F600B781DD /* UIImage+Resize.m */ = {isa = PBXFileReference; fileEncoding = 4; lastKnownFileType = sourcecode.c.objc; path = "UIImage+Resize.m"; sourceTree = "<group>"; };
		2054947D15B5A8F600B781DD /* UIImage+Resize.h */ = {isa = PBXFileReference; fileEncoding = 4; lastKnownFileType = sourcecode.c.h; path = "UIImage+Resize.h"; sourceTree = "<group>"; };
		2054947E15B5A8F600B781DD /* UIImage+RoundedCorner.h */ = {isa = PBXFileReference; fileEncoding = 4; lastKnownFileType = sourcecode.c.h; path = "UIImage+RoundedCorner.h"; sourceTree = "<group>"; };
		2054947F15B5A8F600B781DD /* UIImage+Alpha.m */ = {isa = PBXFileReference; fileEncoding = 4; lastKnownFileType = sourcecode.c.objc; path = "UIImage+Alpha.m"; sourceTree = "<group>"; };
		2054948015B5A8F600B781DD /* UIImage+RoundedCorner.m */ = {isa = PBXFileReference; fileEncoding = 4; lastKnownFileType = sourcecode.c.objc; path = "UIImage+RoundedCorner.m"; sourceTree = "<group>"; };
		2054948115B5A8F600B781DD /* UIAlertView+error.m */ = {isa = PBXFileReference; fileEncoding = 4; lastKnownFileType = sourcecode.c.objc; path = "UIAlertView+error.m"; sourceTree = "<group>"; };
		2054948215B5A8F600B781DD /* UIAlertView+error.h */ = {isa = PBXFileReference; fileEncoding = 4; lastKnownFileType = sourcecode.c.h; path = "UIAlertView+error.h"; sourceTree = "<group>"; };
		2058DC0014975AF200E3B0B1 /* SocialMuseum.app */ = {isa = PBXFileReference; explicitFileType = wrapper.application; includeInIndex = 0; path = SocialMuseum.app; sourceTree = BUILT_PRODUCTS_DIR; };
		2058DC0414975AF200E3B0B1 /* UIKit.framework */ = {isa = PBXFileReference; lastKnownFileType = wrapper.framework; name = UIKit.framework; path = System/Library/Frameworks/UIKit.framework; sourceTree = SDKROOT; };
		2058DC0614975AF200E3B0B1 /* Foundation.framework */ = {isa = PBXFileReference; lastKnownFileType = wrapper.framework; name = Foundation.framework; path = System/Library/Frameworks/Foundation.framework; sourceTree = SDKROOT; };
		2058DC0814975AF200E3B0B1 /* CoreGraphics.framework */ = {isa = PBXFileReference; lastKnownFileType = wrapper.framework; name = CoreGraphics.framework; path = System/Library/Frameworks/CoreGraphics.framework; sourceTree = SDKROOT; };
		2058DC0C14975AF200E3B0B1 /* SocialMuseum-Info.plist */ = {isa = PBXFileReference; lastKnownFileType = text.plist.xml; path = "SocialMuseum-Info.plist"; sourceTree = "<group>"; };
		2058DC0E14975AF200E3B0B1 /* en */ = {isa = PBXFileReference; lastKnownFileType = text.plist.strings; name = en; path = en.lproj/InfoPlist.strings; sourceTree = "<group>"; };
		2058DC1014975AF200E3B0B1 /* main.m */ = {isa = PBXFileReference; lastKnownFileType = sourcecode.c.objc; path = main.m; sourceTree = "<group>"; };
		2058DC1214975AF200E3B0B1 /* SocialMuseum-Prefix.pch */ = {isa = PBXFileReference; lastKnownFileType = sourcecode.c.h; path = "SocialMuseum-Prefix.pch"; sourceTree = "<group>"; };
		2058DC1314975AF300E3B0B1 /* AppDelegate.h */ = {isa = PBXFileReference; lastKnownFileType = sourcecode.c.h; path = AppDelegate.h; sourceTree = "<group>"; };
		2058DC1414975AF300E3B0B1 /* AppDelegate.m */ = {isa = PBXFileReference; lastKnownFileType = sourcecode.c.objc; path = AppDelegate.m; sourceTree = "<group>"; };
		2058DC1714975AF300E3B0B1 /* en */ = {isa = PBXFileReference; lastKnownFileType = file.storyboard; name = en; path = en.lproj/MainStoryboard_iPhone.storyboard; sourceTree = "<group>"; };
		2058DC1F14975AF300E3B0B1 /* first.png */ = {isa = PBXFileReference; lastKnownFileType = image.png; name = first.png; path = SocialMuseum/first.png; sourceTree = "<group>"; };
		2058DC2114975AF300E3B0B1 /* first@2x.png */ = {isa = PBXFileReference; lastKnownFileType = image.png; name = "first@2x.png"; path = "SocialMuseum/first@2x.png"; sourceTree = "<group>"; };
		2058DC2614975AF300E3B0B1 /* second.png */ = {isa = PBXFileReference; lastKnownFileType = image.png; name = second.png; path = SocialMuseum/second.png; sourceTree = "<group>"; };
		2058DC2814975AF300E3B0B1 /* second@2x.png */ = {isa = PBXFileReference; lastKnownFileType = image.png; name = "second@2x.png"; path = "SocialMuseum/second@2x.png"; sourceTree = "<group>"; };
		2058DC2F14975AF300E3B0B1 /* SocialMuseumTests.octest */ = {isa = PBXFileReference; explicitFileType = wrapper.cfbundle; includeInIndex = 0; path = SocialMuseumTests.octest; sourceTree = BUILT_PRODUCTS_DIR; };
		2058DC3014975AF300E3B0B1 /* SenTestingKit.framework */ = {isa = PBXFileReference; lastKnownFileType = wrapper.framework; name = SenTestingKit.framework; path = Library/Frameworks/SenTestingKit.framework; sourceTree = DEVELOPER_DIR; };
		2058DC3814975AF300E3B0B1 /* SocialMuseumTests-Info.plist */ = {isa = PBXFileReference; lastKnownFileType = text.plist.xml; path = "SocialMuseumTests-Info.plist"; sourceTree = "<group>"; };
		2058DC3A14975AF300E3B0B1 /* en */ = {isa = PBXFileReference; lastKnownFileType = text.plist.strings; name = en; path = en.lproj/InfoPlist.strings; sourceTree = "<group>"; };
		2058DC3C14975AF300E3B0B1 /* SocialMuseumTests.h */ = {isa = PBXFileReference; lastKnownFileType = sourcecode.c.h; path = SocialMuseumTests.h; sourceTree = "<group>"; };
		2058DC3D14975AF300E3B0B1 /* SocialMuseumTests.m */ = {isa = PBXFileReference; lastKnownFileType = sourcecode.c.objc; path = SocialMuseumTests.m; sourceTree = "<group>"; };
		205D9105162ACBE500F65CF0 /* consigli.png */ = {isa = PBXFileReference; lastKnownFileType = image.png; path = consigli.png; sourceTree = "<group>"; };
		206763E615C98BB300447E72 /* PullToRefreshView.h */ = {isa = PBXFileReference; fileEncoding = 4; lastKnownFileType = sourcecode.c.h; path = PullToRefreshView.h; sourceTree = "<group>"; };
		206763E715C98BB300447E72 /* PullToRefreshView.m */ = {isa = PBXFileReference; fileEncoding = 4; lastKnownFileType = sourcecode.c.objc; path = PullToRefreshView.m; sourceTree = "<group>"; };
		207EE7F315C03E440085F153 /* location@2x.png */ = {isa = PBXFileReference; lastKnownFileType = image.png; path = "location@2x.png"; sourceTree = "<group>"; };
		207EE7F615C03F020085F153 /* location.png */ = {isa = PBXFileReference; lastKnownFileType = image.png; path = location.png; sourceTree = "<group>"; };
		208D888715B6BBC90018BE2F /* placeholder.png */ = {isa = PBXFileReference; lastKnownFileType = image.png; path = placeholder.png; sourceTree = "<group>"; };
		208D888915B6BE270018BE2F /* StreamScreen.h */ = {isa = PBXFileReference; fileEncoding = 4; lastKnownFileType = sourcecode.c.h; path = StreamScreen.h; sourceTree = "<group>"; };
		208D888A15B6BE280018BE2F /* StreamScreen.m */ = {isa = PBXFileReference; fileEncoding = 4; lastKnownFileType = sourcecode.c.objc; path = StreamScreen.m; sourceTree = "<group>"; };
		208D888C15B6C09D0018BE2F /* PhotoView.h */ = {isa = PBXFileReference; fileEncoding = 4; lastKnownFileType = sourcecode.c.h; path = PhotoView.h; sourceTree = "<group>"; };
		208D888D15B6C09D0018BE2F /* PhotoView.m */ = {isa = PBXFileReference; fileEncoding = 4; lastKnownFileType = sourcecode.c.objc; path = PhotoView.m; sourceTree = "<group>"; };
		208D888F15B6C0BE0018BE2F /* StreamPhotoScreen.h */ = {isa = PBXFileReference; fileEncoding = 4; lastKnownFileType = sourcecode.c.h; path = StreamPhotoScreen.h; sourceTree = "<group>"; };
		208D889015B6C0BF0018BE2F /* StreamPhotoScreen.m */ = {isa = PBXFileReference; fileEncoding = 4; lastKnownFileType = sourcecode.c.objc; path = StreamPhotoScreen.m; sourceTree = "<group>"; };
		208D889415B6C0D80018BE2F /* PhotoScreen.h */ = {isa = PBXFileReference; fileEncoding = 4; lastKnownFileType = sourcecode.c.h; path = PhotoScreen.h; sourceTree = "<group>"; };
		208D889515B6C0D90018BE2F /* PhotoScreen.m */ = {isa = PBXFileReference; fileEncoding = 4; lastKnownFileType = sourcecode.c.objc; path = PhotoScreen.m; sourceTree = "<group>"; };
		208D889815B6C0FE0018BE2F /* CoreImage.framework */ = {isa = PBXFileReference; lastKnownFileType = wrapper.framework; name = CoreImage.framework; path = System/Library/Frameworks/CoreImage.framework; sourceTree = SDKROOT; };
		208EEDD915C13B96000F5E76 /* ChunkViewController.h */ = {isa = PBXFileReference; fileEncoding = 4; lastKnownFileType = sourcecode.c.h; path = ChunkViewController.h; sourceTree = "<group>"; };
		208EEDDA15C13B96000F5E76 /* ChunkViewController.m */ = {isa = PBXFileReference; fileEncoding = 4; lastKnownFileType = sourcecode.c.objc; path = ChunkViewController.m; sourceTree = "<group>"; };
		208FC33C1610713C00418BB8 /* placeholder2.png */ = {isa = PBXFileReference; lastKnownFileType = image.png; path = placeholder2.png; sourceTree = "<group>"; };
		20BD116514A0A7C200B0F775 /* 1Star.png */ = {isa = PBXFileReference; lastKnownFileType = image.png; path = 1Star.png; sourceTree = "<group>"; };
		20BD116614A0A7C200B0F775 /* 1Star@2x.png */ = {isa = PBXFileReference; lastKnownFileType = image.png; path = "1Star@2x.png"; sourceTree = "<group>"; };
		20BD116714A0A7C200B0F775 /* 1StarSmall.png */ = {isa = PBXFileReference; lastKnownFileType = image.png; path = 1StarSmall.png; sourceTree = "<group>"; };
		20BD116814A0A7C200B0F775 /* 1StarSmall@2x.png */ = {isa = PBXFileReference; lastKnownFileType = image.png; path = "1StarSmall@2x.png"; sourceTree = "<group>"; };
		20BD116914A0A7C200B0F775 /* 2Stars.png */ = {isa = PBXFileReference; lastKnownFileType = image.png; path = 2Stars.png; sourceTree = "<group>"; };
		20BD116A14A0A7C200B0F775 /* 2Stars@2x.png */ = {isa = PBXFileReference; lastKnownFileType = image.png; path = "2Stars@2x.png"; sourceTree = "<group>"; };
		20BD116B14A0A7C200B0F775 /* 2StarsSmall.png */ = {isa = PBXFileReference; lastKnownFileType = image.png; path = 2StarsSmall.png; sourceTree = "<group>"; };
		20BD116C14A0A7C200B0F775 /* 2StarsSmall@2x.png */ = {isa = PBXFileReference; lastKnownFileType = image.png; path = "2StarsSmall@2x.png"; sourceTree = "<group>"; };
		20BD116D14A0A7C200B0F775 /* 3Stars.png */ = {isa = PBXFileReference; lastKnownFileType = image.png; path = 3Stars.png; sourceTree = "<group>"; };
		20BD116E14A0A7C200B0F775 /* 3Stars@2x.png */ = {isa = PBXFileReference; lastKnownFileType = image.png; path = "3Stars@2x.png"; sourceTree = "<group>"; };
		20BD116F14A0A7C200B0F775 /* 3StarsSmall.png */ = {isa = PBXFileReference; lastKnownFileType = image.png; path = 3StarsSmall.png; sourceTree = "<group>"; };
		20BD117014A0A7C200B0F775 /* 3StarsSmall@2x.png */ = {isa = PBXFileReference; lastKnownFileType = image.png; path = "3StarsSmall@2x.png"; sourceTree = "<group>"; };
		20BD117114A0A7C200B0F775 /* 4Stars.png */ = {isa = PBXFileReference; lastKnownFileType = image.png; path = 4Stars.png; sourceTree = "<group>"; };
		20BD117214A0A7C200B0F775 /* 4Stars@2x.png */ = {isa = PBXFileReference; lastKnownFileType = image.png; path = "4Stars@2x.png"; sourceTree = "<group>"; };
		20BD117314A0A7C200B0F775 /* 4StarsSmall.png */ = {isa = PBXFileReference; lastKnownFileType = image.png; path = 4StarsSmall.png; sourceTree = "<group>"; };
		20BD117414A0A7C200B0F775 /* 4StarsSmall@2x.png */ = {isa = PBXFileReference; lastKnownFileType = image.png; path = "4StarsSmall@2x.png"; sourceTree = "<group>"; };
		20BD117514A0A7C200B0F775 /* 5Stars.png */ = {isa = PBXFileReference; lastKnownFileType = image.png; path = 5Stars.png; sourceTree = "<group>"; };
		20BD117614A0A7C200B0F775 /* 5Stars@2x.png */ = {isa = PBXFileReference; lastKnownFileType = image.png; path = "5Stars@2x.png"; sourceTree = "<group>"; };
		20BD117714A0A7C200B0F775 /* 5StarsSmall.png */ = {isa = PBXFileReference; lastKnownFileType = image.png; path = 5StarsSmall.png; sourceTree = "<group>"; };
		20BD117814A0A7C200B0F775 /* 5StarsSmall@2x.png */ = {isa = PBXFileReference; lastKnownFileType = image.png; path = "5StarsSmall@2x.png"; sourceTree = "<group>"; };
		20BD117914A0A7C200B0F775 /* Gestures.png */ = {isa = PBXFileReference; lastKnownFileType = image.png; path = Gestures.png; sourceTree = "<group>"; };
		20BD117A14A0A7C200B0F775 /* Gestures@2x.png */ = {isa = PBXFileReference; lastKnownFileType = image.png; path = "Gestures@2x.png"; sourceTree = "<group>"; };
		20BD117B14A0A7C200B0F775 /* Players.png */ = {isa = PBXFileReference; lastKnownFileType = image.png; path = Players.png; sourceTree = "<group>"; };
		20BD117C14A0A7C200B0F775 /* Players@2x.png */ = {isa = PBXFileReference; lastKnownFileType = image.png; path = "Players@2x.png"; sourceTree = "<group>"; };
		20BD119514A0A83900B0F775 /* MoodCell.h */ = {isa = PBXFileReference; fileEncoding = 4; lastKnownFileType = sourcecode.c.h; path = MoodCell.h; sourceTree = "<group>"; };
		20BD119614A0A83900B0F775 /* MoodCell.m */ = {isa = PBXFileReference; fileEncoding = 4; lastKnownFileType = sourcecode.c.objc; path = MoodCell.m; sourceTree = "<group>"; };
		20C850701557D4A60065FB75 /* MapKit.framework */ = {isa = PBXFileReference; lastKnownFileType = wrapper.framework; name = MapKit.framework; path = System/Library/Frameworks/MapKit.framework; sourceTree = SDKROOT; };
		20C850721557D67F0065FB75 /* LocationViewController.h */ = {isa = PBXFileReference; fileEncoding = 4; lastKnownFileType = sourcecode.c.h; name = LocationViewController.h; path = Location/LocationViewController.h; sourceTree = "<group>"; };
		20C850731557D67F0065FB75 /* LocationViewController.m */ = {isa = PBXFileReference; fileEncoding = 4; lastKnownFileType = sourcecode.c.objc; name = LocationViewController.m; path = Location/LocationViewController.m; sourceTree = "<group>"; };
		20C850771557E00E0065FB75 /* SMAnnotation.h */ = {isa = PBXFileReference; fileEncoding = 4; lastKnownFileType = sourcecode.c.h; path = SMAnnotation.h; sourceTree = "<group>"; };
		20C850781557E00E0065FB75 /* SMAnnotation.m */ = {isa = PBXFileReference; fileEncoding = 4; lastKnownFileType = sourcecode.c.objc; path = SMAnnotation.m; sourceTree = "<group>"; };
		20E120A2149F8B3400AFEADC /* MoodViewController.h */ = {isa = PBXFileReference; fileEncoding = 4; lastKnownFileType = sourcecode.c.h; path = MoodViewController.h; sourceTree = "<group>"; };
		20E120A3149F8B3400AFEADC /* MoodViewController.m */ = {isa = PBXFileReference; fileEncoding = 4; lastKnownFileType = sourcecode.c.objc; path = MoodViewController.m; sourceTree = "<group>"; };
		20E1DC6416516D4A005E3D02 /* texture.jpg */ = {isa = PBXFileReference; lastKnownFileType = image.jpeg; path = texture.jpg; sourceTree = "<group>"; };
		20E6A57F156CD76900D4F202 /* MBProgressHUD.h */ = {isa = PBXFileReference; fileEncoding = 4; lastKnownFileType = sourcecode.c.h; path = MBProgressHUD.h; sourceTree = "<group>"; };
		20E6A580156CD76900D4F202 /* MBProgressHUD.m */ = {isa = PBXFileReference; fileEncoding = 4; lastKnownFileType = sourcecode.c.objc; path = MBProgressHUD.m; sourceTree = "<group>"; };
		20E6A582156CD7A700D4F202 /* CFNetwork.framework */ = {isa = PBXFileReference; lastKnownFileType = wrapper.framework; name = CFNetwork.framework; path = System/Library/Frameworks/CFNetwork.framework; sourceTree = SDKROOT; };
		20E6A584156CD7B600D4F202 /* SystemConfiguration.framework */ = {isa = PBXFileReference; lastKnownFileType = wrapper.framework; name = SystemConfiguration.framework; path = System/Library/Frameworks/SystemConfiguration.framework; sourceTree = SDKROOT; };
		20E6A586156CD7C200D4F202 /* MobileCoreServices.framework */ = {isa = PBXFileReference; lastKnownFileType = wrapper.framework; name = MobileCoreServices.framework; path = System/Library/Frameworks/MobileCoreServices.framework; sourceTree = SDKROOT; };
		20E7D4A014979CF900F68D1D /* QuartzCore.framework */ = {isa = PBXFileReference; lastKnownFileType = wrapper.framework; name = QuartzCore.framework; path = System/Library/Frameworks/QuartzCore.framework; sourceTree = SDKROOT; };
		20F3A557159B3BAE00A296F4 /* UpdateViewController.h */ = {isa = PBXFileReference; fileEncoding = 4; lastKnownFileType = sourcecode.c.h; path = UpdateViewController.h; sourceTree = "<group>"; };
		20F3A558159B3BAE00A296F4 /* UpdateViewController.m */ = {isa = PBXFileReference; fileEncoding = 4; lastKnownFileType = sourcecode.c.objc; path = UpdateViewController.m; sourceTree = "<group>"; };
		20F3A562159B516100A296F4 /* AddCommentViewController.h */ = {isa = PBXFileReference; fileEncoding = 4; lastKnownFileType = sourcecode.c.h; path = AddCommentViewController.h; sourceTree = "<group>"; };
		20F3A563159B516100A296F4 /* AddCommentViewController.m */ = {isa = PBXFileReference; fileEncoding = 4; lastKnownFileType = sourcecode.c.objc; path = AddCommentViewController.m; sourceTree = "<group>"; };
/* End PBXFileReference section */

/* Begin PBXFrameworksBuildPhase section */
		2058DBFD14975AF200E3B0B1 /* Frameworks */ = {
			isa = PBXFrameworksBuildPhase;
			buildActionMask = 2147483647;
			files = (
				2043878F161991E100A1A7B3 /* AdSupport.framework in Frameworks */,
				2043878D161991DB00A1A7B3 /* Social.framework in Frameworks */,
				2043878A161991D600A1A7B3 /* Accounts.framework in Frameworks */,
				208D889915B6C0FE0018BE2F /* CoreImage.framework in Frameworks */,
				20E6A587156CD7C200D4F202 /* MobileCoreServices.framework in Frameworks */,
				20E6A585156CD7B600D4F202 /* SystemConfiguration.framework in Frameworks */,
				20E6A583156CD7A700D4F202 /* CFNetwork.framework in Frameworks */,
				20C850711557D4A60065FB75 /* MapKit.framework in Frameworks */,
				202208C9149A56D200686C86 /* libz.dylib in Frameworks */,
				20E7D4A214979D0B00F68D1D /* QuartzCore.framework in Frameworks */,
				2058DC0514975AF200E3B0B1 /* UIKit.framework in Frameworks */,
				2058DC0714975AF200E3B0B1 /* Foundation.framework in Frameworks */,
				2058DC0914975AF200E3B0B1 /* CoreGraphics.framework in Frameworks */,
				204387911619922000A1A7B3 /* FacebookSDK.framework in Frameworks */,
			);
			runOnlyForDeploymentPostprocessing = 0;
		};
		2058DC2B14975AF300E3B0B1 /* Frameworks */ = {
			isa = PBXFrameworksBuildPhase;
			buildActionMask = 2147483647;
			files = (
				2058DC3114975AF300E3B0B1 /* SenTestingKit.framework in Frameworks */,
				2058DC3214975AF300E3B0B1 /* UIKit.framework in Frameworks */,
				2058DC3314975AF300E3B0B1 /* Foundation.framework in Frameworks */,
			);
			runOnlyForDeploymentPostprocessing = 0;
		};
/* End PBXFrameworksBuildPhase section */

/* Begin PBXGroup section */
		200E1367149F84CB00780689 /* Artworks */ = {
			isa = PBXGroup;
			children = (
				200450CD157E0C9100708E03 /* ArtWork.h */,
				200450CE157E0C9100708E03 /* ArtWork.m */,
			);
			name = Artworks;
			sourceTree = "<group>";
		};
		200E136C149F888C00780689 /* Moods */ = {
			isa = PBXGroup;
			children = (
				200E136D149F88B300780689 /* Mood.h */,
				200E136E149F88B300780689 /* Mood.m */,
				20E120A2149F8B3400AFEADC /* MoodViewController.h */,
				20E120A3149F8B3400AFEADC /* MoodViewController.m */,
				20BD119514A0A83900B0F775 /* MoodCell.h */,
				20BD119614A0A83900B0F775 /* MoodCell.m */,
			);
			name = Moods;
			sourceTree = "<group>";
		};
		202B8BC21602268A008CF5EE /* Profile */ = {
			isa = PBXGroup;
			children = (
				202B8BC41602269E008CF5EE /* ProfileViewController.h */,
				202B8BC51602269E008CF5EE /* ProfileViewController.m */,
			);
			name = Profile;
			sourceTree = "<group>";
		};
		2040F02516354A7B000DD7AF /* MGBox */ = {
			isa = PBXGroup;
			children = (
				2040F02616354A7B000DD7AF /* Categories */,
				2040F02F16354A7B000DD7AF /* MGBase.h */,
				2040F03016354A7B000DD7AF /* MGBlockWrapper.h */,
				2040F03116354A7B000DD7AF /* MGBlockWrapper.m */,
				2040F03216354A7B000DD7AF /* MGBox.h */,
				2040F03316354A7B000DD7AF /* MGBox.m */,
				2040F03416354A7B000DD7AF /* MGButton.h */,
				2040F03516354A7B000DD7AF /* MGButton.m */,
				2040F03616354A7B000DD7AF /* MGLayoutBox.h */,
				2040F03716354A7B000DD7AF /* MGLayoutManager.h */,
				2040F03816354A7B000DD7AF /* MGLayoutManager.m */,
				2040F03916354A7B000DD7AF /* MGLine.h */,
				2040F03A16354A7B000DD7AF /* MGLine.m */,
				2040F03B16354A7B000DD7AF /* MGScrollView.h */,
				2040F03C16354A7B000DD7AF /* MGScrollView.m */,
				2040F03D16354A7B000DD7AF /* MGTableBox.h */,
				2040F03E16354A7B000DD7AF /* MGTableBox.m */,
				2040F03F16354A7B000DD7AF /* MGTableBoxStyled.h */,
				2040F04016354A7B000DD7AF /* MGTableBoxStyled.m */,
				2040F04D16354D3F000DD7AF /* PhotoBox.h */,
				2040F04E16354D3F000DD7AF /* PhotoBox.m */,
			);
			path = MGBox;
			sourceTree = "<group>";
		};
		2040F02616354A7B000DD7AF /* Categories */ = {
			isa = PBXGroup;
			children = (
				2040F02716354A7B000DD7AF /* NSObject+MGEvents.h */,
				2040F02816354A7B000DD7AF /* NSObject+MGEvents.m */,
				2040F02916354A7B000DD7AF /* UIControl+MGEvents.h */,
				2040F02A16354A7B000DD7AF /* UIControl+MGEvents.m */,
				2040F02B16354A7B000DD7AF /* UIResponder+FirstResponder.h */,
				2040F02C16354A7B000DD7AF /* UIResponder+FirstResponder.m */,
				2040F02D16354A7B000DD7AF /* UIView+MGEasyFrame.h */,
				2040F02E16354A7B000DD7AF /* UIView+MGEasyFrame.m */,
			);
			path = Categories;
			sourceTree = "<group>";
		};
		2040F05016382146000DD7AF /* AFNetworking */ = {
			isa = PBXGroup;
			children = (
				2040F05116382146000DD7AF /* AFHTTPClient.h */,
				2040F05216382146000DD7AF /* AFHTTPClient.m */,
				2040F05316382146000DD7AF /* AFHTTPRequestOperation.h */,
				2040F05416382146000DD7AF /* AFHTTPRequestOperation.m */,
				2040F05516382146000DD7AF /* AFImageRequestOperation.h */,
				2040F05616382146000DD7AF /* AFImageRequestOperation.m */,
				2040F05716382146000DD7AF /* AFJSONRequestOperation.h */,
				2040F05816382146000DD7AF /* AFJSONRequestOperation.m */,
				2040F05916382146000DD7AF /* AFJSONUtilities.h */,
				2040F05A16382146000DD7AF /* AFJSONUtilities.m */,
				2040F05B16382146000DD7AF /* AFNetworkActivityIndicatorManager.h */,
				2040F05C16382146000DD7AF /* AFNetworkActivityIndicatorManager.m */,
				2040F05D16382146000DD7AF /* AFNetworking.h */,
				2040F05E16382146000DD7AF /* AFPropertyListRequestOperation.h */,
				2040F05F16382146000DD7AF /* AFPropertyListRequestOperation.m */,
				2040F06016382146000DD7AF /* AFURLConnectionOperation.h */,
				2040F06116382146000DD7AF /* AFURLConnectionOperation.m */,
				2040F06216382146000DD7AF /* AFXMLRequestOperation.h */,
				2040F06316382146000DD7AF /* AFXMLRequestOperation.m */,
				2040F06416382146000DD7AF /* SBJson */,
				2040F07E16382146000DD7AF /* UIImageView+AFNetworking.h */,
				2040F07F16382146000DD7AF /* UIImageView+AFNetworking.m */,
			);
			name = AFNetworking;
			path = ../AFNetworking;
			sourceTree = "<group>";
		};
		2040F06416382146000DD7AF /* SBJson */ = {
			isa = PBXGroup;
			children = (
				2040F06516382146000DD7AF /* NSObject+SBJson.h */,
				2040F06616382146000DD7AF /* NSObject+SBJson.m */,
				2040F06716382146000DD7AF /* SBJson.h */,
				2040F06816382146000DD7AF /* SBJsonParser.h */,
				2040F06916382146000DD7AF /* SBJsonParser.m */,
				2040F06A16382146000DD7AF /* SBJsonStreamParser.h */,
				2040F06B16382146000DD7AF /* SBJsonStreamParser.m */,
				2040F06C16382146000DD7AF /* SBJsonStreamParserAccumulator.h */,
				2040F06D16382146000DD7AF /* SBJsonStreamParserAccumulator.m */,
				2040F06E16382146000DD7AF /* SBJsonStreamParserAdapter.h */,
				2040F06F16382146000DD7AF /* SBJsonStreamParserAdapter.m */,
				2040F07016382146000DD7AF /* SBJsonStreamParserState.h */,
				2040F07116382146000DD7AF /* SBJsonStreamParserState.m */,
				2040F07216382146000DD7AF /* SBJsonStreamWriter.h */,
				2040F07316382146000DD7AF /* SBJsonStreamWriter.m */,
				2040F07416382146000DD7AF /* SBJsonStreamWriterAccumulator.h */,
				2040F07516382146000DD7AF /* SBJsonStreamWriterAccumulator.m */,
				2040F07616382146000DD7AF /* SBJsonStreamWriterState.h */,
				2040F07716382146000DD7AF /* SBJsonStreamWriterState.m */,
				2040F07816382146000DD7AF /* SBJsonTokeniser.h */,
				2040F07916382146000DD7AF /* SBJsonTokeniser.m */,
				2040F07A16382146000DD7AF /* SBJsonUTF8Stream.h */,
				2040F07B16382146000DD7AF /* SBJsonUTF8Stream.m */,
				2040F07C16382146000DD7AF /* SBJsonWriter.h */,
				2040F07D16382146000DD7AF /* SBJsonWriter.m */,
			);
			path = SBJson;
			sourceTree = "<group>";
		};
		2054947A15B5A8CB00B781DD /* Categorie */ = {
			isa = PBXGroup;
			children = (
				2054947B15B5A8F600B781DD /* UIImage+Alpha.h */,
				2054947C15B5A8F600B781DD /* UIImage+Resize.m */,
				2054947D15B5A8F600B781DD /* UIImage+Resize.h */,
				2054947E15B5A8F600B781DD /* UIImage+RoundedCorner.h */,
				2054947F15B5A8F600B781DD /* UIImage+Alpha.m */,
				2054948015B5A8F600B781DD /* UIImage+RoundedCorner.m */,
				2054948115B5A8F600B781DD /* UIAlertView+error.m */,
				2054948215B5A8F600B781DD /* UIAlertView+error.h */,
				2021FCE6164A9DD900DEA17A /* NSString+Date.h */,
				2021FCE7164A9DD900DEA17A /* NSString+Date.m */,
			);
			path = Categorie;
			sourceTree = "<group>";
		};
		2058DBF514975AF200E3B0B1 = {
			isa = PBXGroup;
			children = (
				2043878E161991E100A1A7B3 /* AdSupport.framework */,
				2043878C161991DB00A1A7B3 /* Social.framework */,
				20438789161991D600A1A7B3 /* Accounts.framework */,
				200328D2161722E200816758 /* Default-568h@2x.png */,
				208D889815B6C0FE0018BE2F /* CoreImage.framework */,
				2054947A15B5A8CB00B781DD /* Categorie */,
				20E6A586156CD7C200D4F202 /* MobileCoreServices.framework */,
				20E6A584156CD7B600D4F202 /* SystemConfiguration.framework */,
				20E6A582156CD7A700D4F202 /* CFNetwork.framework */,
				20E6A57E156CD75A00D4F202 /* MBProgressHUD */,
				20C850701557D4A60065FB75 /* MapKit.framework */,
				202208C8149A56D200686C86 /* libz.dylib */,
				2058DC0A14975AF200E3B0B1 /* SocialMuseum */,
				2058DC3614975AF300E3B0B1 /* SocialMuseumTests */,
				20E7D4A31497A23D00F68D1D /* Resources */,
				2058DC0314975AF200E3B0B1 /* Frameworks */,
				2058DC0114975AF200E3B0B1 /* Products */,
			);
			sourceTree = "<group>";
		};
		2058DC0114975AF200E3B0B1 /* Products */ = {
			isa = PBXGroup;
			children = (
				2058DC0014975AF200E3B0B1 /* SocialMuseum.app */,
				2058DC2F14975AF300E3B0B1 /* SocialMuseumTests.octest */,
			);
			name = Products;
			sourceTree = "<group>";
		};
		2058DC0314975AF200E3B0B1 /* Frameworks */ = {
			isa = PBXGroup;
			children = (
				204387921619922C00A1A7B3 /* FacebookSDKResources.bundle */,
				204387901619922000A1A7B3 /* FacebookSDK.framework */,
				20E7D4A014979CF900F68D1D /* QuartzCore.framework */,
				2058DC0414975AF200E3B0B1 /* UIKit.framework */,
				2058DC0614975AF200E3B0B1 /* Foundation.framework */,
				2058DC0814975AF200E3B0B1 /* CoreGraphics.framework */,
				2058DC3014975AF300E3B0B1 /* SenTestingKit.framework */,
			);
			name = Frameworks;
			sourceTree = "<group>";
		};
		2058DC0A14975AF200E3B0B1 /* SocialMuseum */ = {
			isa = PBXGroup;
			children = (
				2040F02516354A7B000DD7AF /* MGBox */,
				208FC32716105CDA00418BB8 /* Singleton */,
				208FC32616105CB500418BB8 /* Utility */,
				208FC325160FB29E00418BB8 /* ViewControllers */,
				200E136C149F888C00780689 /* Moods */,
				200E1367149F84CB00780689 /* Artworks */,
				2058DC1614975AF300E3B0B1 /* MainStoryboard_iPhone.storyboard */,
				2058DC0B14975AF200E3B0B1 /* Supporting Files */,
			);
			path = SocialMuseum;
			sourceTree = "<group>";
		};
		2058DC0B14975AF200E3B0B1 /* Supporting Files */ = {
			isa = PBXGroup;
			children = (
				208FC33B1610712F00418BB8 /* images */,
				2058DC0C14975AF200E3B0B1 /* SocialMuseum-Info.plist */,
				2058DC0D14975AF200E3B0B1 /* InfoPlist.strings */,
				2058DC1014975AF200E3B0B1 /* main.m */,
				2058DC1214975AF200E3B0B1 /* SocialMuseum-Prefix.pch */,
			);
			name = "Supporting Files";
			sourceTree = "<group>";
		};
		2058DC3614975AF300E3B0B1 /* SocialMuseumTests */ = {
			isa = PBXGroup;
			children = (
				2058DC3C14975AF300E3B0B1 /* SocialMuseumTests.h */,
				2058DC3D14975AF300E3B0B1 /* SocialMuseumTests.m */,
				2058DC3714975AF300E3B0B1 /* Supporting Files */,
			);
			path = SocialMuseumTests;
			sourceTree = "<group>";
		};
		2058DC3714975AF300E3B0B1 /* Supporting Files */ = {
			isa = PBXGroup;
			children = (
				2058DC3814975AF300E3B0B1 /* SocialMuseumTests-Info.plist */,
				2058DC3914975AF300E3B0B1 /* InfoPlist.strings */,
			);
			name = "Supporting Files";
			sourceTree = "<group>";
		};
		208FC325160FB29E00418BB8 /* ViewControllers */ = {
			isa = PBXGroup;
			children = (
				202B8BC21602268A008CF5EE /* Profile */,
				200450C9157E0A6D00708E03 /* OperaViewController.h */,
				200450CA157E0A6E00708E03 /* OperaViewController.m */,
				20F3A557159B3BAE00A296F4 /* UpdateViewController.h */,
				20F3A558159B3BAE00A296F4 /* UpdateViewController.m */,
				20F3A562159B516100A296F4 /* AddCommentViewController.h */,
				20F3A563159B516100A296F4 /* AddCommentViewController.m */,
				208EEDD915C13B96000F5E76 /* ChunkViewController.h */,
				208EEDDA15C13B96000F5E76 /* ChunkViewController.m */,
				208D888915B6BE270018BE2F /* StreamScreen.h */,
				208D888A15B6BE280018BE2F /* StreamScreen.m */,
				208D889415B6C0D80018BE2F /* PhotoScreen.h */,
				208D889515B6C0D90018BE2F /* PhotoScreen.m */,
				208D888F15B6C0BE0018BE2F /* StreamPhotoScreen.h */,
				208D889015B6C0BF0018BE2F /* StreamPhotoScreen.m */,
				20C850721557D67F0065FB75 /* LocationViewController.h */,
				20C850731557D67F0065FB75 /* LocationViewController.m */,
				20304B3415F9EE920079FF13 /* LoginViewController.h */,
				20304B3515F9EE920079FF13 /* LoginViewController.m */,
			);
			name = ViewControllers;
			sourceTree = "<group>";
		};
		208FC32616105CB500418BB8 /* Utility */ = {
			isa = PBXGroup;
			children = (
				2040F05016382146000DD7AF /* AFNetworking */,
				20C850771557E00E0065FB75 /* SMAnnotation.h */,
				20C850781557E00E0065FB75 /* SMAnnotation.m */,
				206763E615C98BB300447E72 /* PullToRefreshView.h */,
				206763E715C98BB300447E72 /* PullToRefreshView.m */,
				208D888C15B6C09D0018BE2F /* PhotoView.h */,
				208D888D15B6C09D0018BE2F /* PhotoView.m */,
			);
			name = Utility;
			sourceTree = "<group>";
		};
		208FC32716105CDA00418BB8 /* Singleton */ = {
			isa = PBXGroup;
			children = (
				2054947615B59F8900B781DD /* API.m */,
				2054947715B59F8900B781DD /* API.h */,
				2058DC1314975AF300E3B0B1 /* AppDelegate.h */,
				2058DC1414975AF300E3B0B1 /* AppDelegate.m */,
			);
			name = Singleton;
			sourceTree = "<group>";
		};
		208FC33B1610712F00418BB8 /* images */ = {
			isa = PBXGroup;
			children = (
				20E1DC6416516D4A005E3D02 /* texture.jpg */,
				208FC33C1610713C00418BB8 /* placeholder2.png */,
			);
			name = images;
			sourceTree = "<group>";
		};
		20BD116414A0A7B100B0F775 /* Mood */ = {
			isa = PBXGroup;
			children = (
				20BD116514A0A7C200B0F775 /* 1Star.png */,
				20BD116614A0A7C200B0F775 /* 1Star@2x.png */,
				20BD116714A0A7C200B0F775 /* 1StarSmall.png */,
				20BD116814A0A7C200B0F775 /* 1StarSmall@2x.png */,
				20BD116914A0A7C200B0F775 /* 2Stars.png */,
				20BD116A14A0A7C200B0F775 /* 2Stars@2x.png */,
				20BD116B14A0A7C200B0F775 /* 2StarsSmall.png */,
				20BD116C14A0A7C200B0F775 /* 2StarsSmall@2x.png */,
				20BD116D14A0A7C200B0F775 /* 3Stars.png */,
				20BD116E14A0A7C200B0F775 /* 3Stars@2x.png */,
				20BD116F14A0A7C200B0F775 /* 3StarsSmall.png */,
				20BD117014A0A7C200B0F775 /* 3StarsSmall@2x.png */,
				20BD117114A0A7C200B0F775 /* 4Stars.png */,
				20BD117214A0A7C200B0F775 /* 4Stars@2x.png */,
				20BD117314A0A7C200B0F775 /* 4StarsSmall.png */,
				20BD117414A0A7C200B0F775 /* 4StarsSmall@2x.png */,
				20BD117514A0A7C200B0F775 /* 5Stars.png */,
				20BD117614A0A7C200B0F775 /* 5Stars@2x.png */,
				20BD117714A0A7C200B0F775 /* 5StarsSmall.png */,
				20BD117814A0A7C200B0F775 /* 5StarsSmall@2x.png */,
				20BD117914A0A7C200B0F775 /* Gestures.png */,
				20BD117A14A0A7C200B0F775 /* Gestures@2x.png */,
				20BD117B14A0A7C200B0F775 /* Players.png */,
				20BD117C14A0A7C200B0F775 /* Players@2x.png */,
			);
			name = Mood;
			sourceTree = "<group>";
		};
		20E6A57E156CD75A00D4F202 /* MBProgressHUD */ = {
			isa = PBXGroup;
			children = (
				20E6A57F156CD76900D4F202 /* MBProgressHUD.h */,
				20E6A580156CD76900D4F202 /* MBProgressHUD.m */,
			);
			name = MBProgressHUD;
			sourceTree = "<group>";
		};
		20E7D4A31497A23D00F68D1D /* Resources */ = {
			isa = PBXGroup;
			children = (
				205D9105162ACBE500F65CF0 /* consigli.png */,
				202B8BC716023815008CF5EE /* select-location.png */,
				207EE7F615C03F020085F153 /* location.png */,
				207EE7F315C03E440085F153 /* location@2x.png */,
				208D888715B6BBC90018BE2F /* placeholder.png */,
				2058DC2814975AF300E3B0B1 /* second@2x.png */,
				2058DC2614975AF300E3B0B1 /* second.png */,
				2058DC2114975AF300E3B0B1 /* first@2x.png */,
				2058DC1F14975AF300E3B0B1 /* first.png */,
				20BD116414A0A7B100B0F775 /* Mood */,
			);
			name = Resources;
			sourceTree = "<group>";
		};
/* End PBXGroup section */

/* Begin PBXNativeTarget section */
		2058DBFF14975AF200E3B0B1 /* SocialMuseum */ = {
			isa = PBXNativeTarget;
			buildConfigurationList = 2058DC4114975AF300E3B0B1 /* Build configuration list for PBXNativeTarget "SocialMuseum" */;
			buildPhases = (
				2058DBFC14975AF200E3B0B1 /* Sources */,
				2058DBFD14975AF200E3B0B1 /* Frameworks */,
				2058DBFE14975AF200E3B0B1 /* Resources */,
			);
			buildRules = (
			);
			dependencies = (
			);
			name = SocialMuseum;
			productName = SocialMuseum;
			productReference = 2058DC0014975AF200E3B0B1 /* SocialMuseum.app */;
			productType = "com.apple.product-type.application";
		};
		2058DC2E14975AF300E3B0B1 /* SocialMuseumTests */ = {
			isa = PBXNativeTarget;
			buildConfigurationList = 2058DC4414975AF300E3B0B1 /* Build configuration list for PBXNativeTarget "SocialMuseumTests" */;
			buildPhases = (
				2058DC2A14975AF300E3B0B1 /* Sources */,
				2058DC2B14975AF300E3B0B1 /* Frameworks */,
				2058DC2C14975AF300E3B0B1 /* Resources */,
				2058DC2D14975AF300E3B0B1 /* ShellScript */,
			);
			buildRules = (
			);
			dependencies = (
				2058DC3514975AF300E3B0B1 /* PBXTargetDependency */,
			);
			name = SocialMuseumTests;
			productName = SocialMuseumTests;
			productReference = 2058DC2F14975AF300E3B0B1 /* SocialMuseumTests.octest */;
			productType = "com.apple.product-type.bundle";
		};
/* End PBXNativeTarget section */

/* Begin PBXProject section */
		2058DBF714975AF200E3B0B1 /* Project object */ = {
			isa = PBXProject;
			attributes = {
				LastUpgradeCheck = 0450;
				ORGANIZATIONNAME = Lapenta;
			};
			buildConfigurationList = 2058DBFA14975AF200E3B0B1 /* Build configuration list for PBXProject "SocialMuseum" */;
			compatibilityVersion = "Xcode 3.2";
			developmentRegion = English;
			hasScannedForEncodings = 0;
			knownRegions = (
				en,
			);
			mainGroup = 2058DBF514975AF200E3B0B1;
			productRefGroup = 2058DC0114975AF200E3B0B1 /* Products */;
			projectDirPath = "";
			projectRoot = "";
			targets = (
				2058DBFF14975AF200E3B0B1 /* SocialMuseum */,
				2058DC2E14975AF300E3B0B1 /* SocialMuseumTests */,
			);
		};
/* End PBXProject section */

/* Begin PBXResourcesBuildPhase section */
		2058DBFE14975AF200E3B0B1 /* Resources */ = {
			isa = PBXResourcesBuildPhase;
			buildActionMask = 2147483647;
			files = (
				2058DC0F14975AF200E3B0B1 /* InfoPlist.strings in Resources */,
				2058DC1814975AF300E3B0B1 /* MainStoryboard_iPhone.storyboard in Resources */,
				2058DC2014975AF300E3B0B1 /* first.png in Resources */,
				2058DC2214975AF300E3B0B1 /* first@2x.png in Resources */,
				2058DC2714975AF300E3B0B1 /* second.png in Resources */,
				2058DC2914975AF300E3B0B1 /* second@2x.png in Resources */,
				20BD117D14A0A7C200B0F775 /* 1Star.png in Resources */,
				20BD117E14A0A7C200B0F775 /* 1Star@2x.png in Resources */,
				20BD117F14A0A7C200B0F775 /* 1StarSmall.png in Resources */,
				20BD118014A0A7C200B0F775 /* 1StarSmall@2x.png in Resources */,
				20BD118114A0A7C200B0F775 /* 2Stars.png in Resources */,
				20BD118214A0A7C200B0F775 /* 2Stars@2x.png in Resources */,
				20BD118314A0A7C200B0F775 /* 2StarsSmall.png in Resources */,
				20BD118414A0A7C200B0F775 /* 2StarsSmall@2x.png in Resources */,
				20BD118514A0A7C200B0F775 /* 3Stars.png in Resources */,
				20BD118614A0A7C200B0F775 /* 3Stars@2x.png in Resources */,
				20BD118714A0A7C200B0F775 /* 3StarsSmall.png in Resources */,
				20BD118814A0A7C200B0F775 /* 3StarsSmall@2x.png in Resources */,
				20BD118914A0A7C200B0F775 /* 4Stars.png in Resources */,
				20BD118A14A0A7C200B0F775 /* 4Stars@2x.png in Resources */,
				20BD118B14A0A7C200B0F775 /* 4StarsSmall.png in Resources */,
				20BD118C14A0A7C200B0F775 /* 4StarsSmall@2x.png in Resources */,
				20BD118D14A0A7C200B0F775 /* 5Stars.png in Resources */,
				20BD118E14A0A7C200B0F775 /* 5Stars@2x.png in Resources */,
				20BD118F14A0A7C200B0F775 /* 5StarsSmall.png in Resources */,
				20BD119014A0A7C200B0F775 /* 5StarsSmall@2x.png in Resources */,
				20BD119114A0A7C200B0F775 /* Gestures.png in Resources */,
				20BD119214A0A7C200B0F775 /* Gestures@2x.png in Resources */,
				20BD119314A0A7C200B0F775 /* Players.png in Resources */,
				20BD119414A0A7C200B0F775 /* Players@2x.png in Resources */,
				208D888815B6BBC90018BE2F /* placeholder.png in Resources */,
				207EE7F415C03E440085F153 /* location@2x.png in Resources */,
				207EE7F715C03F020085F153 /* location.png in Resources */,
				202B8BC816023816008CF5EE /* select-location.png in Resources */,
				208FC33D1610713C00418BB8 /* placeholder2.png in Resources */,
				200328D3161722E200816758 /* Default-568h@2x.png in Resources */,
				204387931619922C00A1A7B3 /* FacebookSDKResources.bundle in Resources */,
				205D9106162ACBE500F65CF0 /* consigli.png in Resources */,
				20E1DC6516516D4A005E3D02 /* texture.jpg in Resources */,
			);
			runOnlyForDeploymentPostprocessing = 0;
		};
		2058DC2C14975AF300E3B0B1 /* Resources */ = {
			isa = PBXResourcesBuildPhase;
			buildActionMask = 2147483647;
			files = (
				2058DC3B14975AF300E3B0B1 /* InfoPlist.strings in Resources */,
			);
			runOnlyForDeploymentPostprocessing = 0;
		};
/* End PBXResourcesBuildPhase section */

/* Begin PBXShellScriptBuildPhase section */
		2058DC2D14975AF300E3B0B1 /* ShellScript */ = {
			isa = PBXShellScriptBuildPhase;
			buildActionMask = 2147483647;
			files = (
			);
			inputPaths = (
			);
			outputPaths = (
			);
			runOnlyForDeploymentPostprocessing = 0;
			shellPath = /bin/sh;
			shellScript = "# Run the unit tests in this test bundle.\n\"${SYSTEM_DEVELOPER_DIR}/Tools/RunUnitTests\"\n";
		};
/* End PBXShellScriptBuildPhase section */

/* Begin PBXSourcesBuildPhase section */
		2058DBFC14975AF200E3B0B1 /* Sources */ = {
			isa = PBXSourcesBuildPhase;
			buildActionMask = 2147483647;
			files = (
				2058DC1114975AF200E3B0B1 /* main.m in Sources */,
				2058DC1514975AF300E3B0B1 /* AppDelegate.m in Sources */,
				200E136F149F88B300780689 /* Mood.m in Sources */,
				20E120A4149F8B3400AFEADC /* MoodViewController.m in Sources */,
				20BD119714A0A83900B0F775 /* MoodCell.m in Sources */,
				20C850741557D67F0065FB75 /* LocationViewController.m in Sources */,
				20C850791557E00E0065FB75 /* SMAnnotation.m in Sources */,
				20E6A581156CD76900D4F202 /* MBProgressHUD.m in Sources */,
				200450CB157E0A6E00708E03 /* OperaViewController.m in Sources */,
				200450CF157E0C9100708E03 /* ArtWork.m in Sources */,
				20F3A559159B3BAE00A296F4 /* UpdateViewController.m in Sources */,
				20F3A564159B516100A296F4 /* AddCommentViewController.m in Sources */,
				2054947915B5A7F700B781DD /* API.m in Sources */,
				2054948315B5A8F600B781DD /* UIImage+Resize.m in Sources */,
				2054948415B5A8F600B781DD /* UIImage+Alpha.m in Sources */,
				2054948515B5A8F600B781DD /* UIImage+RoundedCorner.m in Sources */,
				2054948615B5A8F600B781DD /* UIAlertView+error.m in Sources */,
				208D888B15B6BE280018BE2F /* StreamScreen.m in Sources */,
				208D888E15B6C09D0018BE2F /* PhotoView.m in Sources */,
				208D889115B6C0C00018BE2F /* StreamPhotoScreen.m in Sources */,
				208D889715B6C0D90018BE2F /* PhotoScreen.m in Sources */,
				208EEDDB15C13B96000F5E76 /* ChunkViewController.m in Sources */,
				206763E815C98BB400447E72 /* PullToRefreshView.m in Sources */,
				20304B3615F9EE920079FF13 /* LoginViewController.m in Sources */,
				202B8BC61602269E008CF5EE /* ProfileViewController.m in Sources */,
				2040F04116354A7B000DD7AF /* NSObject+MGEvents.m in Sources */,
				2040F04216354A7B000DD7AF /* UIControl+MGEvents.m in Sources */,
				2040F04316354A7B000DD7AF /* UIResponder+FirstResponder.m in Sources */,
				2040F04416354A7B000DD7AF /* UIView+MGEasyFrame.m in Sources */,
				2040F04516354A7B000DD7AF /* MGBlockWrapper.m in Sources */,
				2040F04616354A7B000DD7AF /* MGBox.m in Sources */,
				2040F04716354A7B000DD7AF /* MGButton.m in Sources */,
				2040F04816354A7B000DD7AF /* MGLayoutManager.m in Sources */,
				2040F04916354A7B000DD7AF /* MGLine.m in Sources */,
				2040F04A16354A7B000DD7AF /* MGScrollView.m in Sources */,
				2040F04B16354A7B000DD7AF /* MGTableBox.m in Sources */,
				2040F04C16354A7B000DD7AF /* MGTableBoxStyled.m in Sources */,
				2040F04F16354D3F000DD7AF /* PhotoBox.m in Sources */,
				2040F08016382146000DD7AF /* AFHTTPClient.m in Sources */,
				2040F08116382146000DD7AF /* AFHTTPRequestOperation.m in Sources */,
				2040F08216382146000DD7AF /* AFImageRequestOperation.m in Sources */,
				2040F08316382146000DD7AF /* AFJSONRequestOperation.m in Sources */,
				2040F08416382146000DD7AF /* AFJSONUtilities.m in Sources */,
				2040F08516382146000DD7AF /* AFNetworkActivityIndicatorManager.m in Sources */,
				2040F08616382146000DD7AF /* AFPropertyListRequestOperation.m in Sources */,
				2040F08716382146000DD7AF /* AFURLConnectionOperation.m in Sources */,
				2040F08816382146000DD7AF /* AFXMLRequestOperation.m in Sources */,
				2040F08916382146000DD7AF /* NSObject+SBJson.m in Sources */,
				2040F08A16382146000DD7AF /* SBJsonParser.m in Sources */,
				2040F08B16382146000DD7AF /* SBJsonStreamParser.m in Sources */,
				2040F08C16382146000DD7AF /* SBJsonStreamParserAccumulator.m in Sources */,
				2040F08D16382146000DD7AF /* SBJsonStreamParserAdapter.m in Sources */,
				2040F08E16382146000DD7AF /* SBJsonStreamParserState.m in Sources */,
				2040F08F16382146000DD7AF /* SBJsonStreamWriter.m in Sources */,
				2040F09016382146000DD7AF /* SBJsonStreamWriterAccumulator.m in Sources */,
				2040F09116382146000DD7AF /* SBJsonStreamWriterState.m in Sources */,
				2040F09216382146000DD7AF /* SBJsonTokeniser.m in Sources */,
				2040F09316382146000DD7AF /* SBJsonUTF8Stream.m in Sources */,
				2040F09416382146000DD7AF /* SBJsonWriter.m in Sources */,
				2040F09516382146000DD7AF /* UIImageView+AFNetworking.m in Sources */,
				2021FCE8164A9DD900DEA17A /* NSString+Date.m in Sources */,
			);
			runOnlyForDeploymentPostprocessing = 0;
		};
		2058DC2A14975AF300E3B0B1 /* Sources */ = {
			isa = PBXSourcesBuildPhase;
			buildActionMask = 2147483647;
			files = (
				2058DC3E14975AF300E3B0B1 /* SocialMuseumTests.m in Sources */,
			);
			runOnlyForDeploymentPostprocessing = 0;
		};
/* End PBXSourcesBuildPhase section */

/* Begin PBXTargetDependency section */
		2058DC3514975AF300E3B0B1 /* PBXTargetDependency */ = {
			isa = PBXTargetDependency;
			target = 2058DBFF14975AF200E3B0B1 /* SocialMuseum */;
			targetProxy = 2058DC3414975AF300E3B0B1 /* PBXContainerItemProxy */;
		};
/* End PBXTargetDependency section */

/* Begin PBXVariantGroup section */
		2058DC0D14975AF200E3B0B1 /* InfoPlist.strings */ = {
			isa = PBXVariantGroup;
			children = (
				2058DC0E14975AF200E3B0B1 /* en */,
			);
			name = InfoPlist.strings;
			sourceTree = "<group>";
		};
		2058DC1614975AF300E3B0B1 /* MainStoryboard_iPhone.storyboard */ = {
			isa = PBXVariantGroup;
			children = (
				2058DC1714975AF300E3B0B1 /* en */,
			);
			name = MainStoryboard_iPhone.storyboard;
			sourceTree = "<group>";
		};
		2058DC3914975AF300E3B0B1 /* InfoPlist.strings */ = {
			isa = PBXVariantGroup;
			children = (
				2058DC3A14975AF300E3B0B1 /* en */,
			);
			name = InfoPlist.strings;
			sourceTree = "<group>";
		};
/* End PBXVariantGroup section */

/* Begin XCBuildConfiguration section */
		2058DC3F14975AF300E3B0B1 /* Debug */ = {
			isa = XCBuildConfiguration;
			buildSettings = {
				ALWAYS_SEARCH_USER_PATHS = NO;
				ARCHS = "$(ARCHS_STANDARD_32_BIT)";
				CLANG_ENABLE_OBJC_ARC = YES;
				CODE_SIGN_IDENTITY = "iPhone Developer: Giuseppe Lapenta (ZQ7D368422)";
				"CODE_SIGN_IDENTITY[sdk=*]" = "iPhone Developer: Giuseppe Lapenta (ZQ7D368422)";
				COPY_PHASE_STRIP = NO;
				GCC_C_LANGUAGE_STANDARD = gnu99;
				GCC_DYNAMIC_NO_PIC = NO;
				GCC_OPTIMIZATION_LEVEL = 0;
				GCC_PREPROCESSOR_DEFINITIONS = (
					"DEBUG=1",
					"$(inherited)",
				);
				GCC_SYMBOLS_PRIVATE_EXTERN = NO;
				GCC_VERSION = com.apple.compilers.llvm.clang.1_0;
				GCC_WARN_ABOUT_MISSING_PROTOTYPES = YES;
				GCC_WARN_ABOUT_RETURN_TYPE = YES;
				GCC_WARN_UNUSED_VARIABLE = YES;
				IPHONEOS_DEPLOYMENT_TARGET = 4.3;
				PROVISIONING_PROFILE = "432B6E5F-DE36-40C4-9458-B9773FFBBF3C";
				"PROVISIONING_PROFILE[sdk=*]" = "432B6E5F-DE36-40C4-9458-B9773FFBBF3C";
				SDKROOT = iphoneos;
				TARGETED_DEVICE_FAMILY = 1;
			};
			name = Debug;
		};
		2058DC4014975AF300E3B0B1 /* Release */ = {
			isa = XCBuildConfiguration;
			buildSettings = {
				ALWAYS_SEARCH_USER_PATHS = NO;
				ARCHS = "$(ARCHS_STANDARD_32_BIT)";
				CLANG_ENABLE_OBJC_ARC = YES;
				CODE_SIGN_IDENTITY = "iPhone Developer: Giuseppe Lapenta (ZQ7D368422)";
				"CODE_SIGN_IDENTITY[sdk=*]" = "iPhone Developer: Giuseppe Lapenta (ZQ7D368422)";
				COPY_PHASE_STRIP = YES;
				GCC_C_LANGUAGE_STANDARD = gnu99;
				GCC_VERSION = com.apple.compilers.llvm.clang.1_0;
				GCC_WARN_ABOUT_MISSING_PROTOTYPES = YES;
				GCC_WARN_ABOUT_RETURN_TYPE = YES;
				GCC_WARN_UNUSED_VARIABLE = YES;
				IPHONEOS_DEPLOYMENT_TARGET = 4.3;
				OTHER_CFLAGS = "-DNS_BLOCK_ASSERTIONS=1";
				PROVISIONING_PROFILE = "432B6E5F-DE36-40C4-9458-B9773FFBBF3C";
				"PROVISIONING_PROFILE[sdk=*]" = "432B6E5F-DE36-40C4-9458-B9773FFBBF3C";
				SDKROOT = iphoneos;
				TARGETED_DEVICE_FAMILY = 1;
				VALIDATE_PRODUCT = YES;
			};
			name = Release;
		};
		2058DC4214975AF300E3B0B1 /* Debug */ = {
			isa = XCBuildConfiguration;
			buildSettings = {
				CLANG_ENABLE_OBJC_ARC = YES;
				FRAMEWORK_SEARCH_PATHS = (
					"$(inherited)",
					"\"$(SRCROOT)/../../../../Documents/FacebookSDK\"",
				);
				GCC_OPTIMIZATION_LEVEL = 0;
				GCC_PRECOMPILE_PREFIX_HEADER = YES;
				GCC_PREFIX_HEADER = "SocialMuseum/SocialMuseum-Prefix.pch";
				INFOPLIST_FILE = "SocialMuseum/SocialMuseum-Info.plist";
				IPHONEOS_DEPLOYMENT_TARGET = 5.0;
				OTHER_LDFLAGS = "-lsqlite3.0";
				PRODUCT_NAME = "$(TARGET_NAME)";
				RUN_CLANG_STATIC_ANALYZER = YES;
				WRAPPER_EXTENSION = app;
			};
			name = Debug;
		};
		2058DC4314975AF300E3B0B1 /* Release */ = {
			isa = XCBuildConfiguration;
			buildSettings = {
				CLANG_ENABLE_OBJC_ARC = YES;
				FRAMEWORK_SEARCH_PATHS = (
					"$(inherited)",
					"\"$(SRCROOT)/../../../../Documents/FacebookSDK\"",
				);
				GCC_OPTIMIZATION_LEVEL = s;
				GCC_PRECOMPILE_PREFIX_HEADER = YES;
				GCC_PREFIX_HEADER = "SocialMuseum/SocialMuseum-Prefix.pch";
				INFOPLIST_FILE = "SocialMuseum/SocialMuseum-Info.plist";
				IPHONEOS_DEPLOYMENT_TARGET = 5.0;
				OTHER_LDFLAGS = "-lsqlite3.0";
				PRODUCT_NAME = "$(TARGET_NAME)";
				RUN_CLANG_STATIC_ANALYZER = YES;
				WRAPPER_EXTENSION = app;
			};
			name = Release;
		};
		2058DC4514975AF300E3B0B1 /* Debug */ = {
			isa = XCBuildConfiguration;
			buildSettings = {
				BUNDLE_LOADER = "$(BUILT_PRODUCTS_DIR)/SocialMuseum.app/SocialMuseum";
				FRAMEWORK_SEARCH_PATHS = (
					"$(SDKROOT)/Developer/Library/Frameworks",
					"$(DEVELOPER_LIBRARY_DIR)/Frameworks",
				);
				GCC_PRECOMPILE_PREFIX_HEADER = YES;
				GCC_PREFIX_HEADER = "SocialMuseum/SocialMuseum-Prefix.pch";
				INFOPLIST_FILE = "SocialMuseumTests/SocialMuseumTests-Info.plist";
				PRODUCT_NAME = "$(TARGET_NAME)";
				TEST_HOST = "$(BUNDLE_LOADER)";
				WRAPPER_EXTENSION = octest;
			};
			name = Debug;
		};
		2058DC4614975AF300E3B0B1 /* Release */ = {
			isa = XCBuildConfiguration;
			buildSettings = {
				BUNDLE_LOADER = "$(BUILT_PRODUCTS_DIR)/SocialMuseum.app/SocialMuseum";
				FRAMEWORK_SEARCH_PATHS = (
					"$(SDKROOT)/Developer/Library/Frameworks",
					"$(DEVELOPER_LIBRARY_DIR)/Frameworks",
				);
				GCC_PRECOMPILE_PREFIX_HEADER = YES;
				GCC_PREFIX_HEADER = "SocialMuseum/SocialMuseum-Prefix.pch";
				INFOPLIST_FILE = "SocialMuseumTests/SocialMuseumTests-Info.plist";
				PRODUCT_NAME = "$(TARGET_NAME)";
				TEST_HOST = "$(BUNDLE_LOADER)";
				WRAPPER_EXTENSION = octest;
			};
			name = Release;
		};
/* End XCBuildConfiguration section */

/* Begin XCConfigurationList section */
		2058DBFA14975AF200E3B0B1 /* Build configuration list for PBXProject "SocialMuseum" */ = {
			isa = XCConfigurationList;
			buildConfigurations = (
				2058DC3F14975AF300E3B0B1 /* Debug */,
				2058DC4014975AF300E3B0B1 /* Release */,
			);
			defaultConfigurationIsVisible = 0;
			defaultConfigurationName = Release;
		};
		2058DC4114975AF300E3B0B1 /* Build configuration list for PBXNativeTarget "SocialMuseum" */ = {
			isa = XCConfigurationList;
			buildConfigurations = (
				2058DC4214975AF300E3B0B1 /* Debug */,
				2058DC4314975AF300E3B0B1 /* Release */,
			);
			defaultConfigurationIsVisible = 0;
			defaultConfigurationName = Release;
		};
		2058DC4414975AF300E3B0B1 /* Build configuration list for PBXNativeTarget "SocialMuseumTests" */ = {
			isa = XCConfigurationList;
			buildConfigurations = (
				2058DC4514975AF300E3B0B1 /* Debug */,
				2058DC4614975AF300E3B0B1 /* Release */,
			);
			defaultConfigurationIsVisible = 0;
			defaultConfigurationName = Release;
		};
/* End XCConfigurationList section */
	};
	rootObject = 2058DBF714975AF200E3B0B1 /* Project object */;
}
