// !$*UTF8*$!
{
	archiveVersion = 1;
	classes = {
	};
	objectVersion = 46;
	objects = {

/* Begin PBXBuildFile section */
		200450CB157E0A6E00708E03 /* OperaViewController.m in Sources */ = {isa = PBXBuildFile; fileRef = 200450CA157E0A6E00708E03 /* OperaViewController.m */; };
		200450CF157E0C9100708E03 /* ArtWork.m in Sources */ = {isa = PBXBuildFile; fileRef = 200450CE157E0C9100708E03 /* ArtWork.m */; };
		200E136F149F88B300780689 /* Mood.m in Sources */ = {isa = PBXBuildFile; fileRef = 200E136E149F88B300780689 /* Mood.m */; };
		202208C9149A56D200686C86 /* libz.dylib in Frameworks */ = {isa = PBXBuildFile; fileRef = 202208C8149A56D200686C86 /* libz.dylib */; };
		2054946C15B59F6900B781DD /* AFHTTPClient.m in Sources */ = {isa = PBXBuildFile; fileRef = 2054945815B59F6900B781DD /* AFHTTPClient.m */; settings = {COMPILER_FLAGS = "-fno-objc-arc"; }; };
		2054946D15B59F6900B781DD /* AFHTTPRequestOperation.m in Sources */ = {isa = PBXBuildFile; fileRef = 2054945A15B59F6900B781DD /* AFHTTPRequestOperation.m */; settings = {COMPILER_FLAGS = "-fno-objc-arc"; }; };
		2054946E15B59F6900B781DD /* AFImageRequestOperation.m in Sources */ = {isa = PBXBuildFile; fileRef = 2054945C15B59F6900B781DD /* AFImageRequestOperation.m */; settings = {COMPILER_FLAGS = "-fno-objc-arc"; }; };
		2054946F15B59F6900B781DD /* AFJSONRequestOperation.m in Sources */ = {isa = PBXBuildFile; fileRef = 2054945E15B59F6900B781DD /* AFJSONRequestOperation.m */; settings = {COMPILER_FLAGS = "-fno-objc-arc"; }; };
		2054947015B59F6900B781DD /* AFJSONUtilities.m in Sources */ = {isa = PBXBuildFile; fileRef = 2054946015B59F6900B781DD /* AFJSONUtilities.m */; settings = {COMPILER_FLAGS = "-fno-objc-arc"; }; };
		2054947115B59F6900B781DD /* AFNetworkActivityIndicatorManager.m in Sources */ = {isa = PBXBuildFile; fileRef = 2054946215B59F6900B781DD /* AFNetworkActivityIndicatorManager.m */; settings = {COMPILER_FLAGS = "-fno-objc-arc"; }; };
		2054947215B59F6900B781DD /* AFPropertyListRequestOperation.m in Sources */ = {isa = PBXBuildFile; fileRef = 2054946515B59F6900B781DD /* AFPropertyListRequestOperation.m */; settings = {COMPILER_FLAGS = "-fno-objc-arc"; }; };
		2054947315B59F6900B781DD /* AFURLConnectionOperation.m in Sources */ = {isa = PBXBuildFile; fileRef = 2054946715B59F6900B781DD /* AFURLConnectionOperation.m */; settings = {COMPILER_FLAGS = "-fno-objc-arc"; }; };
		2054947415B59F6900B781DD /* AFXMLRequestOperation.m in Sources */ = {isa = PBXBuildFile; fileRef = 2054946915B59F6900B781DD /* AFXMLRequestOperation.m */; settings = {COMPILER_FLAGS = "-fno-objc-arc"; }; };
		2054947515B59F6900B781DD /* UIImageView+AFNetworking.m in Sources */ = {isa = PBXBuildFile; fileRef = 2054946B15B59F6900B781DD /* UIImageView+AFNetworking.m */; settings = {COMPILER_FLAGS = "-fno-objc-arc"; }; };
		2054947915B5A7F700B781DD /* API.m in Sources */ = {isa = PBXBuildFile; fileRef = 2054947615B59F8900B781DD /* API.m */; };
		2054948315B5A8F600B781DD /* UIImage+Resize.m in Sources */ = {isa = PBXBuildFile; fileRef = 2054947C15B5A8F600B781DD /* UIImage+Resize.m */; };
		2054948415B5A8F600B781DD /* UIImage+Alpha.m in Sources */ = {isa = PBXBuildFile; fileRef = 2054947F15B5A8F600B781DD /* UIImage+Alpha.m */; };
		2054948515B5A8F600B781DD /* UIImage+RoundedCorner.m in Sources */ = {isa = PBXBuildFile; fileRef = 2054948015B5A8F600B781DD /* UIImage+RoundedCorner.m */; };
		2054948615B5A8F600B781DD /* UIAlertView+error.m in Sources */ = {isa = PBXBuildFile; fileRef = 2054948115B5A8F600B781DD /* UIAlertView+error.m */; };
		2058DC0514975AF200E3B0B1 /* UIKit.framework in Frameworks */ = {isa = PBXBuildFile; fileRef = 2058DC0414975AF200E3B0B1 /* UIKit.framework */; };
		2058DC0714975AF200E3B0B1 /* Foundation.framework in Frameworks */ = {isa = PBXBuildFile; fileRef = 2058DC0614975AF200E3B0B1 /* Foundation.framework */; };
		2058DC0914975AF200E3B0B1 /* CoreGraphics.framework in Frameworks */ = {isa = PBXBuildFile; fileRef = 2058DC0814975AF200E3B0B1 /* CoreGraphics.framework */; };
		2058DC0F14975AF200E3B0B1 /* InfoPlist.strings in Resources */ = {isa = PBXBuildFile; fileRef = 2058DC0D14975AF200E3B0B1 /* InfoPlist.strings */; };
		2058DC1114975AF200E3B0B1 /* main.m in Sources */ = {isa = PBXBuildFile; fileRef = 2058DC1014975AF200E3B0B1 /* main.m */; };
		2058DC1514975AF300E3B0B1 /* AppDelegate.m in Sources */ = {isa = PBXBuildFile; fileRef = 2058DC1414975AF300E3B0B1 /* AppDelegate.m */; };
		2058DC1814975AF300E3B0B1 /* MainStoryboard_iPhone.storyboard in Resources */ = {isa = PBXBuildFile; fileRef = 2058DC1614975AF300E3B0B1 /* MainStoryboard_iPhone.storyboard */; };
		2058DC2014975AF300E3B0B1 /* first.png in Resources */ = {isa = PBXBuildFile; fileRef = 2058DC1F14975AF300E3B0B1 /* first.png */; };
		2058DC2214975AF300E3B0B1 /* first@2x.png in Resources */ = {isa = PBXBuildFile; fileRef = 2058DC2114975AF300E3B0B1 /* first@2x.png */; };
		2058DC2714975AF300E3B0B1 /* second.png in Resources */ = {isa = PBXBuildFile; fileRef = 2058DC2614975AF300E3B0B1 /* second.png */; };
		2058DC2914975AF300E3B0B1 /* second@2x.png in Resources */ = {isa = PBXBuildFile; fileRef = 2058DC2814975AF300E3B0B1 /* second@2x.png */; };
		2058DC3114975AF300E3B0B1 /* SenTestingKit.framework in Frameworks */ = {isa = PBXBuildFile; fileRef = 2058DC3014975AF300E3B0B1 /* SenTestingKit.framework */; };
		2058DC3214975AF300E3B0B1 /* UIKit.framework in Frameworks */ = {isa = PBXBuildFile; fileRef = 2058DC0414975AF200E3B0B1 /* UIKit.framework */; };
		2058DC3314975AF300E3B0B1 /* Foundation.framework in Frameworks */ = {isa = PBXBuildFile; fileRef = 2058DC0614975AF200E3B0B1 /* Foundation.framework */; };
		2058DC3B14975AF300E3B0B1 /* InfoPlist.strings in Resources */ = {isa = PBXBuildFile; fileRef = 2058DC3914975AF300E3B0B1 /* InfoPlist.strings */; };
		2058DC3E14975AF300E3B0B1 /* SocialMuseumTests.m in Sources */ = {isa = PBXBuildFile; fileRef = 2058DC3D14975AF300E3B0B1 /* SocialMuseumTests.m */; };
		207EE7F415C03E440085F153 /* location@2x.png in Resources */ = {isa = PBXBuildFile; fileRef = 207EE7F315C03E440085F153 /* location@2x.png */; };
		207EE7F715C03F020085F153 /* location.png in Resources */ = {isa = PBXBuildFile; fileRef = 207EE7F615C03F020085F153 /* location.png */; };
		208D887B15B619430018BE2F /* NSObject+SBJson.m in Sources */ = {isa = PBXBuildFile; fileRef = 208D886315B619430018BE2F /* NSObject+SBJson.m */; };
		208D887C15B619430018BE2F /* SBJsonParser.m in Sources */ = {isa = PBXBuildFile; fileRef = 208D886615B619430018BE2F /* SBJsonParser.m */; };
		208D887D15B619430018BE2F /* SBJsonStreamParser.m in Sources */ = {isa = PBXBuildFile; fileRef = 208D886815B619430018BE2F /* SBJsonStreamParser.m */; };
		208D887E15B619430018BE2F /* SBJsonStreamParserAccumulator.m in Sources */ = {isa = PBXBuildFile; fileRef = 208D886A15B619430018BE2F /* SBJsonStreamParserAccumulator.m */; };
		208D887F15B619430018BE2F /* SBJsonStreamParserAdapter.m in Sources */ = {isa = PBXBuildFile; fileRef = 208D886C15B619430018BE2F /* SBJsonStreamParserAdapter.m */; };
		208D888015B619430018BE2F /* SBJsonStreamParserState.m in Sources */ = {isa = PBXBuildFile; fileRef = 208D886E15B619430018BE2F /* SBJsonStreamParserState.m */; };
		208D888115B619430018BE2F /* SBJsonStreamWriter.m in Sources */ = {isa = PBXBuildFile; fileRef = 208D887015B619430018BE2F /* SBJsonStreamWriter.m */; };
		208D888215B619430018BE2F /* SBJsonStreamWriterAccumulator.m in Sources */ = {isa = PBXBuildFile; fileRef = 208D887215B619430018BE2F /* SBJsonStreamWriterAccumulator.m */; };
		208D888315B619430018BE2F /* SBJsonStreamWriterState.m in Sources */ = {isa = PBXBuildFile; fileRef = 208D887415B619430018BE2F /* SBJsonStreamWriterState.m */; };
		208D888415B619430018BE2F /* SBJsonTokeniser.m in Sources */ = {isa = PBXBuildFile; fileRef = 208D887615B619430018BE2F /* SBJsonTokeniser.m */; };
		208D888515B619430018BE2F /* SBJsonUTF8Stream.m in Sources */ = {isa = PBXBuildFile; fileRef = 208D887815B619430018BE2F /* SBJsonUTF8Stream.m */; };
		208D888615B619430018BE2F /* SBJsonWriter.m in Sources */ = {isa = PBXBuildFile; fileRef = 208D887A15B619430018BE2F /* SBJsonWriter.m */; };
		208D888815B6BBC90018BE2F /* placeholder.png in Resources */ = {isa = PBXBuildFile; fileRef = 208D888715B6BBC90018BE2F /* placeholder.png */; };
		208D888B15B6BE280018BE2F /* StreamScreen.m in Sources */ = {isa = PBXBuildFile; fileRef = 208D888A15B6BE280018BE2F /* StreamScreen.m */; };
		208D888E15B6C09D0018BE2F /* PhotoView.m in Sources */ = {isa = PBXBuildFile; fileRef = 208D888D15B6C09D0018BE2F /* PhotoView.m */; };
		208D889115B6C0C00018BE2F /* StreamPhotoScreen.m in Sources */ = {isa = PBXBuildFile; fileRef = 208D889015B6C0BF0018BE2F /* StreamPhotoScreen.m */; };
		208D889615B6C0D90018BE2F /* LoginScreen.m in Sources */ = {isa = PBXBuildFile; fileRef = 208D889315B6C0D80018BE2F /* LoginScreen.m */; };
		208D889715B6C0D90018BE2F /* PhotoScreen.m in Sources */ = {isa = PBXBuildFile; fileRef = 208D889515B6C0D90018BE2F /* PhotoScreen.m */; };
		208D889915B6C0FE0018BE2F /* CoreImage.framework in Frameworks */ = {isa = PBXBuildFile; fileRef = 208D889815B6C0FE0018BE2F /* CoreImage.framework */; };
		208EEDDB15C13B96000F5E76 /* ChunkViewController.m in Sources */ = {isa = PBXBuildFile; fileRef = 208EEDDA15C13B96000F5E76 /* ChunkViewController.m */; };
		20BD117D14A0A7C200B0F775 /* 1Star.png in Resources */ = {isa = PBXBuildFile; fileRef = 20BD116514A0A7C200B0F775 /* 1Star.png */; };
		20BD117E14A0A7C200B0F775 /* 1Star@2x.png in Resources */ = {isa = PBXBuildFile; fileRef = 20BD116614A0A7C200B0F775 /* 1Star@2x.png */; };
		20BD117F14A0A7C200B0F775 /* 1StarSmall.png in Resources */ = {isa = PBXBuildFile; fileRef = 20BD116714A0A7C200B0F775 /* 1StarSmall.png */; };
		20BD118014A0A7C200B0F775 /* 1StarSmall@2x.png in Resources */ = {isa = PBXBuildFile; fileRef = 20BD116814A0A7C200B0F775 /* 1StarSmall@2x.png */; };
		20BD118114A0A7C200B0F775 /* 2Stars.png in Resources */ = {isa = PBXBuildFile; fileRef = 20BD116914A0A7C200B0F775 /* 2Stars.png */; };
		20BD118214A0A7C200B0F775 /* 2Stars@2x.png in Resources */ = {isa = PBXBuildFile; fileRef = 20BD116A14A0A7C200B0F775 /* 2Stars@2x.png */; };
		20BD118314A0A7C200B0F775 /* 2StarsSmall.png in Resources */ = {isa = PBXBuildFile; fileRef = 20BD116B14A0A7C200B0F775 /* 2StarsSmall.png */; };
		20BD118414A0A7C200B0F775 /* 2StarsSmall@2x.png in Resources */ = {isa = PBXBuildFile; fileRef = 20BD116C14A0A7C200B0F775 /* 2StarsSmall@2x.png */; };
		20BD118514A0A7C200B0F775 /* 3Stars.png in Resources */ = {isa = PBXBuildFile; fileRef = 20BD116D14A0A7C200B0F775 /* 3Stars.png */; };
		20BD118614A0A7C200B0F775 /* 3Stars@2x.png in Resources */ = {isa = PBXBuildFile; fileRef = 20BD116E14A0A7C200B0F775 /* 3Stars@2x.png */; };
		20BD118714A0A7C200B0F775 /* 3StarsSmall.png in Resources */ = {isa = PBXBuildFile; fileRef = 20BD116F14A0A7C200B0F775 /* 3StarsSmall.png */; };
		20BD118814A0A7C200B0F775 /* 3StarsSmall@2x.png in Resources */ = {isa = PBXBuildFile; fileRef = 20BD117014A0A7C200B0F775 /* 3StarsSmall@2x.png */; };
		20BD118914A0A7C200B0F775 /* 4Stars.png in Resources */ = {isa = PBXBuildFile; fileRef = 20BD117114A0A7C200B0F775 /* 4Stars.png */; };
		20BD118A14A0A7C200B0F775 /* 4Stars@2x.png in Resources */ = {isa = PBXBuildFile; fileRef = 20BD117214A0A7C200B0F775 /* 4Stars@2x.png */; };
		20BD118B14A0A7C200B0F775 /* 4StarsSmall.png in Resources */ = {isa = PBXBuildFile; fileRef = 20BD117314A0A7C200B0F775 /* 4StarsSmall.png */; };
		20BD118C14A0A7C200B0F775 /* 4StarsSmall@2x.png in Resources */ = {isa = PBXBuildFile; fileRef = 20BD117414A0A7C200B0F775 /* 4StarsSmall@2x.png */; };
		20BD118D14A0A7C200B0F775 /* 5Stars.png in Resources */ = {isa = PBXBuildFile; fileRef = 20BD117514A0A7C200B0F775 /* 5Stars.png */; };
		20BD118E14A0A7C200B0F775 /* 5Stars@2x.png in Resources */ = {isa = PBXBuildFile; fileRef = 20BD117614A0A7C200B0F775 /* 5Stars@2x.png */; };
		20BD118F14A0A7C200B0F775 /* 5StarsSmall.png in Resources */ = {isa = PBXBuildFile; fileRef = 20BD117714A0A7C200B0F775 /* 5StarsSmall.png */; };
		20BD119014A0A7C200B0F775 /* 5StarsSmall@2x.png in Resources */ = {isa = PBXBuildFile; fileRef = 20BD117814A0A7C200B0F775 /* 5StarsSmall@2x.png */; };
		20BD119114A0A7C200B0F775 /* Gestures.png in Resources */ = {isa = PBXBuildFile; fileRef = 20BD117914A0A7C200B0F775 /* Gestures.png */; };
		20BD119214A0A7C200B0F775 /* Gestures@2x.png in Resources */ = {isa = PBXBuildFile; fileRef = 20BD117A14A0A7C200B0F775 /* Gestures@2x.png */; };
		20BD119314A0A7C200B0F775 /* Players.png in Resources */ = {isa = PBXBuildFile; fileRef = 20BD117B14A0A7C200B0F775 /* Players.png */; };
		20BD119414A0A7C200B0F775 /* Players@2x.png in Resources */ = {isa = PBXBuildFile; fileRef = 20BD117C14A0A7C200B0F775 /* Players@2x.png */; };
		20BD119714A0A83900B0F775 /* MoodCell.m in Sources */ = {isa = PBXBuildFile; fileRef = 20BD119614A0A83900B0F775 /* MoodCell.m */; };
		20C850711557D4A60065FB75 /* MapKit.framework in Frameworks */ = {isa = PBXBuildFile; fileRef = 20C850701557D4A60065FB75 /* MapKit.framework */; };
		20C850741557D67F0065FB75 /* LocationViewController.m in Sources */ = {isa = PBXBuildFile; fileRef = 20C850731557D67F0065FB75 /* LocationViewController.m */; };
		20C850791557E00E0065FB75 /* SMAnnotation.m in Sources */ = {isa = PBXBuildFile; fileRef = 20C850781557E00E0065FB75 /* SMAnnotation.m */; };
		20E120A4149F8B3400AFEADC /* MoodViewController.m in Sources */ = {isa = PBXBuildFile; fileRef = 20E120A3149F8B3400AFEADC /* MoodViewController.m */; };
		20E6A581156CD76900D4F202 /* MBProgressHUD.m in Sources */ = {isa = PBXBuildFile; fileRef = 20E6A580156CD76900D4F202 /* MBProgressHUD.m */; settings = {COMPILER_FLAGS = "-fno-objc-arc"; }; };
		20E6A583156CD7A700D4F202 /* CFNetwork.framework in Frameworks */ = {isa = PBXBuildFile; fileRef = 20E6A582156CD7A700D4F202 /* CFNetwork.framework */; };
		20E6A585156CD7B600D4F202 /* SystemConfiguration.framework in Frameworks */ = {isa = PBXBuildFile; fileRef = 20E6A584156CD7B600D4F202 /* SystemConfiguration.framework */; };
		20E6A587156CD7C200D4F202 /* MobileCoreServices.framework in Frameworks */ = {isa = PBXBuildFile; fileRef = 20E6A586156CD7C200D4F202 /* MobileCoreServices.framework */; };
		20E7D4A214979D0B00F68D1D /* QuartzCore.framework in Frameworks */ = {isa = PBXBuildFile; fileRef = 20E7D4A014979CF900F68D1D /* QuartzCore.framework */; };
		20F3A559159B3BAE00A296F4 /* UpdateViewController.m in Sources */ = {isa = PBXBuildFile; fileRef = 20F3A558159B3BAE00A296F4 /* UpdateViewController.m */; };
		20F3A564159B516100A296F4 /* AddCommentViewController.m in Sources */ = {isa = PBXBuildFile; fileRef = 20F3A563159B516100A296F4 /* AddCommentViewController.m */; };
/* End PBXBuildFile section */

/* Begin PBXContainerItemProxy section */
		2058DC3414975AF300E3B0B1 /* PBXContainerItemProxy */ = {
			isa = PBXContainerItemProxy;
			containerPortal = 2058DBF714975AF200E3B0B1 /* Project object */;
			proxyType = 1;
			remoteGlobalIDString = 2058DBFF14975AF200E3B0B1;
			remoteInfo = SocialMuseum;
		};
/* End PBXContainerItemProxy section */

/* Begin PBXFileReference section */
		200450C9157E0A6D00708E03 /* OperaViewController.h */ = {isa = PBXFileReference; fileEncoding = 4; lastKnownFileType = sourcecode.c.h; path = OperaViewController.h; sourceTree = "<group>"; };
		200450CA157E0A6E00708E03 /* OperaViewController.m */ = {isa = PBXFileReference; fileEncoding = 4; lastKnownFileType = sourcecode.c.objc; path = OperaViewController.m; sourceTree = "<group>"; };
		200450CD157E0C9100708E03 /* ArtWork.h */ = {isa = PBXFileReference; fileEncoding = 4; lastKnownFileType = sourcecode.c.h; path = ArtWork.h; sourceTree = "<group>"; };
		200450CE157E0C9100708E03 /* ArtWork.m */ = {isa = PBXFileReference; fileEncoding = 4; lastKnownFileType = sourcecode.c.objc; path = ArtWork.m; sourceTree = "<group>"; };
		200E136D149F88B300780689 /* Mood.h */ = {isa = PBXFileReference; fileEncoding = 4; lastKnownFileType = sourcecode.c.h; path = Mood.h; sourceTree = "<group>"; };
		200E136E149F88B300780689 /* Mood.m */ = {isa = PBXFileReference; fileEncoding = 4; lastKnownFileType = sourcecode.c.objc; path = Mood.m; sourceTree = "<group>"; };
		202208C8149A56D200686C86 /* libz.dylib */ = {isa = PBXFileReference; lastKnownFileType = "compiled.mach-o.dylib"; name = libz.dylib; path = usr/lib/libz.dylib; sourceTree = SDKROOT; };
		2054945715B59F6900B781DD /* AFHTTPClient.h */ = {isa = PBXFileReference; fileEncoding = 4; lastKnownFileType = sourcecode.c.h; path = AFHTTPClient.h; sourceTree = "<group>"; };
		2054945815B59F6900B781DD /* AFHTTPClient.m */ = {isa = PBXFileReference; fileEncoding = 4; lastKnownFileType = sourcecode.c.objc; path = AFHTTPClient.m; sourceTree = "<group>"; };
		2054945915B59F6900B781DD /* AFHTTPRequestOperation.h */ = {isa = PBXFileReference; fileEncoding = 4; lastKnownFileType = sourcecode.c.h; path = AFHTTPRequestOperation.h; sourceTree = "<group>"; };
		2054945A15B59F6900B781DD /* AFHTTPRequestOperation.m */ = {isa = PBXFileReference; fileEncoding = 4; lastKnownFileType = sourcecode.c.objc; path = AFHTTPRequestOperation.m; sourceTree = "<group>"; };
		2054945B15B59F6900B781DD /* AFImageRequestOperation.h */ = {isa = PBXFileReference; fileEncoding = 4; lastKnownFileType = sourcecode.c.h; path = AFImageRequestOperation.h; sourceTree = "<group>"; };
		2054945C15B59F6900B781DD /* AFImageRequestOperation.m */ = {isa = PBXFileReference; fileEncoding = 4; lastKnownFileType = sourcecode.c.objc; path = AFImageRequestOperation.m; sourceTree = "<group>"; };
		2054945D15B59F6900B781DD /* AFJSONRequestOperation.h */ = {isa = PBXFileReference; fileEncoding = 4; lastKnownFileType = sourcecode.c.h; path = AFJSONRequestOperation.h; sourceTree = "<group>"; };
		2054945E15B59F6900B781DD /* AFJSONRequestOperation.m */ = {isa = PBXFileReference; fileEncoding = 4; lastKnownFileType = sourcecode.c.objc; path = AFJSONRequestOperation.m; sourceTree = "<group>"; };
		2054945F15B59F6900B781DD /* AFJSONUtilities.h */ = {isa = PBXFileReference; fileEncoding = 4; lastKnownFileType = sourcecode.c.h; path = AFJSONUtilities.h; sourceTree = "<group>"; };
		2054946015B59F6900B781DD /* AFJSONUtilities.m */ = {isa = PBXFileReference; fileEncoding = 4; lastKnownFileType = sourcecode.c.objc; path = AFJSONUtilities.m; sourceTree = "<group>"; };
		2054946115B59F6900B781DD /* AFNetworkActivityIndicatorManager.h */ = {isa = PBXFileReference; fileEncoding = 4; lastKnownFileType = sourcecode.c.h; path = AFNetworkActivityIndicatorManager.h; sourceTree = "<group>"; };
		2054946215B59F6900B781DD /* AFNetworkActivityIndicatorManager.m */ = {isa = PBXFileReference; fileEncoding = 4; lastKnownFileType = sourcecode.c.objc; path = AFNetworkActivityIndicatorManager.m; sourceTree = "<group>"; };
		2054946315B59F6900B781DD /* AFNetworking.h */ = {isa = PBXFileReference; fileEncoding = 4; lastKnownFileType = sourcecode.c.h; path = AFNetworking.h; sourceTree = "<group>"; };
		2054946415B59F6900B781DD /* AFPropertyListRequestOperation.h */ = {isa = PBXFileReference; fileEncoding = 4; lastKnownFileType = sourcecode.c.h; path = AFPropertyListRequestOperation.h; sourceTree = "<group>"; };
		2054946515B59F6900B781DD /* AFPropertyListRequestOperation.m */ = {isa = PBXFileReference; fileEncoding = 4; lastKnownFileType = sourcecode.c.objc; path = AFPropertyListRequestOperation.m; sourceTree = "<group>"; };
		2054946615B59F6900B781DD /* AFURLConnectionOperation.h */ = {isa = PBXFileReference; fileEncoding = 4; lastKnownFileType = sourcecode.c.h; path = AFURLConnectionOperation.h; sourceTree = "<group>"; };
		2054946715B59F6900B781DD /* AFURLConnectionOperation.m */ = {isa = PBXFileReference; fileEncoding = 4; lastKnownFileType = sourcecode.c.objc; path = AFURLConnectionOperation.m; sourceTree = "<group>"; };
		2054946815B59F6900B781DD /* AFXMLRequestOperation.h */ = {isa = PBXFileReference; fileEncoding = 4; lastKnownFileType = sourcecode.c.h; path = AFXMLRequestOperation.h; sourceTree = "<group>"; };
		2054946915B59F6900B781DD /* AFXMLRequestOperation.m */ = {isa = PBXFileReference; fileEncoding = 4; lastKnownFileType = sourcecode.c.objc; path = AFXMLRequestOperation.m; sourceTree = "<group>"; };
		2054946A15B59F6900B781DD /* UIImageView+AFNetworking.h */ = {isa = PBXFileReference; fileEncoding = 4; lastKnownFileType = sourcecode.c.h; path = "UIImageView+AFNetworking.h"; sourceTree = "<group>"; };
		2054946B15B59F6900B781DD /* UIImageView+AFNetworking.m */ = {isa = PBXFileReference; fileEncoding = 4; lastKnownFileType = sourcecode.c.objc; path = "UIImageView+AFNetworking.m"; sourceTree = "<group>"; };
		2054947615B59F8900B781DD /* API.m */ = {isa = PBXFileReference; fileEncoding = 4; lastKnownFileType = sourcecode.c.objc; path = API.m; sourceTree = "<group>"; };
		2054947715B59F8900B781DD /* API.h */ = {isa = PBXFileReference; fileEncoding = 4; lastKnownFileType = sourcecode.c.h; path = API.h; sourceTree = "<group>"; };
		2054947B15B5A8F600B781DD /* UIImage+Alpha.h */ = {isa = PBXFileReference; fileEncoding = 4; lastKnownFileType = sourcecode.c.h; path = "UIImage+Alpha.h"; sourceTree = "<group>"; };
		2054947C15B5A8F600B781DD /* UIImage+Resize.m */ = {isa = PBXFileReference; fileEncoding = 4; lastKnownFileType = sourcecode.c.objc; path = "UIImage+Resize.m"; sourceTree = "<group>"; };
		2054947D15B5A8F600B781DD /* UIImage+Resize.h */ = {isa = PBXFileReference; fileEncoding = 4; lastKnownFileType = sourcecode.c.h; path = "UIImage+Resize.h"; sourceTree = "<group>"; };
		2054947E15B5A8F600B781DD /* UIImage+RoundedCorner.h */ = {isa = PBXFileReference; fileEncoding = 4; lastKnownFileType = sourcecode.c.h; path = "UIImage+RoundedCorner.h"; sourceTree = "<group>"; };
		2054947F15B5A8F600B781DD /* UIImage+Alpha.m */ = {isa = PBXFileReference; fileEncoding = 4; lastKnownFileType = sourcecode.c.objc; path = "UIImage+Alpha.m"; sourceTree = "<group>"; };
		2054948015B5A8F600B781DD /* UIImage+RoundedCorner.m */ = {isa = PBXFileReference; fileEncoding = 4; lastKnownFileType = sourcecode.c.objc; path = "UIImage+RoundedCorner.m"; sourceTree = "<group>"; };
		2054948115B5A8F600B781DD /* UIAlertView+error.m */ = {isa = PBXFileReference; fileEncoding = 4; lastKnownFileType = sourcecode.c.objc; path = "UIAlertView+error.m"; sourceTree = "<group>"; };
		2054948215B5A8F600B781DD /* UIAlertView+error.h */ = {isa = PBXFileReference; fileEncoding = 4; lastKnownFileType = sourcecode.c.h; path = "UIAlertView+error.h"; sourceTree = "<group>"; };
		2058DC0014975AF200E3B0B1 /* SocialMuseum.app */ = {isa = PBXFileReference; explicitFileType = wrapper.application; includeInIndex = 0; path = SocialMuseum.app; sourceTree = BUILT_PRODUCTS_DIR; };
		2058DC0414975AF200E3B0B1 /* UIKit.framework */ = {isa = PBXFileReference; lastKnownFileType = wrapper.framework; name = UIKit.framework; path = System/Library/Frameworks/UIKit.framework; sourceTree = SDKROOT; };
		2058DC0614975AF200E3B0B1 /* Foundation.framework */ = {isa = PBXFileReference; lastKnownFileType = wrapper.framework; name = Foundation.framework; path = System/Library/Frameworks/Foundation.framework; sourceTree = SDKROOT; };
		2058DC0814975AF200E3B0B1 /* CoreGraphics.framework */ = {isa = PBXFileReference; lastKnownFileType = wrapper.framework; name = CoreGraphics.framework; path = System/Library/Frameworks/CoreGraphics.framework; sourceTree = SDKROOT; };
		2058DC0C14975AF200E3B0B1 /* SocialMuseum-Info.plist */ = {isa = PBXFileReference; lastKnownFileType = text.plist.xml; path = "SocialMuseum-Info.plist"; sourceTree = "<group>"; };
		2058DC0E14975AF200E3B0B1 /* en */ = {isa = PBXFileReference; lastKnownFileType = text.plist.strings; name = en; path = en.lproj/InfoPlist.strings; sourceTree = "<group>"; };
		2058DC1014975AF200E3B0B1 /* main.m */ = {isa = PBXFileReference; lastKnownFileType = sourcecode.c.objc; path = main.m; sourceTree = "<group>"; };
		2058DC1214975AF200E3B0B1 /* SocialMuseum-Prefix.pch */ = {isa = PBXFileReference; lastKnownFileType = sourcecode.c.h; path = "SocialMuseum-Prefix.pch"; sourceTree = "<group>"; };
		2058DC1314975AF300E3B0B1 /* AppDelegate.h */ = {isa = PBXFileReference; lastKnownFileType = sourcecode.c.h; path = AppDelegate.h; sourceTree = "<group>"; };
		2058DC1414975AF300E3B0B1 /* AppDelegate.m */ = {isa = PBXFileReference; lastKnownFileType = sourcecode.c.objc; path = AppDelegate.m; sourceTree = "<group>"; };
		2058DC1714975AF300E3B0B1 /* en */ = {isa = PBXFileReference; lastKnownFileType = file.storyboard; name = en; path = en.lproj/MainStoryboard_iPhone.storyboard; sourceTree = "<group>"; };
		2058DC1F14975AF300E3B0B1 /* first.png */ = {isa = PBXFileReference; lastKnownFileType = image.png; name = first.png; path = SocialMuseum/first.png; sourceTree = "<group>"; };
		2058DC2114975AF300E3B0B1 /* first@2x.png */ = {isa = PBXFileReference; lastKnownFileType = image.png; name = "first@2x.png"; path = "SocialMuseum/first@2x.png"; sourceTree = "<group>"; };
		2058DC2614975AF300E3B0B1 /* second.png */ = {isa = PBXFileReference; lastKnownFileType = image.png; name = second.png; path = SocialMuseum/second.png; sourceTree = "<group>"; };
		2058DC2814975AF300E3B0B1 /* second@2x.png */ = {isa = PBXFileReference; lastKnownFileType = image.png; name = "second@2x.png"; path = "SocialMuseum/second@2x.png"; sourceTree = "<group>"; };
		2058DC2F14975AF300E3B0B1 /* SocialMuseumTests.octest */ = {isa = PBXFileReference; explicitFileType = wrapper.cfbundle; includeInIndex = 0; path = SocialMuseumTests.octest; sourceTree = BUILT_PRODUCTS_DIR; };
		2058DC3014975AF300E3B0B1 /* SenTestingKit.framework */ = {isa = PBXFileReference; lastKnownFileType = wrapper.framework; name = SenTestingKit.framework; path = Library/Frameworks/SenTestingKit.framework; sourceTree = DEVELOPER_DIR; };
		2058DC3814975AF300E3B0B1 /* SocialMuseumTests-Info.plist */ = {isa = PBXFileReference; lastKnownFileType = text.plist.xml; path = "SocialMuseumTests-Info.plist"; sourceTree = "<group>"; };
		2058DC3A14975AF300E3B0B1 /* en */ = {isa = PBXFileReference; lastKnownFileType = text.plist.strings; name = en; path = en.lproj/InfoPlist.strings; sourceTree = "<group>"; };
		2058DC3C14975AF300E3B0B1 /* SocialMuseumTests.h */ = {isa = PBXFileReference; lastKnownFileType = sourcecode.c.h; path = SocialMuseumTests.h; sourceTree = "<group>"; };
		2058DC3D14975AF300E3B0B1 /* SocialMuseumTests.m */ = {isa = PBXFileReference; lastKnownFileType = sourcecode.c.objc; path = SocialMuseumTests.m; sourceTree = "<group>"; };
		207EE7F315C03E440085F153 /* location@2x.png */ = {isa = PBXFileReference; lastKnownFileType = image.png; path = "location@2x.png"; sourceTree = "<group>"; };
		207EE7F615C03F020085F153 /* location.png */ = {isa = PBXFileReference; lastKnownFileType = image.png; path = location.png; sourceTree = "<group>"; };
		208D886215B619430018BE2F /* NSObject+SBJson.h */ = {isa = PBXFileReference; fileEncoding = 4; lastKnownFileType = sourcecode.c.h; path = "NSObject+SBJson.h"; sourceTree = "<group>"; };
		208D886315B619430018BE2F /* NSObject+SBJson.m */ = {isa = PBXFileReference; fileEncoding = 4; lastKnownFileType = sourcecode.c.objc; path = "NSObject+SBJson.m"; sourceTree = "<group>"; };
		208D886415B619430018BE2F /* SBJson.h */ = {isa = PBXFileReference; fileEncoding = 4; lastKnownFileType = sourcecode.c.h; path = SBJson.h; sourceTree = "<group>"; };
		208D886515B619430018BE2F /* SBJsonParser.h */ = {isa = PBXFileReference; fileEncoding = 4; lastKnownFileType = sourcecode.c.h; path = SBJsonParser.h; sourceTree = "<group>"; };
		208D886615B619430018BE2F /* SBJsonParser.m */ = {isa = PBXFileReference; fileEncoding = 4; lastKnownFileType = sourcecode.c.objc; path = SBJsonParser.m; sourceTree = "<group>"; };
		208D886715B619430018BE2F /* SBJsonStreamParser.h */ = {isa = PBXFileReference; fileEncoding = 4; lastKnownFileType = sourcecode.c.h; path = SBJsonStreamParser.h; sourceTree = "<group>"; };
		208D886815B619430018BE2F /* SBJsonStreamParser.m */ = {isa = PBXFileReference; fileEncoding = 4; lastKnownFileType = sourcecode.c.objc; path = SBJsonStreamParser.m; sourceTree = "<group>"; };
		208D886915B619430018BE2F /* SBJsonStreamParserAccumulator.h */ = {isa = PBXFileReference; fileEncoding = 4; lastKnownFileType = sourcecode.c.h; path = SBJsonStreamParserAccumulator.h; sourceTree = "<group>"; };
		208D886A15B619430018BE2F /* SBJsonStreamParserAccumulator.m */ = {isa = PBXFileReference; fileEncoding = 4; lastKnownFileType = sourcecode.c.objc; path = SBJsonStreamParserAccumulator.m; sourceTree = "<group>"; };
		208D886B15B619430018BE2F /* SBJsonStreamParserAdapter.h */ = {isa = PBXFileReference; fileEncoding = 4; lastKnownFileType = sourcecode.c.h; path = SBJsonStreamParserAdapter.h; sourceTree = "<group>"; };
		208D886C15B619430018BE2F /* SBJsonStreamParserAdapter.m */ = {isa = PBXFileReference; fileEncoding = 4; lastKnownFileType = sourcecode.c.objc; path = SBJsonStreamParserAdapter.m; sourceTree = "<group>"; };
		208D886D15B619430018BE2F /* SBJsonStreamParserState.h */ = {isa = PBXFileReference; fileEncoding = 4; lastKnownFileType = sourcecode.c.h; path = SBJsonStreamParserState.h; sourceTree = "<group>"; };
		208D886E15B619430018BE2F /* SBJsonStreamParserState.m */ = {isa = PBXFileReference; fileEncoding = 4; lastKnownFileType = sourcecode.c.objc; path = SBJsonStreamParserState.m; sourceTree = "<group>"; };
		208D886F15B619430018BE2F /* SBJsonStreamWriter.h */ = {isa = PBXFileReference; fileEncoding = 4; lastKnownFileType = sourcecode.c.h; path = SBJsonStreamWriter.h; sourceTree = "<group>"; };
		208D887015B619430018BE2F /* SBJsonStreamWriter.m */ = {isa = PBXFileReference; fileEncoding = 4; lastKnownFileType = sourcecode.c.objc; path = SBJsonStreamWriter.m; sourceTree = "<group>"; };
		208D887115B619430018BE2F /* SBJsonStreamWriterAccumulator.h */ = {isa = PBXFileReference; fileEncoding = 4; lastKnownFileType = sourcecode.c.h; path = SBJsonStreamWriterAccumulator.h; sourceTree = "<group>"; };
		208D887215B619430018BE2F /* SBJsonStreamWriterAccumulator.m */ = {isa = PBXFileReference; fileEncoding = 4; lastKnownFileType = sourcecode.c.objc; path = SBJsonStreamWriterAccumulator.m; sourceTree = "<group>"; };
		208D887315B619430018BE2F /* SBJsonStreamWriterState.h */ = {isa = PBXFileReference; fileEncoding = 4; lastKnownFileType = sourcecode.c.h; path = SBJsonStreamWriterState.h; sourceTree = "<group>"; };
		208D887415B619430018BE2F /* SBJsonStreamWriterState.m */ = {isa = PBXFileReference; fileEncoding = 4; lastKnownFileType = sourcecode.c.objc; path = SBJsonStreamWriterState.m; sourceTree = "<group>"; };
		208D887515B619430018BE2F /* SBJsonTokeniser.h */ = {isa = PBXFileReference; fileEncoding = 4; lastKnownFileType = sourcecode.c.h; path = SBJsonTokeniser.h; sourceTree = "<group>"; };
		208D887615B619430018BE2F /* SBJsonTokeniser.m */ = {isa = PBXFileReference; fileEncoding = 4; lastKnownFileType = sourcecode.c.objc; path = SBJsonTokeniser.m; sourceTree = "<group>"; };
		208D887715B619430018BE2F /* SBJsonUTF8Stream.h */ = {isa = PBXFileReference; fileEncoding = 4; lastKnownFileType = sourcecode.c.h; path = SBJsonUTF8Stream.h; sourceTree = "<group>"; };
		208D887815B619430018BE2F /* SBJsonUTF8Stream.m */ = {isa = PBXFileReference; fileEncoding = 4; lastKnownFileType = sourcecode.c.objc; path = SBJsonUTF8Stream.m; sourceTree = "<group>"; };
		208D887915B619430018BE2F /* SBJsonWriter.h */ = {isa = PBXFileReference; fileEncoding = 4; lastKnownFileType = sourcecode.c.h; path = SBJsonWriter.h; sourceTree = "<group>"; };
		208D887A15B619430018BE2F /* SBJsonWriter.m */ = {isa = PBXFileReference; fileEncoding = 4; lastKnownFileType = sourcecode.c.objc; path = SBJsonWriter.m; sourceTree = "<group>"; };
		208D888715B6BBC90018BE2F /* placeholder.png */ = {isa = PBXFileReference; lastKnownFileType = image.png; path = placeholder.png; sourceTree = "<group>"; };
		208D888915B6BE270018BE2F /* StreamScreen.h */ = {isa = PBXFileReference; fileEncoding = 4; lastKnownFileType = sourcecode.c.h; path = StreamScreen.h; sourceTree = "<group>"; };
		208D888A15B6BE280018BE2F /* StreamScreen.m */ = {isa = PBXFileReference; fileEncoding = 4; lastKnownFileType = sourcecode.c.objc; path = StreamScreen.m; sourceTree = "<group>"; };
		208D888C15B6C09D0018BE2F /* PhotoView.h */ = {isa = PBXFileReference; fileEncoding = 4; lastKnownFileType = sourcecode.c.h; path = PhotoView.h; sourceTree = "<group>"; };
		208D888D15B6C09D0018BE2F /* PhotoView.m */ = {isa = PBXFileReference; fileEncoding = 4; lastKnownFileType = sourcecode.c.objc; path = PhotoView.m; sourceTree = "<group>"; };
		208D888F15B6C0BE0018BE2F /* StreamPhotoScreen.h */ = {isa = PBXFileReference; fileEncoding = 4; lastKnownFileType = sourcecode.c.h; path = StreamPhotoScreen.h; sourceTree = "<group>"; };
		208D889015B6C0BF0018BE2F /* StreamPhotoScreen.m */ = {isa = PBXFileReference; fileEncoding = 4; lastKnownFileType = sourcecode.c.objc; path = StreamPhotoScreen.m; sourceTree = "<group>"; };
		208D889215B6C0D80018BE2F /* LoginScreen.h */ = {isa = PBXFileReference; fileEncoding = 4; lastKnownFileType = sourcecode.c.h; path = LoginScreen.h; sourceTree = "<group>"; };
		208D889315B6C0D80018BE2F /* LoginScreen.m */ = {isa = PBXFileReference; fileEncoding = 4; lastKnownFileType = sourcecode.c.objc; path = LoginScreen.m; sourceTree = "<group>"; };
		208D889415B6C0D80018BE2F /* PhotoScreen.h */ = {isa = PBXFileReference; fileEncoding = 4; lastKnownFileType = sourcecode.c.h; path = PhotoScreen.h; sourceTree = "<group>"; };
		208D889515B6C0D90018BE2F /* PhotoScreen.m */ = {isa = PBXFileReference; fileEncoding = 4; lastKnownFileType = sourcecode.c.objc; path = PhotoScreen.m; sourceTree = "<group>"; };
		208D889815B6C0FE0018BE2F /* CoreImage.framework */ = {isa = PBXFileReference; lastKnownFileType = wrapper.framework; name = CoreImage.framework; path = System/Library/Frameworks/CoreImage.framework; sourceTree = SDKROOT; };
		208EEDD915C13B96000F5E76 /* ChunkViewController.h */ = {isa = PBXFileReference; fileEncoding = 4; lastKnownFileType = sourcecode.c.h; path = ChunkViewController.h; sourceTree = "<group>"; };
		208EEDDA15C13B96000F5E76 /* ChunkViewController.m */ = {isa = PBXFileReference; fileEncoding = 4; lastKnownFileType = sourcecode.c.objc; path = ChunkViewController.m; sourceTree = "<group>"; };
		20BD116514A0A7C200B0F775 /* 1Star.png */ = {isa = PBXFileReference; lastKnownFileType = image.png; path = 1Star.png; sourceTree = "<group>"; };
		20BD116614A0A7C200B0F775 /* 1Star@2x.png */ = {isa = PBXFileReference; lastKnownFileType = image.png; path = "1Star@2x.png"; sourceTree = "<group>"; };
		20BD116714A0A7C200B0F775 /* 1StarSmall.png */ = {isa = PBXFileReference; lastKnownFileType = image.png; path = 1StarSmall.png; sourceTree = "<group>"; };
		20BD116814A0A7C200B0F775 /* 1StarSmall@2x.png */ = {isa = PBXFileReference; lastKnownFileType = image.png; path = "1StarSmall@2x.png"; sourceTree = "<group>"; };
		20BD116914A0A7C200B0F775 /* 2Stars.png */ = {isa = PBXFileReference; lastKnownFileType = image.png; path = 2Stars.png; sourceTree = "<group>"; };
		20BD116A14A0A7C200B0F775 /* 2Stars@2x.png */ = {isa = PBXFileReference; lastKnownFileType = image.png; path = "2Stars@2x.png"; sourceTree = "<group>"; };
		20BD116B14A0A7C200B0F775 /* 2StarsSmall.png */ = {isa = PBXFileReference; lastKnownFileType = image.png; path = 2StarsSmall.png; sourceTree = "<group>"; };
		20BD116C14A0A7C200B0F775 /* 2StarsSmall@2x.png */ = {isa = PBXFileReference; lastKnownFileType = image.png; path = "2StarsSmall@2x.png"; sourceTree = "<group>"; };
		20BD116D14A0A7C200B0F775 /* 3Stars.png */ = {isa = PBXFileReference; lastKnownFileType = image.png; path = 3Stars.png; sourceTree = "<group>"; };
		20BD116E14A0A7C200B0F775 /* 3Stars@2x.png */ = {isa = PBXFileReference; lastKnownFileType = image.png; path = "3Stars@2x.png"; sourceTree = "<group>"; };
		20BD116F14A0A7C200B0F775 /* 3StarsSmall.png */ = {isa = PBXFileReference; lastKnownFileType = image.png; path = 3StarsSmall.png; sourceTree = "<group>"; };
		20BD117014A0A7C200B0F775 /* 3StarsSmall@2x.png */ = {isa = PBXFileReference; lastKnownFileType = image.png; path = "3StarsSmall@2x.png"; sourceTree = "<group>"; };
		20BD117114A0A7C200B0F775 /* 4Stars.png */ = {isa = PBXFileReference; lastKnownFileType = image.png; path = 4Stars.png; sourceTree = "<group>"; };
		20BD117214A0A7C200B0F775 /* 4Stars@2x.png */ = {isa = PBXFileReference; lastKnownFileType = image.png; path = "4Stars@2x.png"; sourceTree = "<group>"; };
		20BD117314A0A7C200B0F775 /* 4StarsSmall.png */ = {isa = PBXFileReference; lastKnownFileType = image.png; path = 4StarsSmall.png; sourceTree = "<group>"; };
		20BD117414A0A7C200B0F775 /* 4StarsSmall@2x.png */ = {isa = PBXFileReference; lastKnownFileType = image.png; path = "4StarsSmall@2x.png"; sourceTree = "<group>"; };
		20BD117514A0A7C200B0F775 /* 5Stars.png */ = {isa = PBXFileReference; lastKnownFileType = image.png; path = 5Stars.png; sourceTree = "<group>"; };
		20BD117614A0A7C200B0F775 /* 5Stars@2x.png */ = {isa = PBXFileReference; lastKnownFileType = image.png; path = "5Stars@2x.png"; sourceTree = "<group>"; };
		20BD117714A0A7C200B0F775 /* 5StarsSmall.png */ = {isa = PBXFileReference; lastKnownFileType = image.png; path = 5StarsSmall.png; sourceTree = "<group>"; };
		20BD117814A0A7C200B0F775 /* 5StarsSmall@2x.png */ = {isa = PBXFileReference; lastKnownFileType = image.png; path = "5StarsSmall@2x.png"; sourceTree = "<group>"; };
		20BD117914A0A7C200B0F775 /* Gestures.png */ = {isa = PBXFileReference; lastKnownFileType = image.png; path = Gestures.png; sourceTree = "<group>"; };
		20BD117A14A0A7C200B0F775 /* Gestures@2x.png */ = {isa = PBXFileReference; lastKnownFileType = image.png; path = "Gestures@2x.png"; sourceTree = "<group>"; };
		20BD117B14A0A7C200B0F775 /* Players.png */ = {isa = PBXFileReference; lastKnownFileType = image.png; path = Players.png; sourceTree = "<group>"; };
		20BD117C14A0A7C200B0F775 /* Players@2x.png */ = {isa = PBXFileReference; lastKnownFileType = image.png; path = "Players@2x.png"; sourceTree = "<group>"; };
		20BD119514A0A83900B0F775 /* MoodCell.h */ = {isa = PBXFileReference; fileEncoding = 4; lastKnownFileType = sourcecode.c.h; path = MoodCell.h; sourceTree = "<group>"; };
		20BD119614A0A83900B0F775 /* MoodCell.m */ = {isa = PBXFileReference; fileEncoding = 4; lastKnownFileType = sourcecode.c.objc; path = MoodCell.m; sourceTree = "<group>"; };
		20C850701557D4A60065FB75 /* MapKit.framework */ = {isa = PBXFileReference; lastKnownFileType = wrapper.framework; name = MapKit.framework; path = System/Library/Frameworks/MapKit.framework; sourceTree = SDKROOT; };
		20C850721557D67F0065FB75 /* LocationViewController.h */ = {isa = PBXFileReference; fileEncoding = 4; lastKnownFileType = sourcecode.c.h; name = LocationViewController.h; path = Location/LocationViewController.h; sourceTree = "<group>"; };
		20C850731557D67F0065FB75 /* LocationViewController.m */ = {isa = PBXFileReference; fileEncoding = 4; lastKnownFileType = sourcecode.c.objc; name = LocationViewController.m; path = Location/LocationViewController.m; sourceTree = "<group>"; };
		20C850771557E00E0065FB75 /* SMAnnotation.h */ = {isa = PBXFileReference; fileEncoding = 4; lastKnownFileType = sourcecode.c.h; path = SMAnnotation.h; sourceTree = "<group>"; };
		20C850781557E00E0065FB75 /* SMAnnotation.m */ = {isa = PBXFileReference; fileEncoding = 4; lastKnownFileType = sourcecode.c.objc; path = SMAnnotation.m; sourceTree = "<group>"; };
		20E120A2149F8B3400AFEADC /* MoodViewController.h */ = {isa = PBXFileReference; fileEncoding = 4; lastKnownFileType = sourcecode.c.h; path = MoodViewController.h; sourceTree = "<group>"; };
		20E120A3149F8B3400AFEADC /* MoodViewController.m */ = {isa = PBXFileReference; fileEncoding = 4; lastKnownFileType = sourcecode.c.objc; path = MoodViewController.m; sourceTree = "<group>"; };
		20E6A57F156CD76900D4F202 /* MBProgressHUD.h */ = {isa = PBXFileReference; fileEncoding = 4; lastKnownFileType = sourcecode.c.h; path = MBProgressHUD.h; sourceTree = "<group>"; };
		20E6A580156CD76900D4F202 /* MBProgressHUD.m */ = {isa = PBXFileReference; fileEncoding = 4; lastKnownFileType = sourcecode.c.objc; path = MBProgressHUD.m; sourceTree = "<group>"; };
		20E6A582156CD7A700D4F202 /* CFNetwork.framework */ = {isa = PBXFileReference; lastKnownFileType = wrapper.framework; name = CFNetwork.framework; path = System/Library/Frameworks/CFNetwork.framework; sourceTree = SDKROOT; };
		20E6A584156CD7B600D4F202 /* SystemConfiguration.framework */ = {isa = PBXFileReference; lastKnownFileType = wrapper.framework; name = SystemConfiguration.framework; path = System/Library/Frameworks/SystemConfiguration.framework; sourceTree = SDKROOT; };
		20E6A586156CD7C200D4F202 /* MobileCoreServices.framework */ = {isa = PBXFileReference; lastKnownFileType = wrapper.framework; name = MobileCoreServices.framework; path = System/Library/Frameworks/MobileCoreServices.framework; sourceTree = SDKROOT; };
		20E7D4A014979CF900F68D1D /* QuartzCore.framework */ = {isa = PBXFileReference; lastKnownFileType = wrapper.framework; name = QuartzCore.framework; path = System/Library/Frameworks/QuartzCore.framework; sourceTree = SDKROOT; };
		20F3A557159B3BAE00A296F4 /* UpdateViewController.h */ = {isa = PBXFileReference; fileEncoding = 4; lastKnownFileType = sourcecode.c.h; path = UpdateViewController.h; sourceTree = "<group>"; };
		20F3A558159B3BAE00A296F4 /* UpdateViewController.m */ = {isa = PBXFileReference; fileEncoding = 4; lastKnownFileType = sourcecode.c.objc; path = UpdateViewController.m; sourceTree = "<group>"; };
		20F3A562159B516100A296F4 /* AddCommentViewController.h */ = {isa = PBXFileReference; fileEncoding = 4; lastKnownFileType = sourcecode.c.h; path = AddCommentViewController.h; sourceTree = "<group>"; };
		20F3A563159B516100A296F4 /* AddCommentViewController.m */ = {isa = PBXFileReference; fileEncoding = 4; lastKnownFileType = sourcecode.c.objc; path = AddCommentViewController.m; sourceTree = "<group>"; };
/* End PBXFileReference section */

/* Begin PBXFrameworksBuildPhase section */
		2058DBFD14975AF200E3B0B1 /* Frameworks */ = {
			isa = PBXFrameworksBuildPhase;
			buildActionMask = 2147483647;
			files = (
				208D889915B6C0FE0018BE2F /* CoreImage.framework in Frameworks */,
				20E6A587156CD7C200D4F202 /* MobileCoreServices.framework in Frameworks */,
				20E6A585156CD7B600D4F202 /* SystemConfiguration.framework in Frameworks */,
				20E6A583156CD7A700D4F202 /* CFNetwork.framework in Frameworks */,
				20C850711557D4A60065FB75 /* MapKit.framework in Frameworks */,
				202208C9149A56D200686C86 /* libz.dylib in Frameworks */,
				20E7D4A214979D0B00F68D1D /* QuartzCore.framework in Frameworks */,
				2058DC0514975AF200E3B0B1 /* UIKit.framework in Frameworks */,
				2058DC0714975AF200E3B0B1 /* Foundation.framework in Frameworks */,
				2058DC0914975AF200E3B0B1 /* CoreGraphics.framework in Frameworks */,
			);
			runOnlyForDeploymentPostprocessing = 0;
		};
		2058DC2B14975AF300E3B0B1 /* Frameworks */ = {
			isa = PBXFrameworksBuildPhase;
			buildActionMask = 2147483647;
			files = (
				2058DC3114975AF300E3B0B1 /* SenTestingKit.framework in Frameworks */,
				2058DC3214975AF300E3B0B1 /* UIKit.framework in Frameworks */,
				2058DC3314975AF300E3B0B1 /* Foundation.framework in Frameworks */,
			);
			runOnlyForDeploymentPostprocessing = 0;
		};
/* End PBXFrameworksBuildPhase section */

/* Begin PBXGroup section */
		200E1367149F84CB00780689 /* Artworks */ = {
			isa = PBXGroup;
			children = (
				200450CD157E0C9100708E03 /* ArtWork.h */,
				200450CE157E0C9100708E03 /* ArtWork.m */,
			);
			name = Artworks;
			sourceTree = "<group>";
		};
		200E136C149F888C00780689 /* Moods */ = {
			isa = PBXGroup;
			children = (
				200E136D149F88B300780689 /* Mood.h */,
				200E136E149F88B300780689 /* Mood.m */,
				20E120A2149F8B3400AFEADC /* MoodViewController.h */,
				20E120A3149F8B3400AFEADC /* MoodViewController.m */,
				20BD119514A0A83900B0F775 /* MoodCell.h */,
				20BD119614A0A83900B0F775 /* MoodCell.m */,
			);
			name = Moods;
			sourceTree = "<group>";
		};
		2054945615B59F6800B781DD /* AFNetworking */ = {
			isa = PBXGroup;
			children = (
				208D886115B619310018BE2F /* SBJson */,
				2054945715B59F6900B781DD /* AFHTTPClient.h */,
				2054945815B59F6900B781DD /* AFHTTPClient.m */,
				2054945915B59F6900B781DD /* AFHTTPRequestOperation.h */,
				2054945A15B59F6900B781DD /* AFHTTPRequestOperation.m */,
				2054945B15B59F6900B781DD /* AFImageRequestOperation.h */,
				2054945C15B59F6900B781DD /* AFImageRequestOperation.m */,
				2054945D15B59F6900B781DD /* AFJSONRequestOperation.h */,
				2054945E15B59F6900B781DD /* AFJSONRequestOperation.m */,
				2054945F15B59F6900B781DD /* AFJSONUtilities.h */,
				2054946015B59F6900B781DD /* AFJSONUtilities.m */,
				2054946115B59F6900B781DD /* AFNetworkActivityIndicatorManager.h */,
				2054946215B59F6900B781DD /* AFNetworkActivityIndicatorManager.m */,
				2054946315B59F6900B781DD /* AFNetworking.h */,
				2054946415B59F6900B781DD /* AFPropertyListRequestOperation.h */,
				2054946515B59F6900B781DD /* AFPropertyListRequestOperation.m */,
				2054946615B59F6900B781DD /* AFURLConnectionOperation.h */,
				2054946715B59F6900B781DD /* AFURLConnectionOperation.m */,
				2054946815B59F6900B781DD /* AFXMLRequestOperation.h */,
				2054946915B59F6900B781DD /* AFXMLRequestOperation.m */,
				2054946A15B59F6900B781DD /* UIImageView+AFNetworking.h */,
				2054946B15B59F6900B781DD /* UIImageView+AFNetworking.m */,
			);
			path = AFNetworking;
			sourceTree = "<group>";
		};
		2054947A15B5A8CB00B781DD /* Categorie */ = {
			isa = PBXGroup;
			children = (
				2054947B15B5A8F600B781DD /* UIImage+Alpha.h */,
				2054947C15B5A8F600B781DD /* UIImage+Resize.m */,
				2054947D15B5A8F600B781DD /* UIImage+Resize.h */,
				2054947E15B5A8F600B781DD /* UIImage+RoundedCorner.h */,
				2054947F15B5A8F600B781DD /* UIImage+Alpha.m */,
				2054948015B5A8F600B781DD /* UIImage+RoundedCorner.m */,
				2054948115B5A8F600B781DD /* UIAlertView+error.m */,
				2054948215B5A8F600B781DD /* UIAlertView+error.h */,
			);
			path = Categorie;
			sourceTree = "<group>";
		};
		2058DBF514975AF200E3B0B1 = {
			isa = PBXGroup;
			children = (
				208D889815B6C0FE0018BE2F /* CoreImage.framework */,
				2054947A15B5A8CB00B781DD /* Categorie */,
				2054945615B59F6800B781DD /* AFNetworking */,
				20E6A586156CD7C200D4F202 /* MobileCoreServices.framework */,
				20E6A584156CD7B600D4F202 /* SystemConfiguration.framework */,
				20E6A582156CD7A700D4F202 /* CFNetwork.framework */,
				20E6A57E156CD75A00D4F202 /* MBProgressHUD */,
				20C850701557D4A60065FB75 /* MapKit.framework */,
				202208C8149A56D200686C86 /* libz.dylib */,
				2058DC0A14975AF200E3B0B1 /* SocialMuseum */,
				2058DC3614975AF300E3B0B1 /* SocialMuseumTests */,
				20E7D4A31497A23D00F68D1D /* Resources */,
				2058DC0314975AF200E3B0B1 /* Frameworks */,
				2058DC0114975AF200E3B0B1 /* Products */,
			);
			sourceTree = "<group>";
		};
		2058DC0114975AF200E3B0B1 /* Products */ = {
			isa = PBXGroup;
			children = (
				2058DC0014975AF200E3B0B1 /* SocialMuseum.app */,
				2058DC2F14975AF300E3B0B1 /* SocialMuseumTests.octest */,
			);
			name = Products;
			sourceTree = "<group>";
		};
		2058DC0314975AF200E3B0B1 /* Frameworks */ = {
			isa = PBXGroup;
			children = (
				20E7D4A014979CF900F68D1D /* QuartzCore.framework */,
				2058DC0414975AF200E3B0B1 /* UIKit.framework */,
				2058DC0614975AF200E3B0B1 /* Foundation.framework */,
				2058DC0814975AF200E3B0B1 /* CoreGraphics.framework */,
				2058DC3014975AF300E3B0B1 /* SenTestingKit.framework */,
			);
			name = Frameworks;
			sourceTree = "<group>";
		};
		2058DC0A14975AF200E3B0B1 /* SocialMuseum */ = {
			isa = PBXGroup;
			children = (
				208D889215B6C0D80018BE2F /* LoginScreen.h */,
				208D889315B6C0D80018BE2F /* LoginScreen.m */,
				208D889415B6C0D80018BE2F /* PhotoScreen.h */,
				208D889515B6C0D90018BE2F /* PhotoScreen.m */,
				208D888F15B6C0BE0018BE2F /* StreamPhotoScreen.h */,
				208D889015B6C0BF0018BE2F /* StreamPhotoScreen.m */,
				208D888C15B6C09D0018BE2F /* PhotoView.h */,
				208D888D15B6C09D0018BE2F /* PhotoView.m */,
				208D888915B6BE270018BE2F /* StreamScreen.h */,
				208D888A15B6BE280018BE2F /* StreamScreen.m */,
				2054947615B59F8900B781DD /* API.m */,
				2054947715B59F8900B781DD /* API.h */,
				200E136C149F888C00780689 /* Moods */,
				200E1367149F84CB00780689 /* Artworks */,
				2058DC1314975AF300E3B0B1 /* AppDelegate.h */,
				2058DC1414975AF300E3B0B1 /* AppDelegate.m */,
				2058DC1614975AF300E3B0B1 /* MainStoryboard_iPhone.storyboard */,
				2058DC0B14975AF200E3B0B1 /* Supporting Files */,
				20C850721557D67F0065FB75 /* LocationViewController.h */,
				20C850731557D67F0065FB75 /* LocationViewController.m */,
				20C850771557E00E0065FB75 /* SMAnnotation.h */,
				20C850781557E00E0065FB75 /* SMAnnotation.m */,
				200450C9157E0A6D00708E03 /* OperaViewController.h */,
				200450CA157E0A6E00708E03 /* OperaViewController.m */,
				20F3A557159B3BAE00A296F4 /* UpdateViewController.h */,
				20F3A558159B3BAE00A296F4 /* UpdateViewController.m */,
				20F3A562159B516100A296F4 /* AddCommentViewController.h */,
				20F3A563159B516100A296F4 /* AddCommentViewController.m */,
				208EEDD915C13B96000F5E76 /* ChunkViewController.h */,
				208EEDDA15C13B96000F5E76 /* ChunkViewController.m */,
			);
			path = SocialMuseum;
			sourceTree = "<group>";
		};
		2058DC0B14975AF200E3B0B1 /* Supporting Files */ = {
			isa = PBXGroup;
			children = (
				2058DC0C14975AF200E3B0B1 /* SocialMuseum-Info.plist */,
				2058DC0D14975AF200E3B0B1 /* InfoPlist.strings */,
				2058DC1014975AF200E3B0B1 /* main.m */,
				2058DC1214975AF200E3B0B1 /* SocialMuseum-Prefix.pch */,
			);
			name = "Supporting Files";
			sourceTree = "<group>";
		};
		2058DC3614975AF300E3B0B1 /* SocialMuseumTests */ = {
			isa = PBXGroup;
			children = (
				2058DC3C14975AF300E3B0B1 /* SocialMuseumTests.h */,
				2058DC3D14975AF300E3B0B1 /* SocialMuseumTests.m */,
				2058DC3714975AF300E3B0B1 /* Supporting Files */,
			);
			path = SocialMuseumTests;
			sourceTree = "<group>";
		};
		2058DC3714975AF300E3B0B1 /* Supporting Files */ = {
			isa = PBXGroup;
			children = (
				2058DC3814975AF300E3B0B1 /* SocialMuseumTests-Info.plist */,
				2058DC3914975AF300E3B0B1 /* InfoPlist.strings */,
			);
			name = "Supporting Files";
			sourceTree = "<group>";
		};
		208D886115B619310018BE2F /* SBJson */ = {
			isa = PBXGroup;
			children = (
				208D886215B619430018BE2F /* NSObject+SBJson.h */,
				208D886315B619430018BE2F /* NSObject+SBJson.m */,
				208D886415B619430018BE2F /* SBJson.h */,
				208D886515B619430018BE2F /* SBJsonParser.h */,
				208D886615B619430018BE2F /* SBJsonParser.m */,
				208D886715B619430018BE2F /* SBJsonStreamParser.h */,
				208D886815B619430018BE2F /* SBJsonStreamParser.m */,
				208D886915B619430018BE2F /* SBJsonStreamParserAccumulator.h */,
				208D886A15B619430018BE2F /* SBJsonStreamParserAccumulator.m */,
				208D886B15B619430018BE2F /* SBJsonStreamParserAdapter.h */,
				208D886C15B619430018BE2F /* SBJsonStreamParserAdapter.m */,
				208D886D15B619430018BE2F /* SBJsonStreamParserState.h */,
				208D886E15B619430018BE2F /* SBJsonStreamParserState.m */,
				208D886F15B619430018BE2F /* SBJsonStreamWriter.h */,
				208D887015B619430018BE2F /* SBJsonStreamWriter.m */,
				208D887115B619430018BE2F /* SBJsonStreamWriterAccumulator.h */,
				208D887215B619430018BE2F /* SBJsonStreamWriterAccumulator.m */,
				208D887315B619430018BE2F /* SBJsonStreamWriterState.h */,
				208D887415B619430018BE2F /* SBJsonStreamWriterState.m */,
				208D887515B619430018BE2F /* SBJsonTokeniser.h */,
				208D887615B619430018BE2F /* SBJsonTokeniser.m */,
				208D887715B619430018BE2F /* SBJsonUTF8Stream.h */,
				208D887815B619430018BE2F /* SBJsonUTF8Stream.m */,
				208D887915B619430018BE2F /* SBJsonWriter.h */,
				208D887A15B619430018BE2F /* SBJsonWriter.m */,
			);
			path = SBJson;
			sourceTree = "<group>";
		};
		20BD116414A0A7B100B0F775 /* Mood */ = {
			isa = PBXGroup;
			children = (
				20BD116514A0A7C200B0F775 /* 1Star.png */,
				20BD116614A0A7C200B0F775 /* 1Star@2x.png */,
				20BD116714A0A7C200B0F775 /* 1StarSmall.png */,
				20BD116814A0A7C200B0F775 /* 1StarSmall@2x.png */,
				20BD116914A0A7C200B0F775 /* 2Stars.png */,
				20BD116A14A0A7C200B0F775 /* 2Stars@2x.png */,
				20BD116B14A0A7C200B0F775 /* 2StarsSmall.png */,
				20BD116C14A0A7C200B0F775 /* 2StarsSmall@2x.png */,
				20BD116D14A0A7C200B0F775 /* 3Stars.png */,
				20BD116E14A0A7C200B0F775 /* 3Stars@2x.png */,
				20BD116F14A0A7C200B0F775 /* 3StarsSmall.png */,
				20BD117014A0A7C200B0F775 /* 3StarsSmall@2x.png */,
				20BD117114A0A7C200B0F775 /* 4Stars.png */,
				20BD117214A0A7C200B0F775 /* 4Stars@2x.png */,
				20BD117314A0A7C200B0F775 /* 4StarsSmall.png */,
				20BD117414A0A7C200B0F775 /* 4StarsSmall@2x.png */,
				20BD117514A0A7C200B0F775 /* 5Stars.png */,
				20BD117614A0A7C200B0F775 /* 5Stars@2x.png */,
				20BD117714A0A7C200B0F775 /* 5StarsSmall.png */,
				20BD117814A0A7C200B0F775 /* 5StarsSmall@2x.png */,
				20BD117914A0A7C200B0F775 /* Gestures.png */,
				20BD117A14A0A7C200B0F775 /* Gestures@2x.png */,
				20BD117B14A0A7C200B0F775 /* Players.png */,
				20BD117C14A0A7C200B0F775 /* Players@2x.png */,
			);
			name = Mood;
			sourceTree = "<group>";
		};
		20E6A57E156CD75A00D4F202 /* MBProgressHUD */ = {
			isa = PBXGroup;
			children = (
				20E6A57F156CD76900D4F202 /* MBProgressHUD.h */,
				20E6A580156CD76900D4F202 /* MBProgressHUD.m */,
			);
			name = MBProgressHUD;
			sourceTree = "<group>";
		};
		20E7D4A31497A23D00F68D1D /* Resources */ = {
			isa = PBXGroup;
			children = (
				207EE7F615C03F020085F153 /* location.png */,
				207EE7F315C03E440085F153 /* location@2x.png */,
				208D888715B6BBC90018BE2F /* placeholder.png */,
				2058DC2814975AF300E3B0B1 /* second@2x.png */,
				2058DC2614975AF300E3B0B1 /* second.png */,
				2058DC2114975AF300E3B0B1 /* first@2x.png */,
				2058DC1F14975AF300E3B0B1 /* first.png */,
				20BD116414A0A7B100B0F775 /* Mood */,
			);
			name = Resources;
			sourceTree = "<group>";
		};
/* End PBXGroup section */

/* Begin PBXNativeTarget section */
		2058DBFF14975AF200E3B0B1 /* SocialMuseum */ = {
			isa = PBXNativeTarget;
			buildConfigurationList = 2058DC4114975AF300E3B0B1 /* Build configuration list for PBXNativeTarget "SocialMuseum" */;
			buildPhases = (
				2058DBFC14975AF200E3B0B1 /* Sources */,
				2058DBFD14975AF200E3B0B1 /* Frameworks */,
				2058DBFE14975AF200E3B0B1 /* Resources */,
			);
			buildRules = (
			);
			dependencies = (
			);
			name = SocialMuseum;
			productName = SocialMuseum;
			productReference = 2058DC0014975AF200E3B0B1 /* SocialMuseum.app */;
			productType = "com.apple.product-type.application";
		};
		2058DC2E14975AF300E3B0B1 /* SocialMuseumTests */ = {
			isa = PBXNativeTarget;
			buildConfigurationList = 2058DC4414975AF300E3B0B1 /* Build configuration list for PBXNativeTarget "SocialMuseumTests" */;
			buildPhases = (
				2058DC2A14975AF300E3B0B1 /* Sources */,
				2058DC2B14975AF300E3B0B1 /* Frameworks */,
				2058DC2C14975AF300E3B0B1 /* Resources */,
				2058DC2D14975AF300E3B0B1 /* ShellScript */,
			);
			buildRules = (
			);
			dependencies = (
				2058DC3514975AF300E3B0B1 /* PBXTargetDependency */,
			);
			name = SocialMuseumTests;
			productName = SocialMuseumTests;
			productReference = 2058DC2F14975AF300E3B0B1 /* SocialMuseumTests.octest */;
			productType = "com.apple.product-type.bundle";
		};
/* End PBXNativeTarget section */

/* Begin PBXProject section */
		2058DBF714975AF200E3B0B1 /* Project object */ = {
			isa = PBXProject;
			attributes = {
				LastUpgradeCheck = 0430;
				ORGANIZATIONNAME = Lapenta;
			};
			buildConfigurationList = 2058DBFA14975AF200E3B0B1 /* Build configuration list for PBXProject "SocialMuseum" */;
			compatibilityVersion = "Xcode 3.2";
			developmentRegion = English;
			hasScannedForEncodings = 0;
			knownRegions = (
				en,
			);
			mainGroup = 2058DBF514975AF200E3B0B1;
			productRefGroup = 2058DC0114975AF200E3B0B1 /* Products */;
			projectDirPath = "";
			projectRoot = "";
			targets = (
				2058DBFF14975AF200E3B0B1 /* SocialMuseum */,
				2058DC2E14975AF300E3B0B1 /* SocialMuseumTests */,
			);
		};
/* End PBXProject section */

/* Begin PBXResourcesBuildPhase section */
		2058DBFE14975AF200E3B0B1 /* Resources */ = {
			isa = PBXResourcesBuildPhase;
			buildActionMask = 2147483647;
			files = (
				2058DC0F14975AF200E3B0B1 /* InfoPlist.strings in Resources */,
				2058DC1814975AF300E3B0B1 /* MainStoryboard_iPhone.storyboard in Resources */,
				2058DC2014975AF300E3B0B1 /* first.png in Resources */,
				2058DC2214975AF300E3B0B1 /* first@2x.png in Resources */,
				2058DC2714975AF300E3B0B1 /* second.png in Resources */,
				2058DC2914975AF300E3B0B1 /* second@2x.png in Resources */,
				20BD117D14A0A7C200B0F775 /* 1Star.png in Resources */,
				20BD117E14A0A7C200B0F775 /* 1Star@2x.png in Resources */,
				20BD117F14A0A7C200B0F775 /* 1StarSmall.png in Resources */,
				20BD118014A0A7C200B0F775 /* 1StarSmall@2x.png in Resources */,
				20BD118114A0A7C200B0F775 /* 2Stars.png in Resources */,
				20BD118214A0A7C200B0F775 /* 2Stars@2x.png in Resources */,
				20BD118314A0A7C200B0F775 /* 2StarsSmall.png in Resources */,
				20BD118414A0A7C200B0F775 /* 2StarsSmall@2x.png in Resources */,
				20BD118514A0A7C200B0F775 /* 3Stars.png in Resources */,
				20BD118614A0A7C200B0F775 /* 3Stars@2x.png in Resources */,
				20BD118714A0A7C200B0F775 /* 3StarsSmall.png in Resources */,
				20BD118814A0A7C200B0F775 /* 3StarsSmall@2x.png in Resources */,
				20BD118914A0A7C200B0F775 /* 4Stars.png in Resources */,
				20BD118A14A0A7C200B0F775 /* 4Stars@2x.png in Resources */,
				20BD118B14A0A7C200B0F775 /* 4StarsSmall.png in Resources */,
				20BD118C14A0A7C200B0F775 /* 4StarsSmall@2x.png in Resources */,
				20BD118D14A0A7C200B0F775 /* 5Stars.png in Resources */,
				20BD118E14A0A7C200B0F775 /* 5Stars@2x.png in Resources */,
				20BD118F14A0A7C200B0F775 /* 5StarsSmall.png in Resources */,
				20BD119014A0A7C200B0F775 /* 5StarsSmall@2x.png in Resources */,
				20BD119114A0A7C200B0F775 /* Gestures.png in Resources */,
				20BD119214A0A7C200B0F775 /* Gestures@2x.png in Resources */,
				20BD119314A0A7C200B0F775 /* Players.png in Resources */,
				20BD119414A0A7C200B0F775 /* Players@2x.png in Resources */,
				208D888815B6BBC90018BE2F /* placeholder.png in Resources */,
				207EE7F415C03E440085F153 /* location@2x.png in Resources */,
				207EE7F715C03F020085F153 /* location.png in Resources */,
			);
			runOnlyForDeploymentPostprocessing = 0;
		};
		2058DC2C14975AF300E3B0B1 /* Resources */ = {
			isa = PBXResourcesBuildPhase;
			buildActionMask = 2147483647;
			files = (
				2058DC3B14975AF300E3B0B1 /* InfoPlist.strings in Resources */,
			);
			runOnlyForDeploymentPostprocessing = 0;
		};
/* End PBXResourcesBuildPhase section */

/* Begin PBXShellScriptBuildPhase section */
		2058DC2D14975AF300E3B0B1 /* ShellScript */ = {
			isa = PBXShellScriptBuildPhase;
			buildActionMask = 2147483647;
			files = (
			);
			inputPaths = (
			);
			outputPaths = (
			);
			runOnlyForDeploymentPostprocessing = 0;
			shellPath = /bin/sh;
			shellScript = "# Run the unit tests in this test bundle.\n\"${SYSTEM_DEVELOPER_DIR}/Tools/RunUnitTests\"\n";
		};
/* End PBXShellScriptBuildPhase section */

/* Begin PBXSourcesBuildPhase section */
		2058DBFC14975AF200E3B0B1 /* Sources */ = {
			isa = PBXSourcesBuildPhase;
			buildActionMask = 2147483647;
			files = (
				2058DC1114975AF200E3B0B1 /* main.m in Sources */,
				2058DC1514975AF300E3B0B1 /* AppDelegate.m in Sources */,
				200E136F149F88B300780689 /* Mood.m in Sources */,
				20E120A4149F8B3400AFEADC /* MoodViewController.m in Sources */,
				20BD119714A0A83900B0F775 /* MoodCell.m in Sources */,
				20C850741557D67F0065FB75 /* LocationViewController.m in Sources */,
				20C850791557E00E0065FB75 /* SMAnnotation.m in Sources */,
				20E6A581156CD76900D4F202 /* MBProgressHUD.m in Sources */,
				200450CB157E0A6E00708E03 /* OperaViewController.m in Sources */,
				200450CF157E0C9100708E03 /* ArtWork.m in Sources */,
				20F3A559159B3BAE00A296F4 /* UpdateViewController.m in Sources */,
				20F3A564159B516100A296F4 /* AddCommentViewController.m in Sources */,
				2054946C15B59F6900B781DD /* AFHTTPClient.m in Sources */,
				2054946D15B59F6900B781DD /* AFHTTPRequestOperation.m in Sources */,
				2054946E15B59F6900B781DD /* AFImageRequestOperation.m in Sources */,
				2054946F15B59F6900B781DD /* AFJSONRequestOperation.m in Sources */,
				2054947015B59F6900B781DD /* AFJSONUtilities.m in Sources */,
				2054947115B59F6900B781DD /* AFNetworkActivityIndicatorManager.m in Sources */,
				2054947215B59F6900B781DD /* AFPropertyListRequestOperation.m in Sources */,
				2054947315B59F6900B781DD /* AFURLConnectionOperation.m in Sources */,
				2054947415B59F6900B781DD /* AFXMLRequestOperation.m in Sources */,
				2054947515B59F6900B781DD /* UIImageView+AFNetworking.m in Sources */,
				2054947915B5A7F700B781DD /* API.m in Sources */,
				2054948315B5A8F600B781DD /* UIImage+Resize.m in Sources */,
				2054948415B5A8F600B781DD /* UIImage+Alpha.m in Sources */,
				2054948515B5A8F600B781DD /* UIImage+RoundedCorner.m in Sources */,
				2054948615B5A8F600B781DD /* UIAlertView+error.m in Sources */,
				208D887B15B619430018BE2F /* NSObject+SBJson.m in Sources */,
				208D887C15B619430018BE2F /* SBJsonParser.m in Sources */,
				208D887D15B619430018BE2F /* SBJsonStreamParser.m in Sources */,
				208D887E15B619430018BE2F /* SBJsonStreamParserAccumulator.m in Sources */,
				208D887F15B619430018BE2F /* SBJsonStreamParserAdapter.m in Sources */,
				208D888015B619430018BE2F /* SBJsonStreamParserState.m in Sources */,
				208D888115B619430018BE2F /* SBJsonStreamWriter.m in Sources */,
				208D888215B619430018BE2F /* SBJsonStreamWriterAccumulator.m in Sources */,
				208D888315B619430018BE2F /* SBJsonStreamWriterState.m in Sources */,
				208D888415B619430018BE2F /* SBJsonTokeniser.m in Sources */,
				208D888515B619430018BE2F /* SBJsonUTF8Stream.m in Sources */,
				208D888615B619430018BE2F /* SBJsonWriter.m in Sources */,
				208D888B15B6BE280018BE2F /* StreamScreen.m in Sources */,
				208D888E15B6C09D0018BE2F /* PhotoView.m in Sources */,
				208D889115B6C0C00018BE2F /* StreamPhotoScreen.m in Sources */,
				208D889615B6C0D90018BE2F /* LoginScreen.m in Sources */,
				208D889715B6C0D90018BE2F /* PhotoScreen.m in Sources */,
				208EEDDB15C13B96000F5E76 /* ChunkViewController.m in Sources */,
			);
			runOnlyForDeploymentPostprocessing = 0;
		};
		2058DC2A14975AF300E3B0B1 /* Sources */ = {
			isa = PBXSourcesBuildPhase;
			buildActionMask = 2147483647;
			files = (
				2058DC3E14975AF300E3B0B1 /* SocialMuseumTests.m in Sources */,
			);
			runOnlyForDeploymentPostprocessing = 0;
		};
/* End PBXSourcesBuildPhase section */

/* Begin PBXTargetDependency section */
		2058DC3514975AF300E3B0B1 /* PBXTargetDependency */ = {
			isa = PBXTargetDependency;
			target = 2058DBFF14975AF200E3B0B1 /* SocialMuseum */;
			targetProxy = 2058DC3414975AF300E3B0B1 /* PBXContainerItemProxy */;
		};
/* End PBXTargetDependency section */

/* Begin PBXVariantGroup section */
		2058DC0D14975AF200E3B0B1 /* InfoPlist.strings */ = {
			isa = PBXVariantGroup;
			children = (
				2058DC0E14975AF200E3B0B1 /* en */,
			);
			name = InfoPlist.strings;
			sourceTree = "<group>";
		};
		2058DC1614975AF300E3B0B1 /* MainStoryboard_iPhone.storyboard */ = {
			isa = PBXVariantGroup;
			children = (
				2058DC1714975AF300E3B0B1 /* en */,
			);
			name = MainStoryboard_iPhone.storyboard;
			sourceTree = "<group>";
		};
		2058DC3914975AF300E3B0B1 /* InfoPlist.strings */ = {
			isa = PBXVariantGroup;
			children = (
				2058DC3A14975AF300E3B0B1 /* en */,
			);
			name = InfoPlist.strings;
			sourceTree = "<group>";
		};
/* End PBXVariantGroup section */

/* Begin XCBuildConfiguration section */
		2058DC3F14975AF300E3B0B1 /* Debug */ = {
			isa = XCBuildConfiguration;
			buildSettings = {
				ALWAYS_SEARCH_USER_PATHS = NO;
				ARCHS = "$(ARCHS_STANDARD_32_BIT)";
				CLANG_ENABLE_OBJC_ARC = YES;
				CODE_SIGN_IDENTITY = "iPhone Developer: Giuseppe Lapenta (ZQ7D368422)";
				"CODE_SIGN_IDENTITY[sdk=*]" = "iPhone Developer: Giuseppe Lapenta (ZQ7D368422)";
				COPY_PHASE_STRIP = NO;
				GCC_C_LANGUAGE_STANDARD = gnu99;
				GCC_DYNAMIC_NO_PIC = NO;
				GCC_OPTIMIZATION_LEVEL = 0;
				GCC_PREPROCESSOR_DEFINITIONS = (
					"DEBUG=1",
					"$(inherited)",
				);
				GCC_SYMBOLS_PRIVATE_EXTERN = NO;
				GCC_VERSION = com.apple.compilers.llvm.clang.1_0;
				GCC_WARN_ABOUT_MISSING_PROTOTYPES = YES;
				GCC_WARN_ABOUT_RETURN_TYPE = YES;
				GCC_WARN_UNUSED_VARIABLE = YES;
				IPHONEOS_DEPLOYMENT_TARGET = 5.0;
				PROVISIONING_PROFILE = "432B6E5F-DE36-40C4-9458-B9773FFBBF3C";
				"PROVISIONING_PROFILE[sdk=*]" = "432B6E5F-DE36-40C4-9458-B9773FFBBF3C";
				SDKROOT = iphoneos;
				TARGETED_DEVICE_FAMILY = 1;
			};
			name = Debug;
		};
		2058DC4014975AF300E3B0B1 /* Release */ = {
			isa = XCBuildConfiguration;
			buildSettings = {
				ALWAYS_SEARCH_USER_PATHS = NO;
				ARCHS = "$(ARCHS_STANDARD_32_BIT)";
				CLANG_ENABLE_OBJC_ARC = YES;
				CODE_SIGN_IDENTITY = "iPhone Developer: Giuseppe Lapenta (ZQ7D368422)";
				"CODE_SIGN_IDENTITY[sdk=*]" = "iPhone Developer: Giuseppe Lapenta (ZQ7D368422)";
				COPY_PHASE_STRIP = YES;
				GCC_C_LANGUAGE_STANDARD = gnu99;
				GCC_VERSION = com.apple.compilers.llvm.clang.1_0;
				GCC_WARN_ABOUT_MISSING_PROTOTYPES = YES;
				GCC_WARN_ABOUT_RETURN_TYPE = YES;
				GCC_WARN_UNUSED_VARIABLE = YES;
				IPHONEOS_DEPLOYMENT_TARGET = 5.0;
				OTHER_CFLAGS = "-DNS_BLOCK_ASSERTIONS=1";
				PROVISIONING_PROFILE = "432B6E5F-DE36-40C4-9458-B9773FFBBF3C";
				"PROVISIONING_PROFILE[sdk=*]" = "432B6E5F-DE36-40C4-9458-B9773FFBBF3C";
				SDKROOT = iphoneos;
				TARGETED_DEVICE_FAMILY = 1;
				VALIDATE_PRODUCT = YES;
			};
			name = Release;
		};
		2058DC4214975AF300E3B0B1 /* Debug */ = {
			isa = XCBuildConfiguration;
			buildSettings = {
				CLANG_ENABLE_OBJC_ARC = YES;
				GCC_OPTIMIZATION_LEVEL = 0;
				GCC_PRECOMPILE_PREFIX_HEADER = YES;
				GCC_PREFIX_HEADER = "SocialMuseum/SocialMuseum-Prefix.pch";
				INFOPLIST_FILE = "SocialMuseum/SocialMuseum-Info.plist";
				PRODUCT_NAME = "$(TARGET_NAME)";
				RUN_CLANG_STATIC_ANALYZER = YES;
				WRAPPER_EXTENSION = app;
			};
			name = Debug;
		};
		2058DC4314975AF300E3B0B1 /* Release */ = {
			isa = XCBuildConfiguration;
			buildSettings = {
				CLANG_ENABLE_OBJC_ARC = YES;
				GCC_OPTIMIZATION_LEVEL = s;
				GCC_PRECOMPILE_PREFIX_HEADER = YES;
				GCC_PREFIX_HEADER = "SocialMuseum/SocialMuseum-Prefix.pch";
				INFOPLIST_FILE = "SocialMuseum/SocialMuseum-Info.plist";
				PRODUCT_NAME = "$(TARGET_NAME)";
				RUN_CLANG_STATIC_ANALYZER = YES;
				WRAPPER_EXTENSION = app;
			};
			name = Release;
		};
		2058DC4514975AF300E3B0B1 /* Debug */ = {
			isa = XCBuildConfiguration;
			buildSettings = {
				BUNDLE_LOADER = "$(BUILT_PRODUCTS_DIR)/SocialMuseum.app/SocialMuseum";
				FRAMEWORK_SEARCH_PATHS = (
					"$(SDKROOT)/Developer/Library/Frameworks",
					"$(DEVELOPER_LIBRARY_DIR)/Frameworks",
				);
				GCC_PRECOMPILE_PREFIX_HEADER = YES;
				GCC_PREFIX_HEADER = "SocialMuseum/SocialMuseum-Prefix.pch";
				INFOPLIST_FILE = "SocialMuseumTests/SocialMuseumTests-Info.plist";
				PRODUCT_NAME = "$(TARGET_NAME)";
				TEST_HOST = "$(BUNDLE_LOADER)";
				WRAPPER_EXTENSION = octest;
			};
			name = Debug;
		};
		2058DC4614975AF300E3B0B1 /* Release */ = {
			isa = XCBuildConfiguration;
			buildSettings = {
				BUNDLE_LOADER = "$(BUILT_PRODUCTS_DIR)/SocialMuseum.app/SocialMuseum";
				FRAMEWORK_SEARCH_PATHS = (
					"$(SDKROOT)/Developer/Library/Frameworks",
					"$(DEVELOPER_LIBRARY_DIR)/Frameworks",
				);
				GCC_PRECOMPILE_PREFIX_HEADER = YES;
				GCC_PREFIX_HEADER = "SocialMuseum/SocialMuseum-Prefix.pch";
				INFOPLIST_FILE = "SocialMuseumTests/SocialMuseumTests-Info.plist";
				PRODUCT_NAME = "$(TARGET_NAME)";
				TEST_HOST = "$(BUNDLE_LOADER)";
				WRAPPER_EXTENSION = octest;
			};
			name = Release;
		};
/* End XCBuildConfiguration section */

/* Begin XCConfigurationList section */
		2058DBFA14975AF200E3B0B1 /* Build configuration list for PBXProject "SocialMuseum" */ = {
			isa = XCConfigurationList;
			buildConfigurations = (
				2058DC3F14975AF300E3B0B1 /* Debug */,
				2058DC4014975AF300E3B0B1 /* Release */,
			);
			defaultConfigurationIsVisible = 0;
			defaultConfigurationName = Release;
		};
		2058DC4114975AF300E3B0B1 /* Build configuration list for PBXNativeTarget "SocialMuseum" */ = {
			isa = XCConfigurationList;
			buildConfigurations = (
				2058DC4214975AF300E3B0B1 /* Debug */,
				2058DC4314975AF300E3B0B1 /* Release */,
			);
			defaultConfigurationIsVisible = 0;
			defaultConfigurationName = Release;
		};
		2058DC4414975AF300E3B0B1 /* Build configuration list for PBXNativeTarget "SocialMuseumTests" */ = {
			isa = XCConfigurationList;
			buildConfigurations = (
				2058DC4514975AF300E3B0B1 /* Debug */,
				2058DC4614975AF300E3B0B1 /* Release */,
			);
			defaultConfigurationIsVisible = 0;
			defaultConfigurationName = Release;
		};
/* End XCConfigurationList section */
	};
	rootObject = 2058DBF714975AF200E3B0B1 /* Project object */;
}
